{
  "version": 4,
  "terraform_version": "1.4.5",
  "serial": 411,
  "lineage": "6ff18145-dd25-c6b8-6573-072d77617278",
  "outputs": {
    "application_url": {
      "value": "alb-snakecode-client-alb-737058561.us-west-1.elb.amazonaws.com",
      "type": "string"
    },
    "swagger_endpoint": {
      "value": "alb-snakecode-server-alb-80127945.us-west-1.elb.amazonaws.com/api/docs",
      "type": "string"
    }
  },
  "resources": [
    {
      "mode": "data",
      "type": "aws_caller_identity",
      "name": "id_current_account",
      "provider": "provider[\"registry.terraform.io/hashicorp/aws\"]",
      "instances": [
        {
          "schema_version": 0,
          "attributes": {
            "account_id": "746731052158",
            "arn": "arn:aws:iam::746731052158:user/axolotl",
            "id": "746731052158",
            "user_id": "AIDA23XFDTR7FFBRDRCCF"
          },
          "sensitive_attributes": []
        }
      ]
    },
    {
      "mode": "managed",
      "type": "random_id",
      "name": "RANDOM_ID",
      "provider": "provider[\"registry.terraform.io/hashicorp/random\"]",
      "instances": [
        {
          "schema_version": 0,
          "attributes": {
            "b64_std": "uHg=",
            "b64_url": "uHg",
            "byte_length": 2,
            "dec": "47224",
            "hex": "b878",
            "id": "uHg",
            "keepers": null,
            "prefix": null
          },
          "sensitive_attributes": []
        }
      ]
    },
    {
      "module": "module.alb_client",
      "mode": "managed",
      "type": "aws_alb",
      "name": "alb",
      "provider": "provider[\"registry.terraform.io/hashicorp/aws\"]",
      "instances": [
        {
          "index_key": 0,
          "schema_version": 0,
          "attributes": {
            "access_logs": [
              {
                "bucket": "",
                "enabled": false,
                "prefix": ""
              }
            ],
            "arn": "arn:aws:elasticloadbalancing:us-west-1:746731052158:loadbalancer/app/alb-snakecode-client-alb/29dd656a0893f5f8",
            "arn_suffix": "app/alb-snakecode-client-alb/29dd656a0893f5f8",
            "customer_owned_ipv4_pool": "",
            "desync_mitigation_mode": "defensive",
            "dns_name": "alb-snakecode-client-alb-737058561.us-west-1.elb.amazonaws.com",
            "drop_invalid_header_fields": false,
            "enable_cross_zone_load_balancing": true,
            "enable_deletion_protection": false,
            "enable_http2": true,
            "enable_waf_fail_open": false,
            "id": "arn:aws:elasticloadbalancing:us-west-1:746731052158:loadbalancer/app/alb-snakecode-client-alb/29dd656a0893f5f8",
            "idle_timeout": 30,
            "internal": false,
            "ip_address_type": "ipv4",
            "load_balancer_type": "application",
            "name": "alb-snakecode-client-alb",
            "name_prefix": null,
            "security_groups": [
              "sg-0e5870affcb70b1b0"
            ],
            "subnet_mapping": [
              {
                "allocation_id": "",
                "ipv6_address": "",
                "outpost_id": "",
                "private_ipv4_address": "",
                "subnet_id": "subnet-0d53d5d2b5c4778b1"
              },
              {
                "allocation_id": "",
                "ipv6_address": "",
                "outpost_id": "",
                "private_ipv4_address": "",
                "subnet_id": "subnet-0e672fbe043788602"
              }
            ],
            "subnets": [
              "subnet-0d53d5d2b5c4778b1",
              "subnet-0e672fbe043788602"
            ],
            "tags": {},
            "tags_all": {},
            "timeouts": null,
            "vpc_id": "vpc-03552189ecc43536a",
            "zone_id": "Z368ELLRRE2KJ0"
          },
          "sensitive_attributes": [],
          "private": "eyJlMmJmYjczMC1lY2FhLTExZTYtOGY4OC0zNDM2M2JjN2M0YzAiOnsiY3JlYXRlIjo2MDAwMDAwMDAwMDAsImRlbGV0ZSI6NjAwMDAwMDAwMDAwLCJ1cGRhdGUiOjYwMDAwMDAwMDAwMH19",
          "dependencies": [
            "module.networking.aws_subnet.public_subnets",
            "module.networking.aws_vpc.aws_vpc",
            "module.networking.data.aws_availability_zones.az_availables",
            "module.security_group_alb_client.aws_security_group.sg"
          ],
          "create_before_destroy": true
        }
      ]
    },
    {
      "module": "module.alb_client",
      "mode": "managed",
      "type": "aws_alb_listener",
      "name": "http_listener",
      "provider": "provider[\"registry.terraform.io/hashicorp/aws\"]",
      "instances": [
        {
          "index_key": 0,
          "schema_version": 0,
          "attributes": {
            "alpn_policy": null,
            "arn": "arn:aws:elasticloadbalancing:us-west-1:746731052158:listener/app/alb-snakecode-client-alb/29dd656a0893f5f8/d117e3db1b7dcd56",
            "certificate_arn": null,
            "default_action": [
              {
                "authenticate_cognito": [],
                "authenticate_oidc": [],
                "fixed_response": [],
                "forward": [],
                "order": 1,
                "redirect": [],
                "target_group_arn": "arn:aws:elasticloadbalancing:us-west-1:746731052158:targetgroup/snakecode-tg-b-client/adb05f17f5591895",
                "type": "forward"
              }
            ],
            "id": "arn:aws:elasticloadbalancing:us-west-1:746731052158:listener/app/alb-snakecode-client-alb/29dd656a0893f5f8/d117e3db1b7dcd56",
            "load_balancer_arn": "arn:aws:elasticloadbalancing:us-west-1:746731052158:loadbalancer/app/alb-snakecode-client-alb/29dd656a0893f5f8",
            "port": 80,
            "protocol": "HTTP",
            "ssl_policy": "",
            "tags": {},
            "tags_all": {},
            "timeouts": null
          },
          "sensitive_attributes": [],
          "private": "eyJlMmJmYjczMC1lY2FhLTExZTYtOGY4OC0zNDM2M2JjN2M0YzAiOnsicmVhZCI6NjAwMDAwMDAwMDAwfX0=",
          "dependencies": [
            "module.alb_client.aws_alb.alb",
            "module.networking.aws_subnet.public_subnets",
            "module.networking.aws_vpc.aws_vpc",
            "module.networking.data.aws_availability_zones.az_availables",
            "module.security_group_alb_client.aws_security_group.sg",
            "module.target_group_client_blue.aws_alb_target_group.target_group"
          ],
          "create_before_destroy": true
        }
      ]
    },
    {
      "module": "module.alb_server",
      "mode": "managed",
      "type": "aws_alb",
      "name": "alb",
      "provider": "provider[\"registry.terraform.io/hashicorp/aws\"]",
      "instances": [
        {
          "index_key": 0,
          "schema_version": 0,
          "attributes": {
            "access_logs": [
              {
                "bucket": "",
                "enabled": false,
                "prefix": ""
              }
            ],
            "arn": "arn:aws:elasticloadbalancing:us-west-1:746731052158:loadbalancer/app/alb-snakecode-server-alb/417e6381c6d6b14a",
            "arn_suffix": "app/alb-snakecode-server-alb/417e6381c6d6b14a",
            "customer_owned_ipv4_pool": "",
            "desync_mitigation_mode": "defensive",
            "dns_name": "alb-snakecode-server-alb-80127945.us-west-1.elb.amazonaws.com",
            "drop_invalid_header_fields": false,
            "enable_cross_zone_load_balancing": true,
            "enable_deletion_protection": false,
            "enable_http2": true,
            "enable_waf_fail_open": false,
            "id": "arn:aws:elasticloadbalancing:us-west-1:746731052158:loadbalancer/app/alb-snakecode-server-alb/417e6381c6d6b14a",
            "idle_timeout": 30,
            "internal": false,
            "ip_address_type": "ipv4",
            "load_balancer_type": "application",
            "name": "alb-snakecode-server-alb",
            "name_prefix": null,
            "security_groups": [
              "sg-02a8831c8b9eee44d"
            ],
            "subnet_mapping": [
              {
                "allocation_id": "",
                "ipv6_address": "",
                "outpost_id": "",
                "private_ipv4_address": "",
                "subnet_id": "subnet-0d53d5d2b5c4778b1"
              },
              {
                "allocation_id": "",
                "ipv6_address": "",
                "outpost_id": "",
                "private_ipv4_address": "",
                "subnet_id": "subnet-0e672fbe043788602"
              }
            ],
            "subnets": [
              "subnet-0d53d5d2b5c4778b1",
              "subnet-0e672fbe043788602"
            ],
            "tags": {},
            "tags_all": {},
            "timeouts": null,
            "vpc_id": "vpc-03552189ecc43536a",
            "zone_id": "Z368ELLRRE2KJ0"
          },
          "sensitive_attributes": [],
          "private": "eyJlMmJmYjczMC1lY2FhLTExZTYtOGY4OC0zNDM2M2JjN2M0YzAiOnsiY3JlYXRlIjo2MDAwMDAwMDAwMDAsImRlbGV0ZSI6NjAwMDAwMDAwMDAwLCJ1cGRhdGUiOjYwMDAwMDAwMDAwMH19",
          "dependencies": [
            "module.networking.aws_subnet.public_subnets",
            "module.networking.aws_vpc.aws_vpc",
            "module.networking.data.aws_availability_zones.az_availables",
            "module.security_group_alb_server.aws_security_group.sg"
          ],
          "create_before_destroy": true
        }
      ]
    },
    {
      "module": "module.alb_server",
      "mode": "managed",
      "type": "aws_alb_listener",
      "name": "http_listener",
      "provider": "provider[\"registry.terraform.io/hashicorp/aws\"]",
      "instances": [
        {
          "index_key": 0,
          "schema_version": 0,
          "attributes": {
            "alpn_policy": null,
            "arn": "arn:aws:elasticloadbalancing:us-west-1:746731052158:listener/app/alb-snakecode-server-alb/417e6381c6d6b14a/2b03ccb5752e5684",
            "certificate_arn": null,
            "default_action": [
              {
                "authenticate_cognito": [],
                "authenticate_oidc": [],
                "fixed_response": [],
                "forward": [],
                "order": 1,
                "redirect": [],
                "target_group_arn": "arn:aws:elasticloadbalancing:us-west-1:746731052158:targetgroup/snakecode-tg-b-server/52ca4f0cca1aef5f",
                "type": "forward"
              }
            ],
            "id": "arn:aws:elasticloadbalancing:us-west-1:746731052158:listener/app/alb-snakecode-server-alb/417e6381c6d6b14a/2b03ccb5752e5684",
            "load_balancer_arn": "arn:aws:elasticloadbalancing:us-west-1:746731052158:loadbalancer/app/alb-snakecode-server-alb/417e6381c6d6b14a",
            "port": 80,
            "protocol": "HTTP",
            "ssl_policy": "",
            "tags": {},
            "tags_all": {},
            "timeouts": null
          },
          "sensitive_attributes": [],
          "private": "eyJlMmJmYjczMC1lY2FhLTExZTYtOGY4OC0zNDM2M2JjN2M0YzAiOnsicmVhZCI6NjAwMDAwMDAwMDAwfX0=",
          "dependencies": [
            "module.alb_server.aws_alb.alb",
            "module.networking.aws_subnet.public_subnets",
            "module.networking.aws_vpc.aws_vpc",
            "module.networking.data.aws_availability_zones.az_availables",
            "module.security_group_alb_server.aws_security_group.sg",
            "module.target_group_server_blue.aws_alb_target_group.target_group"
          ],
          "create_before_destroy": true
        }
      ]
    },
    {
      "module": "module.codebuild_client",
      "mode": "managed",
      "type": "aws_codebuild_project",
      "name": "aws_codebuild",
      "provider": "provider[\"registry.terraform.io/hashicorp/aws\"]",
      "instances": [
        {
          "schema_version": 0,
          "attributes": {
            "arn": "arn:aws:codebuild:us-west-1:746731052158:project/codebuild-snakecode-client",
            "artifacts": [
              {
                "artifact_identifier": "",
                "bucket_owner_access": "",
                "encryption_disabled": false,
                "location": "",
                "name": "codebuild-snakecode-client",
                "namespace_type": "",
                "override_artifact_name": false,
                "packaging": "NONE",
                "path": "",
                "type": "CODEPIPELINE"
              }
            ],
            "badge_enabled": false,
            "badge_url": "",
            "build_batch_config": [],
            "build_timeout": 10,
            "cache": [
              {
                "location": "",
                "modes": [],
                "type": "NO_CACHE"
              }
            ],
            "concurrent_build_limit": 0,
            "description": "Terraform codebuild project",
            "encryption_key": "arn:aws:kms:us-west-1:746731052158:alias/aws/s3",
            "environment": [
              {
                "certificate": "",
                "compute_type": "BUILD_GENERAL1_SMALL",
                "environment_variable": [
                  {
                    "name": "AWS_REGION",
                    "type": "PLAINTEXT",
                    "value": "us-west-1"
                  },
                  {
                    "name": "AWS_ACCOUNT_ID",
                    "type": "PLAINTEXT",
                    "value": "746731052158"
                  },
                  {
                    "name": "REPO_URL",
                    "type": "PLAINTEXT",
                    "value": "746731052158.dkr.ecr.us-west-1.amazonaws.com/snakecode-client-repo"
                  },
                  {
                    "name": "IMAGE_TAG",
                    "type": "PLAINTEXT",
                    "value": "latest"
                  },
                  {
                    "name": "DYNAMODB_TABLE",
                    "type": "PLAINTEXT",
                    "value": ""
                  },
                  {
                    "name": "TASK_DEFINITION_FAMILY",
                    "type": "PLAINTEXT",
                    "value": "task-definition-snakecode-client"
                  },
                  {
                    "name": "CONTAINER_NAME",
                    "type": "PLAINTEXT",
                    "value": "container-client"
                  },
                  {
                    "name": "SERVICE_PORT",
                    "type": "PLAINTEXT",
                    "value": "80"
                  },
                  {
                    "name": "FOLDER_PATH",
                    "type": "PLAINTEXT",
                    "value": "./code/client/."
                  },
                  {
                    "name": "ECS_ROLE",
                    "type": "PLAINTEXT",
                    "value": "snakecode-ecs-task-excecution-role"
                  },
                  {
                    "name": "ECS_TASK_ROLE",
                    "type": "PLAINTEXT",
                    "value": "null"
                  },
                  {
                    "name": "SERVER_ALB_URL",
                    "type": "PLAINTEXT",
                    "value": "alb-snakecode-server-alb-80127945.us-west-1.elb.amazonaws.com"
                  }
                ],
                "image": "aws/codebuild/standard:4.0",
                "image_pull_credentials_type": "CODEBUILD",
                "privileged_mode": true,
                "registry_credential": [],
                "type": "LINUX_CONTAINER"
              }
            ],
            "file_system_locations": [],
            "id": "arn:aws:codebuild:us-west-1:746731052158:project/codebuild-snakecode-client",
            "logs_config": [
              {
                "cloudwatch_logs": [
                  {
                    "group_name": "log-group",
                    "status": "ENABLED",
                    "stream_name": "log-stream"
                  }
                ],
                "s3_logs": [
                  {
                    "bucket_owner_access": "",
                    "encryption_disabled": false,
                    "location": "",
                    "status": "DISABLED"
                  }
                ]
              }
            ],
            "name": "codebuild-snakecode-client",
            "project_visibility": "PRIVATE",
            "public_project_alias": "",
            "queued_timeout": 480,
            "resource_access_role": "",
            "secondary_artifacts": [],
            "secondary_source_version": [],
            "secondary_sources": [],
            "service_role": "arn:aws:iam::746731052158:role/snakecode-devops-role",
            "source": [
              {
                "auth": [],
                "build_status_config": [],
                "buildspec": "./Infrastructure/Templates/buildspec.yml",
                "git_clone_depth": 0,
                "git_submodules_config": [],
                "insecure_ssl": false,
                "location": "",
                "report_build_status": false,
                "type": "CODEPIPELINE"
              }
            ],
            "source_version": "",
            "tags": {},
            "tags_all": {},
            "vpc_config": []
          },
          "sensitive_attributes": [],
          "private": "bnVsbA==",
          "dependencies": [
            "data.aws_caller_identity.id_current_account",
            "module.alb_server.aws_alb.alb",
            "module.devops_role.aws_iam_role.devops_role",
            "module.devops_role.aws_iam_role.ecs_task_excecution_role",
            "module.ecr_client.aws_ecr_repository.ecr_repository",
            "module.ecs_role.aws_iam_role.devops_role",
            "module.ecs_role.aws_iam_role.ecs_task_excecution_role",
            "module.ecs_role.aws_iam_role.ecs_task_role",
            "module.ecs_taks_definition_client.aws_ecs_task_definition.ecs_task_definition"
          ]
        }
      ]
    },
    {
      "module": "module.codebuild_server",
      "mode": "managed",
      "type": "aws_codebuild_project",
      "name": "aws_codebuild",
      "provider": "provider[\"registry.terraform.io/hashicorp/aws\"]",
      "instances": [
        {
          "schema_version": 0,
          "attributes": {
            "arn": "arn:aws:codebuild:us-west-1:746731052158:project/snakecode-codebuild-server",
            "artifacts": [
              {
                "artifact_identifier": "",
                "bucket_owner_access": "",
                "encryption_disabled": false,
                "location": "",
                "name": "snakecode-codebuild-server",
                "namespace_type": "",
                "override_artifact_name": false,
                "packaging": "NONE",
                "path": "",
                "type": "CODEPIPELINE"
              }
            ],
            "badge_enabled": false,
            "badge_url": "",
            "build_batch_config": [],
            "build_timeout": 10,
            "cache": [
              {
                "location": "",
                "modes": [],
                "type": "NO_CACHE"
              }
            ],
            "concurrent_build_limit": 0,
            "description": "Terraform codebuild project",
            "encryption_key": "arn:aws:kms:us-west-1:746731052158:alias/aws/s3",
            "environment": [
              {
                "certificate": "",
                "compute_type": "BUILD_GENERAL1_SMALL",
                "environment_variable": [
                  {
                    "name": "AWS_REGION",
                    "type": "PLAINTEXT",
                    "value": "us-west-1"
                  },
                  {
                    "name": "AWS_ACCOUNT_ID",
                    "type": "PLAINTEXT",
                    "value": "746731052158"
                  },
                  {
                    "name": "REPO_URL",
                    "type": "PLAINTEXT",
                    "value": "746731052158.dkr.ecr.us-west-1.amazonaws.com/snakecode-server-repo"
                  },
                  {
                    "name": "IMAGE_TAG",
                    "type": "PLAINTEXT",
                    "value": "latest"
                  },
                  {
                    "name": "DYNAMODB_TABLE",
                    "type": "PLAINTEXT",
                    "value": "assets-table-snakecode"
                  },
                  {
                    "name": "TASK_DEFINITION_FAMILY",
                    "type": "PLAINTEXT",
                    "value": "task-definition-snakecode-server"
                  },
                  {
                    "name": "CONTAINER_NAME",
                    "type": "PLAINTEXT",
                    "value": "container-server"
                  },
                  {
                    "name": "SERVICE_PORT",
                    "type": "PLAINTEXT",
                    "value": "3001"
                  },
                  {
                    "name": "FOLDER_PATH",
                    "type": "PLAINTEXT",
                    "value": "./code/server/."
                  },
                  {
                    "name": "ECS_ROLE",
                    "type": "PLAINTEXT",
                    "value": "snakecode-ecs-task-excecution-role"
                  },
                  {
                    "name": "ECS_TASK_ROLE",
                    "type": "PLAINTEXT",
                    "value": "snakecode-ecs-task-role"
                  },
                  {
                    "name": "SERVER_ALB_URL",
                    "type": "PLAINTEXT",
                    "value": ""
                  }
                ],
                "image": "aws/codebuild/standard:4.0",
                "image_pull_credentials_type": "CODEBUILD",
                "privileged_mode": true,
                "registry_credential": [],
                "type": "LINUX_CONTAINER"
              }
            ],
            "file_system_locations": [],
            "id": "arn:aws:codebuild:us-west-1:746731052158:project/snakecode-codebuild-server",
            "logs_config": [
              {
                "cloudwatch_logs": [
                  {
                    "group_name": "log-group",
                    "status": "ENABLED",
                    "stream_name": "log-stream"
                  }
                ],
                "s3_logs": [
                  {
                    "bucket_owner_access": "",
                    "encryption_disabled": false,
                    "location": "",
                    "status": "DISABLED"
                  }
                ]
              }
            ],
            "name": "snakecode-codebuild-server",
            "project_visibility": "PRIVATE",
            "public_project_alias": "",
            "queued_timeout": 480,
            "resource_access_role": "",
            "secondary_artifacts": [],
            "secondary_source_version": [],
            "secondary_sources": [],
            "service_role": "arn:aws:iam::746731052158:role/snakecode-devops-role",
            "source": [
              {
                "auth": [],
                "build_status_config": [],
                "buildspec": "./Infrastructure/Templates/buildspec.yml",
                "git_clone_depth": 0,
                "git_submodules_config": [],
                "insecure_ssl": false,
                "location": "",
                "report_build_status": false,
                "type": "CODEPIPELINE"
              }
            ],
            "source_version": "",
            "tags": {},
            "tags_all": {},
            "vpc_config": []
          },
          "sensitive_attributes": [],
          "private": "bnVsbA==",
          "dependencies": [
            "data.aws_caller_identity.id_current_account",
            "module.devops_role.aws_iam_role.devops_role",
            "module.devops_role.aws_iam_role.ecs_task_excecution_role",
            "module.dynamodb_table.aws_dynamodb_table.dynamodb_table",
            "module.ecr_server.aws_ecr_repository.ecr_repository",
            "module.ecs_role.aws_iam_role.devops_role",
            "module.ecs_role.aws_iam_role.ecs_task_excecution_role",
            "module.ecs_role.aws_iam_role.ecs_task_role",
            "module.ecs_taks_definition_server.aws_ecs_task_definition.ecs_task_definition"
          ]
        }
      ]
    },
    {
      "module": "module.codedeploy_client",
      "mode": "managed",
      "type": "aws_codedeploy_app",
      "name": "main",
      "provider": "provider[\"registry.terraform.io/hashicorp/aws\"]",
      "instances": [
        {
          "schema_version": 0,
          "attributes": {
            "application_id": "5e7ac09f-38b9-472a-9914-641d4980caa0",
            "arn": "arn:aws:codedeploy:us-west-1:746731052158:application:snakecode-deploy-client",
            "compute_platform": "ECS",
            "github_account_name": "",
            "id": "5e7ac09f-38b9-472a-9914-641d4980caa0:snakecode-deploy-client",
            "linked_to_github": false,
            "name": "snakecode-deploy-client",
            "tags": {},
            "tags_all": {}
          },
          "sensitive_attributes": [],
          "private": "bnVsbA==",
          "create_before_destroy": true
        }
      ]
    },
    {
      "module": "module.codedeploy_client",
      "mode": "managed",
      "type": "aws_codedeploy_deployment_group",
      "name": "main",
      "provider": "provider[\"registry.terraform.io/hashicorp/aws\"]",
      "instances": [
        {
          "schema_version": 0,
          "attributes": {
            "alarm_configuration": [],
            "app_name": "snakecode-deploy-client",
            "arn": "arn:aws:codedeploy:us-west-1:746731052158:deploymentgroup:snakecode-deploy-client/deployment-group-snakecode-deploy-client",
            "auto_rollback_configuration": [
              {
                "enabled": true,
                "events": [
                  "DEPLOYMENT_FAILURE"
                ]
              }
            ],
            "autoscaling_groups": [],
            "blue_green_deployment_config": [
              {
                "deployment_ready_option": [
                  {
                    "action_on_timeout": "CONTINUE_DEPLOYMENT",
                    "wait_time_in_minutes": 0
                  }
                ],
                "green_fleet_provisioning_option": [],
                "terminate_blue_instances_on_deployment_success": [
                  {
                    "action": "TERMINATE",
                    "termination_wait_time_in_minutes": 5
                  }
                ]
              }
            ],
            "compute_platform": "ECS",
            "deployment_config_name": "CodeDeployDefault.ECSAllAtOnce",
            "deployment_group_id": "634e5ae9-f046-463b-89a5-82ec88c3b320",
            "deployment_group_name": "deployment-group-snakecode-deploy-client",
            "deployment_style": [
              {
                "deployment_option": "WITH_TRAFFIC_CONTROL",
                "deployment_type": "BLUE_GREEN"
              }
            ],
            "ec2_tag_filter": [],
            "ec2_tag_set": [],
            "ecs_service": [
              {
                "cluster_name": "Cluster-snakecode",
                "service_name": "Service-snakecode-client"
              }
            ],
            "id": "634e5ae9-f046-463b-89a5-82ec88c3b320",
            "load_balancer_info": [
              {
                "elb_info": [],
                "target_group_info": [],
                "target_group_pair_info": [
                  {
                    "prod_traffic_route": [
                      {
                        "listener_arns": [
                          "arn:aws:elasticloadbalancing:us-west-1:746731052158:listener/app/alb-snakecode-client-alb/29dd656a0893f5f8/d117e3db1b7dcd56"
                        ]
                      }
                    ],
                    "target_group": [
                      {
                        "name": "snakecode-tg-b-client"
                      },
                      {
                        "name": "snakecode-tg-g-client"
                      }
                    ],
                    "test_traffic_route": []
                  }
                ]
              }
            ],
            "on_premises_instance_tag_filter": [],
            "service_role_arn": "arn:aws:iam::746731052158:role/snakecode-codedeploy-role",
            "tags": {},
            "tags_all": {},
            "trigger_configuration": [
              {
                "trigger_events": [
                  "DeploymentFailure",
                  "DeploymentSuccess"
                ],
                "trigger_name": "CodeDeploy_notification",
                "trigger_target_arn": "arn:aws:sns:us-west-1:746731052158:sns-snakecode"
              }
            ]
          },
          "sensitive_attributes": [],
          "private": "bnVsbA==",
          "dependencies": [
            "module.alb_client.aws_alb.alb",
            "module.alb_client.aws_alb_listener.http_listener",
            "module.alb_client.aws_alb_listener.https_listener",
            "module.alb_client.aws_alb_target_group.target_group",
            "module.codedeploy_client.aws_codedeploy_app.main",
            "module.codedeploy_role.aws_iam_role.codedeploy_role",
            "module.ecr_client.aws_ecr_repository.ecr_repository",
            "module.ecs_cluster.aws_ecs_cluster.ecs_cluster",
            "module.ecs_role.aws_iam_role.devops_role",
            "module.ecs_role.aws_iam_role.ecs_task_excecution_role",
            "module.ecs_role.aws_iam_role.ecs_task_role",
            "module.ecs_service_client.aws_ecs_service.ecs_service",
            "module.ecs_taks_definition_client.aws_ecs_task_definition.ecs_task_definition",
            "module.networking.aws_subnet.private_subnets_client",
            "module.networking.aws_subnet.public_subnets",
            "module.networking.aws_vpc.aws_vpc",
            "module.networking.data.aws_availability_zones.az_availables",
            "module.security_group_alb_client.aws_security_group.sg",
            "module.security_group_ecs_task_client.aws_security_group.sg",
            "module.sns.aws_sns_topic.sns_notifications",
            "module.target_group_client_blue.aws_alb_target_group.target_group",
            "module.target_group_client_green.aws_alb_target_group.target_group"
          ],
          "create_before_destroy": true
        }
      ]
    },
    {
      "module": "module.codedeploy_role",
      "mode": "data",
      "type": "aws_iam_policy_document",
      "name": "role_policy_devops_role",
      "provider": "provider[\"registry.terraform.io/hashicorp/aws\"]",
      "instances": [
        {
          "schema_version": 0,
          "attributes": {
            "id": "1856747035",
            "json": "{\n  \"Version\": \"2012-10-17\",\n  \"Statement\": [\n    {\n      \"Sid\": \"AllowS3Actions\",\n      \"Effect\": \"Allow\",\n      \"Action\": [\n        \"s3:PutObject\",\n        \"s3:List*\",\n        \"s3:GetObjectVersion\",\n        \"s3:GetObject\",\n        \"s3:GetBucketAcl\"\n      ],\n      \"Resource\": \"*\"\n    },\n    {\n      \"Sid\": \"AllowCodebuildActions\",\n      \"Effect\": \"Allow\",\n      \"Action\": [\n        \"codebuild:StopBuild\",\n        \"codebuild:StartBuildBatch\",\n        \"codebuild:StartBuild\",\n        \"codebuild:BatchGetBuilds\",\n        \"codebuild:BatchGetBuildBatches\"\n      ],\n      \"Resource\": \"*\"\n    },\n    {\n      \"Sid\": \"AllowCodebuildList\",\n      \"Effect\": \"Allow\",\n      \"Action\": \"codebuild:ListBuilds\",\n      \"Resource\": \"*\"\n    },\n    {\n      \"Sid\": \"AllowCodeDeployActions\",\n      \"Effect\": \"Allow\",\n      \"Action\": [\n        \"codedeploy:RegisterApplicationRevision\",\n        \"codedeploy:GetDeploymentGroup\",\n        \"codedeploy:GetDeployment\",\n        \"codedeploy:GetApplicationRevision\",\n        \"codedeploy:GetApplication\",\n        \"codedeploy:CreateDeployment\"\n      ],\n      \"Resource\": \"*\"\n    },\n    {\n      \"Sid\": \"AllowCodeDeployConfigs\",\n      \"Effect\": \"Allow\",\n      \"Action\": [\n        \"codedeploy:StopDeployment\",\n        \"codedeploy:ListDeployments\",\n        \"codedeploy:ListDeploymentGroups\",\n        \"codedeploy:ListDeploymentConfigs\",\n        \"codedeploy:ListApplications\",\n        \"codedeploy:GetDeploymentTarget\",\n        \"codedeploy:GetDeploymentConfig\",\n        \"codedeploy:CreateDeploymentGroup\",\n        \"codedeploy:CreateDeploymentConfig\"\n      ],\n      \"Resource\": \"*\"\n    },\n    {\n      \"Sid\": \"AllowECRActions\",\n      \"Effect\": \"Allow\",\n      \"Action\": [\n        \"ecr:UploadLayerPart\",\n        \"ecr:PutImage\",\n        \"ecr:InitiateLayerUpload\",\n        \"ecr:GetDownloadUrlForLayer\",\n        \"ecr:CompleteLayerUpload\",\n        \"ecr:BatchGetImage\",\n        \"ecr:BatchCheckLayerAvailability\"\n      ],\n      \"Resource\": \"*\"\n    },\n    {\n      \"Sid\": \"AllowECRAuthorization\",\n      \"Effect\": \"Allow\",\n      \"Action\": \"ecr:GetAuthorizationToken\",\n      \"Resource\": \"*\"\n    },\n    {\n      \"Sid\": \"AllowCECSServiceActions\",\n      \"Effect\": \"Allow\",\n      \"Action\": [\n        \"ecs:UpdateTaskSet\",\n        \"ecs:UpdateServicePrimaryTaskSet\",\n        \"ecs:UpdateService\",\n        \"ecs:UpdateCluster\",\n        \"ecs:UpdateCapacityProvider\",\n        \"ecs:StopTask\",\n        \"ecs:StartTask\",\n        \"ecs:RunTask\",\n        \"ecs:RegisterTaskDefinition\",\n        \"ecs:PutClusterCapacityProviders\",\n        \"ecs:ListTasks\",\n        \"ecs:ListServices\",\n        \"ecs:DescribeTasks\",\n        \"ecs:DescribeTaskSets\",\n        \"ecs:DescribeTaskDefinition\",\n        \"ecs:DescribeServices\",\n        \"ecs:DeregisterContainerInstance\",\n        \"ecs:DeleteTaskSet\",\n        \"ecs:CreateTaskSet\"\n      ],\n      \"Resource\": \"*\"\n    },\n    {\n      \"Sid\": \"AllowIAMPassRole\",\n      \"Effect\": \"Allow\",\n      \"Action\": \"iam:PassRole\",\n      \"Resource\": \"*\"\n    },\n    {\n      \"Sid\": \"AllowCloudWatchActions\",\n      \"Effect\": \"Allow\",\n      \"Action\": [\n        \"logs:PutLogEvents\",\n        \"logs:CreateLogStream\",\n        \"logs:CreateLogGroup\"\n      ],\n      \"Resource\": \"*\"\n    }\n  ]\n}",
            "override_json": null,
            "override_policy_documents": null,
            "policy_id": null,
            "source_json": null,
            "source_policy_documents": null,
            "statement": [
              {
                "actions": [
                  "s3:GetBucketAcl",
                  "s3:GetObject",
                  "s3:GetObjectVersion",
                  "s3:List*",
                  "s3:PutObject"
                ],
                "condition": [],
                "effect": "Allow",
                "not_actions": [],
                "not_principals": [],
                "not_resources": [],
                "principals": [],
                "resources": [
                  "*"
                ],
                "sid": "AllowS3Actions"
              },
              {
                "actions": [
                  "codebuild:BatchGetBuildBatches",
                  "codebuild:BatchGetBuilds",
                  "codebuild:StartBuild",
                  "codebuild:StartBuildBatch",
                  "codebuild:StopBuild"
                ],
                "condition": [],
                "effect": "Allow",
                "not_actions": [],
                "not_principals": [],
                "not_resources": [],
                "principals": [],
                "resources": [
                  "*"
                ],
                "sid": "AllowCodebuildActions"
              },
              {
                "actions": [
                  "codebuild:ListBuilds"
                ],
                "condition": [],
                "effect": "Allow",
                "not_actions": [],
                "not_principals": [],
                "not_resources": [],
                "principals": [],
                "resources": [
                  "*"
                ],
                "sid": "AllowCodebuildList"
              },
              {
                "actions": [
                  "codedeploy:CreateDeployment",
                  "codedeploy:GetApplication",
                  "codedeploy:GetApplicationRevision",
                  "codedeploy:GetDeployment",
                  "codedeploy:GetDeploymentGroup",
                  "codedeploy:RegisterApplicationRevision"
                ],
                "condition": [],
                "effect": "Allow",
                "not_actions": [],
                "not_principals": [],
                "not_resources": [],
                "principals": [],
                "resources": [
                  "*"
                ],
                "sid": "AllowCodeDeployActions"
              },
              {
                "actions": [
                  "codedeploy:CreateDeploymentConfig",
                  "codedeploy:CreateDeploymentGroup",
                  "codedeploy:GetDeploymentConfig",
                  "codedeploy:GetDeploymentTarget",
                  "codedeploy:ListApplications",
                  "codedeploy:ListDeploymentConfigs",
                  "codedeploy:ListDeploymentGroups",
                  "codedeploy:ListDeployments",
                  "codedeploy:StopDeployment"
                ],
                "condition": [],
                "effect": "Allow",
                "not_actions": [],
                "not_principals": [],
                "not_resources": [],
                "principals": [],
                "resources": [
                  "*"
                ],
                "sid": "AllowCodeDeployConfigs"
              },
              {
                "actions": [
                  "ecr:BatchCheckLayerAvailability",
                  "ecr:BatchGetImage",
                  "ecr:CompleteLayerUpload",
                  "ecr:GetDownloadUrlForLayer",
                  "ecr:InitiateLayerUpload",
                  "ecr:PutImage",
                  "ecr:UploadLayerPart"
                ],
                "condition": [],
                "effect": "Allow",
                "not_actions": [],
                "not_principals": [],
                "not_resources": [],
                "principals": [],
                "resources": [
                  "*"
                ],
                "sid": "AllowECRActions"
              },
              {
                "actions": [
                  "ecr:GetAuthorizationToken"
                ],
                "condition": [],
                "effect": "Allow",
                "not_actions": [],
                "not_principals": [],
                "not_resources": [],
                "principals": [],
                "resources": [
                  "*"
                ],
                "sid": "AllowECRAuthorization"
              },
              {
                "actions": [
                  "ecs:CreateTaskSet",
                  "ecs:DeleteTaskSet",
                  "ecs:DeregisterContainerInstance",
                  "ecs:DescribeServices",
                  "ecs:DescribeTaskDefinition",
                  "ecs:DescribeTaskSets",
                  "ecs:DescribeTasks",
                  "ecs:ListServices",
                  "ecs:ListTasks",
                  "ecs:PutClusterCapacityProviders",
                  "ecs:RegisterTaskDefinition",
                  "ecs:RunTask",
                  "ecs:StartTask",
                  "ecs:StopTask",
                  "ecs:UpdateCapacityProvider",
                  "ecs:UpdateCluster",
                  "ecs:UpdateService",
                  "ecs:UpdateServicePrimaryTaskSet",
                  "ecs:UpdateTaskSet"
                ],
                "condition": [],
                "effect": "Allow",
                "not_actions": [],
                "not_principals": [],
                "not_resources": [],
                "principals": [],
                "resources": [
                  "*"
                ],
                "sid": "AllowCECSServiceActions"
              },
              {
                "actions": [
                  "iam:PassRole"
                ],
                "condition": [],
                "effect": "Allow",
                "not_actions": [],
                "not_principals": [],
                "not_resources": [],
                "principals": [],
                "resources": [
                  "*"
                ],
                "sid": "AllowIAMPassRole"
              },
              {
                "actions": [
                  "logs:CreateLogGroup",
                  "logs:CreateLogStream",
                  "logs:PutLogEvents"
                ],
                "condition": [],
                "effect": "Allow",
                "not_actions": [],
                "not_principals": [],
                "not_resources": [],
                "principals": [],
                "resources": [
                  "*"
                ],
                "sid": "AllowCloudWatchActions"
              }
            ],
            "version": "2012-10-17"
          },
          "sensitive_attributes": []
        }
      ]
    },
    {
      "module": "module.codedeploy_role",
      "mode": "data",
      "type": "aws_iam_policy_document",
      "name": "role_policy_ecs_task_role",
      "provider": "provider[\"registry.terraform.io/hashicorp/aws\"]",
      "instances": [
        {
          "schema_version": 0,
          "attributes": {
            "id": "752101109",
            "json": "{\n  \"Version\": \"2012-10-17\",\n  \"Statement\": [\n    {\n      \"Sid\": \"AllowS3Actions\",\n      \"Effect\": \"Allow\",\n      \"Action\": [\n        \"s3:ListBucket\",\n        \"s3:GetObject\"\n      ],\n      \"Resource\": \"*\"\n    },\n    {\n      \"Sid\": \"AllowIAMPassRole\",\n      \"Effect\": \"Allow\",\n      \"Action\": \"iam:PassRole\",\n      \"Resource\": \"*\"\n    },\n    {\n      \"Sid\": \"AllowDynamodbActions\",\n      \"Effect\": \"Allow\",\n      \"Action\": [\n        \"dynamodb:Scan\",\n        \"dynamodb:Query\",\n        \"dynamodb:List*\",\n        \"dynamodb:GetItem\",\n        \"dynamodb:Describe*\",\n        \"dynamodb:BatchGetItem\"\n      ],\n      \"Resource\": \"*\"\n    }\n  ]\n}",
            "override_json": null,
            "override_policy_documents": null,
            "policy_id": null,
            "source_json": null,
            "source_policy_documents": null,
            "statement": [
              {
                "actions": [
                  "s3:GetObject",
                  "s3:ListBucket"
                ],
                "condition": [],
                "effect": "Allow",
                "not_actions": [],
                "not_principals": [],
                "not_resources": [],
                "principals": [],
                "resources": [
                  "*"
                ],
                "sid": "AllowS3Actions"
              },
              {
                "actions": [
                  "iam:PassRole"
                ],
                "condition": [],
                "effect": "Allow",
                "not_actions": [],
                "not_principals": [],
                "not_resources": [],
                "principals": [],
                "resources": [
                  "*"
                ],
                "sid": "AllowIAMPassRole"
              },
              {
                "actions": [
                  "dynamodb:BatchGetItem",
                  "dynamodb:Describe*",
                  "dynamodb:GetItem",
                  "dynamodb:List*",
                  "dynamodb:Query",
                  "dynamodb:Scan"
                ],
                "condition": [],
                "effect": "Allow",
                "not_actions": [],
                "not_principals": [],
                "not_resources": [],
                "principals": [],
                "resources": [
                  "*"
                ],
                "sid": "AllowDynamodbActions"
              }
            ],
            "version": "2012-10-17"
          },
          "sensitive_attributes": []
        }
      ]
    },
    {
      "module": "module.codedeploy_role",
      "mode": "managed",
      "type": "aws_iam_role",
      "name": "codedeploy_role",
      "provider": "provider[\"registry.terraform.io/hashicorp/aws\"]",
      "instances": [
        {
          "index_key": 0,
          "schema_version": 0,
          "attributes": {
            "arn": "arn:aws:iam::746731052158:role/snakecode-codedeploy-role",
            "assume_role_policy": "{\"Version\":\"2012-10-17\",\"Statement\":[{\"Sid\":\"\",\"Effect\":\"Allow\",\"Principal\":{\"Service\":\"codedeploy.amazonaws.com\"},\"Action\":\"sts:AssumeRole\"}]}",
            "create_date": "2023-05-07T10:25:19Z",
            "description": "",
            "force_detach_policies": false,
            "id": "snakecode-codedeploy-role",
            "inline_policy": [
              {
                "name": "",
                "policy": ""
              }
            ],
            "managed_policy_arns": [
              "arn:aws:iam::aws:policy/AWSCodeDeployRoleForECS"
            ],
            "max_session_duration": 3600,
            "name": "snakecode-codedeploy-role",
            "name_prefix": "",
            "path": "/",
            "permissions_boundary": null,
            "tags": {},
            "tags_all": {},
            "unique_id": "AROA23XFDTR7J7VK3LXP6"
          },
          "sensitive_attributes": [],
          "private": "bnVsbA==",
          "create_before_destroy": true
        }
      ]
    },
    {
      "module": "module.codedeploy_role",
      "mode": "managed",
      "type": "aws_iam_role_policy_attachment",
      "name": "codedeploy_attachment",
      "provider": "provider[\"registry.terraform.io/hashicorp/aws\"]",
      "instances": [
        {
          "index_key": 0,
          "schema_version": 0,
          "attributes": {
            "id": "snakecode-codedeploy-role-20230507102518879100000001",
            "policy_arn": "arn:aws:iam::aws:policy/AWSCodeDeployRoleForECS",
            "role": "snakecode-codedeploy-role"
          },
          "sensitive_attributes": [],
          "private": "bnVsbA==",
          "dependencies": [
            "module.codedeploy_role.aws_iam_role.codedeploy_role"
          ]
        }
      ]
    },
    {
      "module": "module.codedeploy_server",
      "mode": "managed",
      "type": "aws_codedeploy_app",
      "name": "main",
      "provider": "provider[\"registry.terraform.io/hashicorp/aws\"]",
      "instances": [
        {
          "schema_version": 0,
          "attributes": {
            "application_id": "36a64d9b-b2d4-4f15-ae80-3c483c4712b8",
            "arn": "arn:aws:codedeploy:us-west-1:746731052158:application:snakecode-deploy-server",
            "compute_platform": "ECS",
            "github_account_name": "",
            "id": "36a64d9b-b2d4-4f15-ae80-3c483c4712b8:snakecode-deploy-server",
            "linked_to_github": false,
            "name": "snakecode-deploy-server",
            "tags": {},
            "tags_all": {}
          },
          "sensitive_attributes": [],
          "private": "bnVsbA==",
          "create_before_destroy": true
        }
      ]
    },
    {
      "module": "module.codedeploy_server",
      "mode": "managed",
      "type": "aws_codedeploy_deployment_group",
      "name": "main",
      "provider": "provider[\"registry.terraform.io/hashicorp/aws\"]",
      "instances": [
        {
          "schema_version": 0,
          "attributes": {
            "alarm_configuration": [],
            "app_name": "snakecode-deploy-server",
            "arn": "arn:aws:codedeploy:us-west-1:746731052158:deploymentgroup:snakecode-deploy-server/deployment-group-snakecode-deploy-server",
            "auto_rollback_configuration": [
              {
                "enabled": true,
                "events": [
                  "DEPLOYMENT_FAILURE"
                ]
              }
            ],
            "autoscaling_groups": [],
            "blue_green_deployment_config": [
              {
                "deployment_ready_option": [
                  {
                    "action_on_timeout": "CONTINUE_DEPLOYMENT",
                    "wait_time_in_minutes": 0
                  }
                ],
                "green_fleet_provisioning_option": [],
                "terminate_blue_instances_on_deployment_success": [
                  {
                    "action": "TERMINATE",
                    "termination_wait_time_in_minutes": 5
                  }
                ]
              }
            ],
            "compute_platform": "ECS",
            "deployment_config_name": "CodeDeployDefault.ECSAllAtOnce",
            "deployment_group_id": "2db74e50-436f-4b38-b4c0-836fc3f12692",
            "deployment_group_name": "deployment-group-snakecode-deploy-server",
            "deployment_style": [
              {
                "deployment_option": "WITH_TRAFFIC_CONTROL",
                "deployment_type": "BLUE_GREEN"
              }
            ],
            "ec2_tag_filter": [],
            "ec2_tag_set": [],
            "ecs_service": [
              {
                "cluster_name": "Cluster-snakecode",
                "service_name": "Service-snakecode-server"
              }
            ],
            "id": "2db74e50-436f-4b38-b4c0-836fc3f12692",
            "load_balancer_info": [
              {
                "elb_info": [],
                "target_group_info": [],
                "target_group_pair_info": [
                  {
                    "prod_traffic_route": [
                      {
                        "listener_arns": [
                          "arn:aws:elasticloadbalancing:us-west-1:746731052158:listener/app/alb-snakecode-server-alb/417e6381c6d6b14a/2b03ccb5752e5684"
                        ]
                      }
                    ],
                    "target_group": [
                      {
                        "name": "snakecode-tg-b-server"
                      },
                      {
                        "name": "snakecode-tg-g-server"
                      }
                    ],
                    "test_traffic_route": []
                  }
                ]
              }
            ],
            "on_premises_instance_tag_filter": [],
            "service_role_arn": "arn:aws:iam::746731052158:role/snakecode-codedeploy-role",
            "tags": {},
            "tags_all": {},
            "trigger_configuration": [
              {
                "trigger_events": [
                  "DeploymentFailure",
                  "DeploymentSuccess"
                ],
                "trigger_name": "CodeDeploy_notification",
                "trigger_target_arn": "arn:aws:sns:us-west-1:746731052158:sns-snakecode"
              }
            ]
          },
          "sensitive_attributes": [],
          "private": "bnVsbA==",
          "dependencies": [
            "module.alb_server.aws_alb.alb",
            "module.alb_server.aws_alb_listener.http_listener",
            "module.alb_server.aws_alb_listener.https_listener",
            "module.alb_server.aws_alb_target_group.target_group",
            "module.codedeploy_role.aws_iam_role.codedeploy_role",
            "module.codedeploy_server.aws_codedeploy_app.main",
            "module.ecr_server.aws_ecr_repository.ecr_repository",
            "module.ecs_cluster.aws_ecs_cluster.ecs_cluster",
            "module.ecs_role.aws_iam_role.devops_role",
            "module.ecs_role.aws_iam_role.ecs_task_excecution_role",
            "module.ecs_role.aws_iam_role.ecs_task_role",
            "module.ecs_service_server.aws_ecs_service.ecs_service",
            "module.ecs_taks_definition_server.aws_ecs_task_definition.ecs_task_definition",
            "module.networking.aws_subnet.private_subnets_server",
            "module.networking.aws_subnet.public_subnets",
            "module.networking.aws_vpc.aws_vpc",
            "module.networking.data.aws_availability_zones.az_availables",
            "module.security_group_alb_server.aws_security_group.sg",
            "module.security_group_ecs_task_server.aws_security_group.sg",
            "module.sns.aws_sns_topic.sns_notifications",
            "module.target_group_server_blue.aws_alb_target_group.target_group",
            "module.target_group_server_green.aws_alb_target_group.target_group"
          ],
          "create_before_destroy": true
        }
      ]
    },
    {
      "module": "module.codepipeline",
      "mode": "managed",
      "type": "aws_codepipeline",
      "name": "aws_codepipeline",
      "provider": "provider[\"registry.terraform.io/hashicorp/aws\"]",
      "instances": [
        {
          "schema_version": 0,
          "attributes": {
            "arn": "arn:aws:codepipeline:us-west-1:746731052158:snakecode-pipeline",
            "artifact_store": [
              {
                "encryption_key": [],
                "location": "codepipeline-us-west-1-b878",
                "region": "",
                "type": "S3"
              }
            ],
            "id": "snakecode-pipeline",
            "name": "snakecode-pipeline",
            "role_arn": "arn:aws:iam::746731052158:role/snakecode-devops-role",
            "stage": [
              {
                "action": [
                  {
                    "category": "Source",
                    "configuration": {
                      "Branch": "main",
                      "OAuthToken": "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",
                      "Owner": "hwelsters",
                      "PollForSourceChanges": "true",
                      "Repo": "create-hwelsters-app-ts"
                    },
                    "input_artifacts": [],
                    "name": "Source",
                    "namespace": "",
                    "output_artifacts": [
                      "SourceArtifact"
                    ],
                    "owner": "ThirdParty",
                    "provider": "GitHub",
                    "region": "",
                    "role_arn": "",
                    "run_order": 1,
                    "version": "1"
                  }
                ],
                "name": "Source"
              },
              {
                "action": [
                  {
                    "category": "Build",
                    "configuration": {
                      "ProjectName": "arn:aws:codebuild:us-west-1:746731052158:project/snakecode-codebuild-server"
                    },
                    "input_artifacts": [
                      "SourceArtifact"
                    ],
                    "name": "Build_server",
                    "namespace": "",
                    "output_artifacts": [
                      "BuildArtifact_server"
                    ],
                    "owner": "AWS",
                    "provider": "CodeBuild",
                    "region": "",
                    "role_arn": "",
                    "run_order": 1,
                    "version": "1"
                  },
                  {
                    "category": "Build",
                    "configuration": {
                      "ProjectName": "arn:aws:codebuild:us-west-1:746731052158:project/codebuild-snakecode-client"
                    },
                    "input_artifacts": [
                      "SourceArtifact"
                    ],
                    "name": "Build_client",
                    "namespace": "",
                    "output_artifacts": [
                      "BuildArtifact_client"
                    ],
                    "owner": "AWS",
                    "provider": "CodeBuild",
                    "region": "",
                    "role_arn": "",
                    "run_order": 1,
                    "version": "1"
                  }
                ],
                "name": "Build"
              },
              {
                "action": [
                  {
                    "category": "Deploy",
                    "configuration": {
                      "AppSpecTemplateArtifact": "BuildArtifact_server",
                      "AppSpecTemplatePath": "appspec.yaml",
                      "ApplicationName": "snakecode-deploy-server",
                      "DeploymentGroupName": "deployment-group-snakecode-deploy-server",
                      "TaskDefinitionTemplateArtifact": "BuildArtifact_server",
                      "TaskDefinitionTemplatePath": "taskdef.json"
                    },
                    "input_artifacts": [
                      "BuildArtifact_server"
                    ],
                    "name": "Deploy_server",
                    "namespace": "",
                    "output_artifacts": [],
                    "owner": "AWS",
                    "provider": "CodeDeployToECS",
                    "region": "",
                    "role_arn": "",
                    "run_order": 1,
                    "version": "1"
                  },
                  {
                    "category": "Deploy",
                    "configuration": {
                      "AppSpecTemplateArtifact": "BuildArtifact_client",
                      "AppSpecTemplatePath": "appspec.yaml",
                      "ApplicationName": "snakecode-deploy-client",
                      "DeploymentGroupName": "deployment-group-snakecode-deploy-client",
                      "TaskDefinitionTemplateArtifact": "BuildArtifact_client",
                      "TaskDefinitionTemplatePath": "taskdef.json"
                    },
                    "input_artifacts": [
                      "BuildArtifact_client"
                    ],
                    "name": "Deploy_client",
                    "namespace": "",
                    "output_artifacts": [],
                    "owner": "AWS",
                    "provider": "CodeDeployToECS",
                    "region": "",
                    "role_arn": "",
                    "run_order": 1,
                    "version": "1"
                  }
                ],
                "name": "Deploy"
              }
            ],
            "tags": {},
            "tags_all": {}
          },
          "sensitive_attributes": [
            [
              {
                "type": "get_attr",
                "value": "stage"
              },
              {
                "type": "index",
                "value": {
                  "value": 0,
                  "type": "number"
                }
              },
              {
                "type": "get_attr",
                "value": "action"
              },
              {
                "type": "index",
                "value": {
                  "value": 0,
                  "type": "number"
                }
              },
              {
                "type": "get_attr",
                "value": "configuration"
              },
              {
                "type": "index",
                "value": {
                  "value": "OAuthToken",
                  "type": "string"
                }
              }
            ]
          ],
          "private": "bnVsbA==",
          "dependencies": [
            "data.aws_caller_identity.id_current_account",
            "module.alb_client.aws_alb.alb",
            "module.alb_client.aws_alb_listener.http_listener",
            "module.alb_client.aws_alb_listener.https_listener",
            "module.alb_client.aws_alb_target_group.target_group",
            "module.alb_server.aws_alb.alb",
            "module.alb_server.aws_alb_listener.http_listener",
            "module.alb_server.aws_alb_listener.https_listener",
            "module.alb_server.aws_alb_target_group.target_group",
            "module.codebuild_client.aws_codebuild_project.aws_codebuild",
            "module.codebuild_server.aws_codebuild_project.aws_codebuild",
            "module.codedeploy_client.aws_codedeploy_app.main",
            "module.codedeploy_client.aws_codedeploy_deployment_group.main",
            "module.codedeploy_role.aws_iam_role.codedeploy_role",
            "module.codedeploy_server.aws_codedeploy_app.main",
            "module.codedeploy_server.aws_codedeploy_deployment_group.main",
            "module.devops_role.aws_iam_role.devops_role",
            "module.devops_role.aws_iam_role.ecs_task_excecution_role",
            "module.dynamodb_table.aws_dynamodb_table.dynamodb_table",
            "module.ecr_client.aws_ecr_repository.ecr_repository",
            "module.ecr_server.aws_ecr_repository.ecr_repository",
            "module.ecs_cluster.aws_ecs_cluster.ecs_cluster",
            "module.ecs_role.aws_iam_role.devops_role",
            "module.ecs_role.aws_iam_role.ecs_task_excecution_role",
            "module.ecs_role.aws_iam_role.ecs_task_role",
            "module.ecs_service_client.aws_ecs_service.ecs_service",
            "module.ecs_service_server.aws_ecs_service.ecs_service",
            "module.ecs_taks_definition_client.aws_ecs_task_definition.ecs_task_definition",
            "module.ecs_taks_definition_server.aws_ecs_task_definition.ecs_task_definition",
            "module.networking.aws_subnet.private_subnets_client",
            "module.networking.aws_subnet.private_subnets_server",
            "module.networking.aws_subnet.public_subnets",
            "module.networking.aws_vpc.aws_vpc",
            "module.networking.data.aws_availability_zones.az_availables",
            "module.policy_devops_role.aws_iam_policy.policy_for_ecs_task_role",
            "module.policy_devops_role.aws_iam_policy.policy_for_role",
            "module.policy_devops_role.aws_iam_role.codedeploy_role",
            "module.policy_devops_role.aws_iam_role.devops_role",
            "module.policy_devops_role.aws_iam_role.ecs_task_excecution_role",
            "module.policy_devops_role.aws_iam_role.ecs_task_role",
            "module.policy_devops_role.aws_iam_role_policy_attachment.attachment",
            "module.policy_devops_role.aws_iam_role_policy_attachment.attachment2",
            "module.policy_devops_role.aws_iam_role_policy_attachment.codedeploy_attachment",
            "module.policy_devops_role.aws_iam_role_policy_attachment.ecs_attachment",
            "module.policy_devops_role.data.aws_iam_policy_document.role_policy_devops_role",
            "module.policy_devops_role.data.aws_iam_policy_document.role_policy_ecs_task_role",
            "module.s3_codepipeline.aws_s3_bucket.s3_bucket",
            "module.security_group_alb_client.aws_security_group.sg",
            "module.security_group_alb_server.aws_security_group.sg",
            "module.security_group_ecs_task_client.aws_security_group.sg",
            "module.security_group_ecs_task_server.aws_security_group.sg",
            "module.sns.aws_sns_topic.sns_notifications",
            "module.target_group_client_blue.aws_alb_target_group.target_group",
            "module.target_group_client_green.aws_alb_target_group.target_group",
            "module.target_group_server_blue.aws_alb_target_group.target_group",
            "module.target_group_server_green.aws_alb_target_group.target_group",
            "random_id.RANDOM_ID"
          ]
        }
      ]
    },
    {
      "module": "module.devops_role",
      "mode": "data",
      "type": "aws_iam_policy_document",
      "name": "role_policy_devops_role",
      "provider": "provider[\"registry.terraform.io/hashicorp/aws\"]",
      "instances": [
        {
          "schema_version": 0,
          "attributes": {
            "id": "1856747035",
            "json": "{\n  \"Version\": \"2012-10-17\",\n  \"Statement\": [\n    {\n      \"Sid\": \"AllowS3Actions\",\n      \"Effect\": \"Allow\",\n      \"Action\": [\n        \"s3:PutObject\",\n        \"s3:List*\",\n        \"s3:GetObjectVersion\",\n        \"s3:GetObject\",\n        \"s3:GetBucketAcl\"\n      ],\n      \"Resource\": \"*\"\n    },\n    {\n      \"Sid\": \"AllowCodebuildActions\",\n      \"Effect\": \"Allow\",\n      \"Action\": [\n        \"codebuild:StopBuild\",\n        \"codebuild:StartBuildBatch\",\n        \"codebuild:StartBuild\",\n        \"codebuild:BatchGetBuilds\",\n        \"codebuild:BatchGetBuildBatches\"\n      ],\n      \"Resource\": \"*\"\n    },\n    {\n      \"Sid\": \"AllowCodebuildList\",\n      \"Effect\": \"Allow\",\n      \"Action\": \"codebuild:ListBuilds\",\n      \"Resource\": \"*\"\n    },\n    {\n      \"Sid\": \"AllowCodeDeployActions\",\n      \"Effect\": \"Allow\",\n      \"Action\": [\n        \"codedeploy:RegisterApplicationRevision\",\n        \"codedeploy:GetDeploymentGroup\",\n        \"codedeploy:GetDeployment\",\n        \"codedeploy:GetApplicationRevision\",\n        \"codedeploy:GetApplication\",\n        \"codedeploy:CreateDeployment\"\n      ],\n      \"Resource\": \"*\"\n    },\n    {\n      \"Sid\": \"AllowCodeDeployConfigs\",\n      \"Effect\": \"Allow\",\n      \"Action\": [\n        \"codedeploy:StopDeployment\",\n        \"codedeploy:ListDeployments\",\n        \"codedeploy:ListDeploymentGroups\",\n        \"codedeploy:ListDeploymentConfigs\",\n        \"codedeploy:ListApplications\",\n        \"codedeploy:GetDeploymentTarget\",\n        \"codedeploy:GetDeploymentConfig\",\n        \"codedeploy:CreateDeploymentGroup\",\n        \"codedeploy:CreateDeploymentConfig\"\n      ],\n      \"Resource\": \"*\"\n    },\n    {\n      \"Sid\": \"AllowECRActions\",\n      \"Effect\": \"Allow\",\n      \"Action\": [\n        \"ecr:UploadLayerPart\",\n        \"ecr:PutImage\",\n        \"ecr:InitiateLayerUpload\",\n        \"ecr:GetDownloadUrlForLayer\",\n        \"ecr:CompleteLayerUpload\",\n        \"ecr:BatchGetImage\",\n        \"ecr:BatchCheckLayerAvailability\"\n      ],\n      \"Resource\": \"*\"\n    },\n    {\n      \"Sid\": \"AllowECRAuthorization\",\n      \"Effect\": \"Allow\",\n      \"Action\": \"ecr:GetAuthorizationToken\",\n      \"Resource\": \"*\"\n    },\n    {\n      \"Sid\": \"AllowCECSServiceActions\",\n      \"Effect\": \"Allow\",\n      \"Action\": [\n        \"ecs:UpdateTaskSet\",\n        \"ecs:UpdateServicePrimaryTaskSet\",\n        \"ecs:UpdateService\",\n        \"ecs:UpdateCluster\",\n        \"ecs:UpdateCapacityProvider\",\n        \"ecs:StopTask\",\n        \"ecs:StartTask\",\n        \"ecs:RunTask\",\n        \"ecs:RegisterTaskDefinition\",\n        \"ecs:PutClusterCapacityProviders\",\n        \"ecs:ListTasks\",\n        \"ecs:ListServices\",\n        \"ecs:DescribeTasks\",\n        \"ecs:DescribeTaskSets\",\n        \"ecs:DescribeTaskDefinition\",\n        \"ecs:DescribeServices\",\n        \"ecs:DeregisterContainerInstance\",\n        \"ecs:DeleteTaskSet\",\n        \"ecs:CreateTaskSet\"\n      ],\n      \"Resource\": \"*\"\n    },\n    {\n      \"Sid\": \"AllowIAMPassRole\",\n      \"Effect\": \"Allow\",\n      \"Action\": \"iam:PassRole\",\n      \"Resource\": \"*\"\n    },\n    {\n      \"Sid\": \"AllowCloudWatchActions\",\n      \"Effect\": \"Allow\",\n      \"Action\": [\n        \"logs:PutLogEvents\",\n        \"logs:CreateLogStream\",\n        \"logs:CreateLogGroup\"\n      ],\n      \"Resource\": \"*\"\n    }\n  ]\n}",
            "override_json": null,
            "override_policy_documents": null,
            "policy_id": null,
            "source_json": null,
            "source_policy_documents": null,
            "statement": [
              {
                "actions": [
                  "s3:GetBucketAcl",
                  "s3:GetObject",
                  "s3:GetObjectVersion",
                  "s3:List*",
                  "s3:PutObject"
                ],
                "condition": [],
                "effect": "Allow",
                "not_actions": [],
                "not_principals": [],
                "not_resources": [],
                "principals": [],
                "resources": [
                  "*"
                ],
                "sid": "AllowS3Actions"
              },
              {
                "actions": [
                  "codebuild:BatchGetBuildBatches",
                  "codebuild:BatchGetBuilds",
                  "codebuild:StartBuild",
                  "codebuild:StartBuildBatch",
                  "codebuild:StopBuild"
                ],
                "condition": [],
                "effect": "Allow",
                "not_actions": [],
                "not_principals": [],
                "not_resources": [],
                "principals": [],
                "resources": [
                  "*"
                ],
                "sid": "AllowCodebuildActions"
              },
              {
                "actions": [
                  "codebuild:ListBuilds"
                ],
                "condition": [],
                "effect": "Allow",
                "not_actions": [],
                "not_principals": [],
                "not_resources": [],
                "principals": [],
                "resources": [
                  "*"
                ],
                "sid": "AllowCodebuildList"
              },
              {
                "actions": [
                  "codedeploy:CreateDeployment",
                  "codedeploy:GetApplication",
                  "codedeploy:GetApplicationRevision",
                  "codedeploy:GetDeployment",
                  "codedeploy:GetDeploymentGroup",
                  "codedeploy:RegisterApplicationRevision"
                ],
                "condition": [],
                "effect": "Allow",
                "not_actions": [],
                "not_principals": [],
                "not_resources": [],
                "principals": [],
                "resources": [
                  "*"
                ],
                "sid": "AllowCodeDeployActions"
              },
              {
                "actions": [
                  "codedeploy:CreateDeploymentConfig",
                  "codedeploy:CreateDeploymentGroup",
                  "codedeploy:GetDeploymentConfig",
                  "codedeploy:GetDeploymentTarget",
                  "codedeploy:ListApplications",
                  "codedeploy:ListDeploymentConfigs",
                  "codedeploy:ListDeploymentGroups",
                  "codedeploy:ListDeployments",
                  "codedeploy:StopDeployment"
                ],
                "condition": [],
                "effect": "Allow",
                "not_actions": [],
                "not_principals": [],
                "not_resources": [],
                "principals": [],
                "resources": [
                  "*"
                ],
                "sid": "AllowCodeDeployConfigs"
              },
              {
                "actions": [
                  "ecr:BatchCheckLayerAvailability",
                  "ecr:BatchGetImage",
                  "ecr:CompleteLayerUpload",
                  "ecr:GetDownloadUrlForLayer",
                  "ecr:InitiateLayerUpload",
                  "ecr:PutImage",
                  "ecr:UploadLayerPart"
                ],
                "condition": [],
                "effect": "Allow",
                "not_actions": [],
                "not_principals": [],
                "not_resources": [],
                "principals": [],
                "resources": [
                  "*"
                ],
                "sid": "AllowECRActions"
              },
              {
                "actions": [
                  "ecr:GetAuthorizationToken"
                ],
                "condition": [],
                "effect": "Allow",
                "not_actions": [],
                "not_principals": [],
                "not_resources": [],
                "principals": [],
                "resources": [
                  "*"
                ],
                "sid": "AllowECRAuthorization"
              },
              {
                "actions": [
                  "ecs:CreateTaskSet",
                  "ecs:DeleteTaskSet",
                  "ecs:DeregisterContainerInstance",
                  "ecs:DescribeServices",
                  "ecs:DescribeTaskDefinition",
                  "ecs:DescribeTaskSets",
                  "ecs:DescribeTasks",
                  "ecs:ListServices",
                  "ecs:ListTasks",
                  "ecs:PutClusterCapacityProviders",
                  "ecs:RegisterTaskDefinition",
                  "ecs:RunTask",
                  "ecs:StartTask",
                  "ecs:StopTask",
                  "ecs:UpdateCapacityProvider",
                  "ecs:UpdateCluster",
                  "ecs:UpdateService",
                  "ecs:UpdateServicePrimaryTaskSet",
                  "ecs:UpdateTaskSet"
                ],
                "condition": [],
                "effect": "Allow",
                "not_actions": [],
                "not_principals": [],
                "not_resources": [],
                "principals": [],
                "resources": [
                  "*"
                ],
                "sid": "AllowCECSServiceActions"
              },
              {
                "actions": [
                  "iam:PassRole"
                ],
                "condition": [],
                "effect": "Allow",
                "not_actions": [],
                "not_principals": [],
                "not_resources": [],
                "principals": [],
                "resources": [
                  "*"
                ],
                "sid": "AllowIAMPassRole"
              },
              {
                "actions": [
                  "logs:CreateLogGroup",
                  "logs:CreateLogStream",
                  "logs:PutLogEvents"
                ],
                "condition": [],
                "effect": "Allow",
                "not_actions": [],
                "not_principals": [],
                "not_resources": [],
                "principals": [],
                "resources": [
                  "*"
                ],
                "sid": "AllowCloudWatchActions"
              }
            ],
            "version": "2012-10-17"
          },
          "sensitive_attributes": []
        }
      ]
    },
    {
      "module": "module.devops_role",
      "mode": "data",
      "type": "aws_iam_policy_document",
      "name": "role_policy_ecs_task_role",
      "provider": "provider[\"registry.terraform.io/hashicorp/aws\"]",
      "instances": [
        {
          "schema_version": 0,
          "attributes": {
            "id": "752101109",
            "json": "{\n  \"Version\": \"2012-10-17\",\n  \"Statement\": [\n    {\n      \"Sid\": \"AllowS3Actions\",\n      \"Effect\": \"Allow\",\n      \"Action\": [\n        \"s3:ListBucket\",\n        \"s3:GetObject\"\n      ],\n      \"Resource\": \"*\"\n    },\n    {\n      \"Sid\": \"AllowIAMPassRole\",\n      \"Effect\": \"Allow\",\n      \"Action\": \"iam:PassRole\",\n      \"Resource\": \"*\"\n    },\n    {\n      \"Sid\": \"AllowDynamodbActions\",\n      \"Effect\": \"Allow\",\n      \"Action\": [\n        \"dynamodb:Scan\",\n        \"dynamodb:Query\",\n        \"dynamodb:List*\",\n        \"dynamodb:GetItem\",\n        \"dynamodb:Describe*\",\n        \"dynamodb:BatchGetItem\"\n      ],\n      \"Resource\": \"*\"\n    }\n  ]\n}",
            "override_json": null,
            "override_policy_documents": null,
            "policy_id": null,
            "source_json": null,
            "source_policy_documents": null,
            "statement": [
              {
                "actions": [
                  "s3:GetObject",
                  "s3:ListBucket"
                ],
                "condition": [],
                "effect": "Allow",
                "not_actions": [],
                "not_principals": [],
                "not_resources": [],
                "principals": [],
                "resources": [
                  "*"
                ],
                "sid": "AllowS3Actions"
              },
              {
                "actions": [
                  "iam:PassRole"
                ],
                "condition": [],
                "effect": "Allow",
                "not_actions": [],
                "not_principals": [],
                "not_resources": [],
                "principals": [],
                "resources": [
                  "*"
                ],
                "sid": "AllowIAMPassRole"
              },
              {
                "actions": [
                  "dynamodb:BatchGetItem",
                  "dynamodb:Describe*",
                  "dynamodb:GetItem",
                  "dynamodb:List*",
                  "dynamodb:Query",
                  "dynamodb:Scan"
                ],
                "condition": [],
                "effect": "Allow",
                "not_actions": [],
                "not_principals": [],
                "not_resources": [],
                "principals": [],
                "resources": [
                  "*"
                ],
                "sid": "AllowDynamodbActions"
              }
            ],
            "version": "2012-10-17"
          },
          "sensitive_attributes": []
        }
      ]
    },
    {
      "module": "module.devops_role",
      "mode": "managed",
      "type": "aws_iam_role",
      "name": "devops_role",
      "provider": "provider[\"registry.terraform.io/hashicorp/aws\"]",
      "instances": [
        {
          "index_key": 0,
          "schema_version": 0,
          "attributes": {
            "arn": "arn:aws:iam::746731052158:role/snakecode-devops-role",
            "assume_role_policy": "{\"Version\":\"2012-10-17\",\"Statement\":[{\"Effect\":\"Allow\",\"Principal\":{\"Service\":[\"codedeploy.amazonaws.com\",\"codepipeline.amazonaws.com\",\"codebuild.amazonaws.com\"]},\"Action\":\"sts:AssumeRole\"}]}",
            "create_date": "2023-05-07T10:25:20Z",
            "description": "",
            "force_detach_policies": false,
            "id": "snakecode-devops-role",
            "inline_policy": [
              {
                "name": "",
                "policy": ""
              }
            ],
            "managed_policy_arns": [
              "arn:aws:iam::746731052158:policy/Policy-snakecode-devops-role"
            ],
            "max_session_duration": 3600,
            "name": "snakecode-devops-role",
            "name_prefix": "",
            "path": "/",
            "permissions_boundary": null,
            "tags": {
              "Name": "snakecode-devops-role"
            },
            "tags_all": {
              "Name": "snakecode-devops-role"
            },
            "unique_id": "AROA23XFDTR7I5RZQQVBW"
          },
          "sensitive_attributes": [],
          "private": "bnVsbA==",
          "create_before_destroy": true
        }
      ]
    },
    {
      "module": "module.devops_role",
      "mode": "managed",
      "type": "aws_iam_role",
      "name": "ecs_task_excecution_role",
      "provider": "provider[\"registry.terraform.io/hashicorp/aws\"]",
      "instances": []
    },
    {
      "module": "module.dynamodb_table",
      "mode": "managed",
      "type": "aws_dynamodb_table",
      "name": "dynamodb_table",
      "provider": "provider[\"registry.terraform.io/hashicorp/aws\"]",
      "instances": [
        {
          "schema_version": 1,
          "attributes": {
            "arn": "arn:aws:dynamodb:us-west-1:746731052158:table/assets-table-snakecode",
            "attribute": [
              {
                "name": "id",
                "type": "N"
              }
            ],
            "billing_mode": "PAY_PER_REQUEST",
            "global_secondary_index": [],
            "hash_key": "id",
            "id": "assets-table-snakecode",
            "local_secondary_index": [],
            "name": "assets-table-snakecode",
            "point_in_time_recovery": [
              {
                "enabled": false
              }
            ],
            "range_key": null,
            "read_capacity": 0,
            "replica": [],
            "restore_date_time": null,
            "restore_source_name": null,
            "restore_to_latest_time": null,
            "server_side_encryption": [],
            "stream_arn": "",
            "stream_enabled": false,
            "stream_label": "",
            "stream_view_type": "",
            "table_class": "",
            "tags": {},
            "tags_all": {},
            "timeouts": null,
            "ttl": [
              {
                "attribute_name": "",
                "enabled": false
              }
            ],
            "write_capacity": 0
          },
          "sensitive_attributes": [],
          "private": "eyJlMmJmYjczMC1lY2FhLTExZTYtOGY4OC0zNDM2M2JjN2M0YzAiOnsiY3JlYXRlIjoxODAwMDAwMDAwMDAwLCJkZWxldGUiOjYwMDAwMDAwMDAwMCwidXBkYXRlIjozNjAwMDAwMDAwMDAwfSwic2NoZW1hX3ZlcnNpb24iOiIxIn0=",
          "create_before_destroy": true
        }
      ]
    },
    {
      "module": "module.ecr_client",
      "mode": "managed",
      "type": "aws_ecr_repository",
      "name": "ecr_repository",
      "provider": "provider[\"registry.terraform.io/hashicorp/aws\"]",
      "instances": [
        {
          "schema_version": 0,
          "attributes": {
            "arn": "arn:aws:ecr:us-west-1:746731052158:repository/snakecode-client-repo",
            "encryption_configuration": [
              {
                "encryption_type": "AES256",
                "kms_key": ""
              }
            ],
            "id": "snakecode-client-repo",
            "image_scanning_configuration": [
              {
                "scan_on_push": false
              }
            ],
            "image_tag_mutability": "MUTABLE",
            "name": "snakecode-client-repo",
            "registry_id": "746731052158",
            "repository_url": "746731052158.dkr.ecr.us-west-1.amazonaws.com/snakecode-client-repo",
            "tags": {},
            "tags_all": {},
            "timeouts": null
          },
          "sensitive_attributes": [],
          "private": "eyJlMmJmYjczMC1lY2FhLTExZTYtOGY4OC0zNDM2M2JjN2M0YzAiOnsiZGVsZXRlIjoxMjAwMDAwMDAwMDAwfX0=",
          "create_before_destroy": true
        }
      ]
    },
    {
      "module": "module.ecr_server",
      "mode": "managed",
      "type": "aws_ecr_repository",
      "name": "ecr_repository",
      "provider": "provider[\"registry.terraform.io/hashicorp/aws\"]",
      "instances": [
        {
          "schema_version": 0,
          "attributes": {
            "arn": "arn:aws:ecr:us-west-1:746731052158:repository/snakecode-server-repo",
            "encryption_configuration": [
              {
                "encryption_type": "AES256",
                "kms_key": ""
              }
            ],
            "id": "snakecode-server-repo",
            "image_scanning_configuration": [
              {
                "scan_on_push": false
              }
            ],
            "image_tag_mutability": "MUTABLE",
            "name": "snakecode-server-repo",
            "registry_id": "746731052158",
            "repository_url": "746731052158.dkr.ecr.us-west-1.amazonaws.com/snakecode-server-repo",
            "tags": {},
            "tags_all": {},
            "timeouts": null
          },
          "sensitive_attributes": [],
          "private": "eyJlMmJmYjczMC1lY2FhLTExZTYtOGY4OC0zNDM2M2JjN2M0YzAiOnsiZGVsZXRlIjoxMjAwMDAwMDAwMDAwfX0=",
          "create_before_destroy": true
        }
      ]
    },
    {
      "module": "module.ecs_autoscaling_client",
      "mode": "managed",
      "type": "aws_appautoscaling_policy",
      "name": "cpu",
      "provider": "provider[\"registry.terraform.io/hashicorp/aws\"]",
      "instances": [
        {
          "schema_version": 0,
          "attributes": {
            "arn": "arn:aws:autoscaling:us-west-1:746731052158:scalingPolicy:d3ae07de-faa0-433a-ad9f-e235d554b56a:resource/ecs/service/Cluster-snakecode/Service-snakecode-client:policyName/ecs_scale_cpu_service_snakecode-client",
            "id": "ecs_scale_cpu_service_snakecode-client",
            "name": "ecs_scale_cpu_service_snakecode-client",
            "policy_type": "TargetTrackingScaling",
            "resource_id": "service/Cluster-snakecode/Service-snakecode-client",
            "scalable_dimension": "ecs:service:DesiredCount",
            "service_namespace": "ecs",
            "step_scaling_policy_configuration": [],
            "target_tracking_scaling_policy_configuration": [
              {
                "customized_metric_specification": [],
                "disable_scale_in": false,
                "predefined_metric_specification": [
                  {
                    "predefined_metric_type": "ECSServiceAverageCPUUtilization",
                    "resource_label": ""
                  }
                ],
                "scale_in_cooldown": 60,
                "scale_out_cooldown": 60,
                "target_value": 50
              }
            ]
          },
          "sensitive_attributes": [],
          "private": "bnVsbA==",
          "dependencies": [
            "module.alb_client.aws_alb.alb",
            "module.alb_client.aws_alb_listener.http_listener",
            "module.alb_client.aws_alb_listener.https_listener",
            "module.alb_client.aws_alb_target_group.target_group",
            "module.ecr_client.aws_ecr_repository.ecr_repository",
            "module.ecs_autoscaling_client.aws_appautoscaling_target.ecs_target",
            "module.ecs_cluster.aws_ecs_cluster.ecs_cluster",
            "module.ecs_role.aws_iam_role.devops_role",
            "module.ecs_role.aws_iam_role.ecs_task_excecution_role",
            "module.ecs_role.aws_iam_role.ecs_task_role",
            "module.ecs_service_client.aws_ecs_service.ecs_service",
            "module.ecs_taks_definition_client.aws_ecs_task_definition.ecs_task_definition",
            "module.networking.aws_subnet.private_subnets_client",
            "module.networking.aws_subnet.public_subnets",
            "module.networking.aws_vpc.aws_vpc",
            "module.networking.data.aws_availability_zones.az_availables",
            "module.security_group_alb_client.aws_security_group.sg",
            "module.security_group_ecs_task_client.aws_security_group.sg",
            "module.target_group_client_blue.aws_alb_target_group.target_group"
          ]
        }
      ]
    },
    {
      "module": "module.ecs_autoscaling_client",
      "mode": "managed",
      "type": "aws_appautoscaling_policy",
      "name": "memory",
      "provider": "provider[\"registry.terraform.io/hashicorp/aws\"]",
      "instances": [
        {
          "schema_version": 0,
          "attributes": {
            "arn": "arn:aws:autoscaling:us-west-1:746731052158:scalingPolicy:d3ae07de-faa0-433a-ad9f-e235d554b56a:resource/ecs/service/Cluster-snakecode/Service-snakecode-client:policyName/ecs_scale_memory_service_snakecode-client",
            "id": "ecs_scale_memory_service_snakecode-client",
            "name": "ecs_scale_memory_service_snakecode-client",
            "policy_type": "TargetTrackingScaling",
            "resource_id": "service/Cluster-snakecode/Service-snakecode-client",
            "scalable_dimension": "ecs:service:DesiredCount",
            "service_namespace": "ecs",
            "step_scaling_policy_configuration": [],
            "target_tracking_scaling_policy_configuration": [
              {
                "customized_metric_specification": [],
                "disable_scale_in": false,
                "predefined_metric_specification": [
                  {
                    "predefined_metric_type": "ECSServiceAverageMemoryUtilization",
                    "resource_label": ""
                  }
                ],
                "scale_in_cooldown": 60,
                "scale_out_cooldown": 60,
                "target_value": 50
              }
            ]
          },
          "sensitive_attributes": [],
          "private": "bnVsbA==",
          "dependencies": [
            "module.alb_client.aws_alb.alb",
            "module.alb_client.aws_alb_listener.http_listener",
            "module.alb_client.aws_alb_listener.https_listener",
            "module.alb_client.aws_alb_target_group.target_group",
            "module.ecr_client.aws_ecr_repository.ecr_repository",
            "module.ecs_autoscaling_client.aws_appautoscaling_target.ecs_target",
            "module.ecs_cluster.aws_ecs_cluster.ecs_cluster",
            "module.ecs_role.aws_iam_role.devops_role",
            "module.ecs_role.aws_iam_role.ecs_task_excecution_role",
            "module.ecs_role.aws_iam_role.ecs_task_role",
            "module.ecs_service_client.aws_ecs_service.ecs_service",
            "module.ecs_taks_definition_client.aws_ecs_task_definition.ecs_task_definition",
            "module.networking.aws_subnet.private_subnets_client",
            "module.networking.aws_subnet.public_subnets",
            "module.networking.aws_vpc.aws_vpc",
            "module.networking.data.aws_availability_zones.az_availables",
            "module.security_group_alb_client.aws_security_group.sg",
            "module.security_group_ecs_task_client.aws_security_group.sg",
            "module.target_group_client_blue.aws_alb_target_group.target_group"
          ]
        }
      ]
    },
    {
      "module": "module.ecs_autoscaling_client",
      "mode": "managed",
      "type": "aws_appautoscaling_target",
      "name": "ecs_target",
      "provider": "provider[\"registry.terraform.io/hashicorp/aws\"]",
      "instances": [
        {
          "schema_version": 0,
          "attributes": {
            "id": "service/Cluster-snakecode/Service-snakecode-client",
            "max_capacity": 4,
            "min_capacity": 1,
            "resource_id": "service/Cluster-snakecode/Service-snakecode-client",
            "role_arn": "arn:aws:iam::746731052158:role/aws-service-role/ecs.application-autoscaling.amazonaws.com/AWSServiceRoleForApplicationAutoScaling_ECSService",
            "scalable_dimension": "ecs:service:DesiredCount",
            "service_namespace": "ecs"
          },
          "sensitive_attributes": [],
          "private": "bnVsbA==",
          "dependencies": [
            "module.alb_client.aws_alb.alb",
            "module.alb_client.aws_alb_listener.http_listener",
            "module.alb_client.aws_alb_listener.https_listener",
            "module.alb_client.aws_alb_target_group.target_group",
            "module.ecr_client.aws_ecr_repository.ecr_repository",
            "module.ecs_cluster.aws_ecs_cluster.ecs_cluster",
            "module.ecs_role.aws_iam_role.devops_role",
            "module.ecs_role.aws_iam_role.ecs_task_excecution_role",
            "module.ecs_role.aws_iam_role.ecs_task_role",
            "module.ecs_service_client.aws_ecs_service.ecs_service",
            "module.ecs_taks_definition_client.aws_ecs_task_definition.ecs_task_definition",
            "module.networking.aws_subnet.private_subnets_client",
            "module.networking.aws_subnet.public_subnets",
            "module.networking.aws_vpc.aws_vpc",
            "module.networking.data.aws_availability_zones.az_availables",
            "module.security_group_alb_client.aws_security_group.sg",
            "module.security_group_ecs_task_client.aws_security_group.sg",
            "module.target_group_client_blue.aws_alb_target_group.target_group"
          ]
        }
      ]
    },
    {
      "module": "module.ecs_autoscaling_client",
      "mode": "managed",
      "type": "aws_cloudwatch_metric_alarm",
      "name": "high-cpu-policy-alarm",
      "provider": "provider[\"registry.terraform.io/hashicorp/aws\"]",
      "instances": [
        {
          "schema_version": 1,
          "attributes": {
            "actions_enabled": true,
            "alarm_actions": [],
            "alarm_description": "High CPUPolicy Landing Page for ecs service-snakecode-client",
            "alarm_name": "high-cpu-ecs-service-snakecode-client",
            "arn": "arn:aws:cloudwatch:us-west-1:746731052158:alarm:high-cpu-ecs-service-snakecode-client",
            "comparison_operator": "GreaterThanOrEqualToThreshold",
            "datapoints_to_alarm": 0,
            "dimensions": {
              "ClusterName": "Cluster-snakecode",
              "ServiceName": "Service-snakecode-client"
            },
            "evaluate_low_sample_count_percentiles": "",
            "evaluation_periods": 2,
            "extended_statistic": "",
            "id": "high-cpu-ecs-service-snakecode-client",
            "insufficient_data_actions": [],
            "metric_name": "CPUUtilization",
            "metric_query": [],
            "namespace": "AWS/ECS",
            "ok_actions": [],
            "period": 60,
            "statistic": "Maximum",
            "tags": {},
            "tags_all": {},
            "threshold": 50,
            "threshold_metric_id": "",
            "treat_missing_data": "missing",
            "unit": ""
          },
          "sensitive_attributes": [],
          "private": "eyJzY2hlbWFfdmVyc2lvbiI6IjEifQ==",
          "dependencies": [
            "module.alb_client.aws_alb.alb",
            "module.alb_client.aws_alb_listener.http_listener",
            "module.alb_client.aws_alb_listener.https_listener",
            "module.alb_client.aws_alb_target_group.target_group",
            "module.ecr_client.aws_ecr_repository.ecr_repository",
            "module.ecs_cluster.aws_ecs_cluster.ecs_cluster",
            "module.ecs_role.aws_iam_role.devops_role",
            "module.ecs_role.aws_iam_role.ecs_task_excecution_role",
            "module.ecs_role.aws_iam_role.ecs_task_role",
            "module.ecs_service_client.aws_ecs_service.ecs_service",
            "module.ecs_taks_definition_client.aws_ecs_task_definition.ecs_task_definition",
            "module.networking.aws_subnet.private_subnets_client",
            "module.networking.aws_subnet.public_subnets",
            "module.networking.aws_vpc.aws_vpc",
            "module.networking.data.aws_availability_zones.az_availables",
            "module.security_group_alb_client.aws_security_group.sg",
            "module.security_group_ecs_task_client.aws_security_group.sg",
            "module.target_group_client_blue.aws_alb_target_group.target_group"
          ]
        }
      ]
    },
    {
      "module": "module.ecs_autoscaling_client",
      "mode": "managed",
      "type": "aws_cloudwatch_metric_alarm",
      "name": "high-memory-policy-alarm",
      "provider": "provider[\"registry.terraform.io/hashicorp/aws\"]",
      "instances": [
        {
          "schema_version": 1,
          "attributes": {
            "actions_enabled": true,
            "alarm_actions": [],
            "alarm_description": "High Memory for ecs service-snakecode-client",
            "alarm_name": "high-memory-ecs-service-snakecode-client",
            "arn": "arn:aws:cloudwatch:us-west-1:746731052158:alarm:high-memory-ecs-service-snakecode-client",
            "comparison_operator": "GreaterThanOrEqualToThreshold",
            "datapoints_to_alarm": 0,
            "dimensions": {
              "ClusterName": "Cluster-snakecode",
              "ServiceName": "Service-snakecode-client"
            },
            "evaluate_low_sample_count_percentiles": "",
            "evaluation_periods": 2,
            "extended_statistic": "",
            "id": "high-memory-ecs-service-snakecode-client",
            "insufficient_data_actions": [],
            "metric_name": "MemoryUtilization",
            "metric_query": [],
            "namespace": "AWS/ECS",
            "ok_actions": [],
            "period": 60,
            "statistic": "Maximum",
            "tags": {},
            "tags_all": {},
            "threshold": 50,
            "threshold_metric_id": "",
            "treat_missing_data": "missing",
            "unit": ""
          },
          "sensitive_attributes": [],
          "private": "eyJzY2hlbWFfdmVyc2lvbiI6IjEifQ==",
          "dependencies": [
            "module.alb_client.aws_alb.alb",
            "module.alb_client.aws_alb_listener.http_listener",
            "module.alb_client.aws_alb_listener.https_listener",
            "module.alb_client.aws_alb_target_group.target_group",
            "module.ecr_client.aws_ecr_repository.ecr_repository",
            "module.ecs_cluster.aws_ecs_cluster.ecs_cluster",
            "module.ecs_role.aws_iam_role.devops_role",
            "module.ecs_role.aws_iam_role.ecs_task_excecution_role",
            "module.ecs_role.aws_iam_role.ecs_task_role",
            "module.ecs_service_client.aws_ecs_service.ecs_service",
            "module.ecs_taks_definition_client.aws_ecs_task_definition.ecs_task_definition",
            "module.networking.aws_subnet.private_subnets_client",
            "module.networking.aws_subnet.public_subnets",
            "module.networking.aws_vpc.aws_vpc",
            "module.networking.data.aws_availability_zones.az_availables",
            "module.security_group_alb_client.aws_security_group.sg",
            "module.security_group_ecs_task_client.aws_security_group.sg",
            "module.target_group_client_blue.aws_alb_target_group.target_group"
          ]
        }
      ]
    },
    {
      "module": "module.ecs_autoscaling_server",
      "mode": "managed",
      "type": "aws_appautoscaling_policy",
      "name": "cpu",
      "provider": "provider[\"registry.terraform.io/hashicorp/aws\"]",
      "instances": [
        {
          "schema_version": 0,
          "attributes": {
            "arn": "arn:aws:autoscaling:us-west-1:746731052158:scalingPolicy:8aa98da7-5ce0-4b78-ad86-48aa65078ee8:resource/ecs/service/Cluster-snakecode/Service-snakecode-server:policyName/ecs_scale_cpu_service_snakecode-server",
            "id": "ecs_scale_cpu_service_snakecode-server",
            "name": "ecs_scale_cpu_service_snakecode-server",
            "policy_type": "TargetTrackingScaling",
            "resource_id": "service/Cluster-snakecode/Service-snakecode-server",
            "scalable_dimension": "ecs:service:DesiredCount",
            "service_namespace": "ecs",
            "step_scaling_policy_configuration": [],
            "target_tracking_scaling_policy_configuration": [
              {
                "customized_metric_specification": [],
                "disable_scale_in": false,
                "predefined_metric_specification": [
                  {
                    "predefined_metric_type": "ECSServiceAverageCPUUtilization",
                    "resource_label": ""
                  }
                ],
                "scale_in_cooldown": 60,
                "scale_out_cooldown": 60,
                "target_value": 50
              }
            ]
          },
          "sensitive_attributes": [],
          "private": "bnVsbA==",
          "dependencies": [
            "module.alb_server.aws_alb.alb",
            "module.alb_server.aws_alb_listener.http_listener",
            "module.alb_server.aws_alb_listener.https_listener",
            "module.alb_server.aws_alb_target_group.target_group",
            "module.ecr_server.aws_ecr_repository.ecr_repository",
            "module.ecs_autoscaling_server.aws_appautoscaling_target.ecs_target",
            "module.ecs_cluster.aws_ecs_cluster.ecs_cluster",
            "module.ecs_role.aws_iam_role.devops_role",
            "module.ecs_role.aws_iam_role.ecs_task_excecution_role",
            "module.ecs_role.aws_iam_role.ecs_task_role",
            "module.ecs_service_server.aws_ecs_service.ecs_service",
            "module.ecs_taks_definition_server.aws_ecs_task_definition.ecs_task_definition",
            "module.networking.aws_subnet.private_subnets_server",
            "module.networking.aws_subnet.public_subnets",
            "module.networking.aws_vpc.aws_vpc",
            "module.networking.data.aws_availability_zones.az_availables",
            "module.security_group_alb_server.aws_security_group.sg",
            "module.security_group_ecs_task_server.aws_security_group.sg",
            "module.target_group_server_blue.aws_alb_target_group.target_group"
          ]
        }
      ]
    },
    {
      "module": "module.ecs_autoscaling_server",
      "mode": "managed",
      "type": "aws_appautoscaling_policy",
      "name": "memory",
      "provider": "provider[\"registry.terraform.io/hashicorp/aws\"]",
      "instances": [
        {
          "schema_version": 0,
          "attributes": {
            "arn": "arn:aws:autoscaling:us-west-1:746731052158:scalingPolicy:8aa98da7-5ce0-4b78-ad86-48aa65078ee8:resource/ecs/service/Cluster-snakecode/Service-snakecode-server:policyName/ecs_scale_memory_service_snakecode-server",
            "id": "ecs_scale_memory_service_snakecode-server",
            "name": "ecs_scale_memory_service_snakecode-server",
            "policy_type": "TargetTrackingScaling",
            "resource_id": "service/Cluster-snakecode/Service-snakecode-server",
            "scalable_dimension": "ecs:service:DesiredCount",
            "service_namespace": "ecs",
            "step_scaling_policy_configuration": [],
            "target_tracking_scaling_policy_configuration": [
              {
                "customized_metric_specification": [],
                "disable_scale_in": false,
                "predefined_metric_specification": [
                  {
                    "predefined_metric_type": "ECSServiceAverageMemoryUtilization",
                    "resource_label": ""
                  }
                ],
                "scale_in_cooldown": 60,
                "scale_out_cooldown": 60,
                "target_value": 50
              }
            ]
          },
          "sensitive_attributes": [],
          "private": "bnVsbA==",
          "dependencies": [
            "module.alb_server.aws_alb.alb",
            "module.alb_server.aws_alb_listener.http_listener",
            "module.alb_server.aws_alb_listener.https_listener",
            "module.alb_server.aws_alb_target_group.target_group",
            "module.ecr_server.aws_ecr_repository.ecr_repository",
            "module.ecs_autoscaling_server.aws_appautoscaling_target.ecs_target",
            "module.ecs_cluster.aws_ecs_cluster.ecs_cluster",
            "module.ecs_role.aws_iam_role.devops_role",
            "module.ecs_role.aws_iam_role.ecs_task_excecution_role",
            "module.ecs_role.aws_iam_role.ecs_task_role",
            "module.ecs_service_server.aws_ecs_service.ecs_service",
            "module.ecs_taks_definition_server.aws_ecs_task_definition.ecs_task_definition",
            "module.networking.aws_subnet.private_subnets_server",
            "module.networking.aws_subnet.public_subnets",
            "module.networking.aws_vpc.aws_vpc",
            "module.networking.data.aws_availability_zones.az_availables",
            "module.security_group_alb_server.aws_security_group.sg",
            "module.security_group_ecs_task_server.aws_security_group.sg",
            "module.target_group_server_blue.aws_alb_target_group.target_group"
          ]
        }
      ]
    },
    {
      "module": "module.ecs_autoscaling_server",
      "mode": "managed",
      "type": "aws_appautoscaling_target",
      "name": "ecs_target",
      "provider": "provider[\"registry.terraform.io/hashicorp/aws\"]",
      "instances": [
        {
          "schema_version": 0,
          "attributes": {
            "id": "service/Cluster-snakecode/Service-snakecode-server",
            "max_capacity": 4,
            "min_capacity": 1,
            "resource_id": "service/Cluster-snakecode/Service-snakecode-server",
            "role_arn": "arn:aws:iam::746731052158:role/aws-service-role/ecs.application-autoscaling.amazonaws.com/AWSServiceRoleForApplicationAutoScaling_ECSService",
            "scalable_dimension": "ecs:service:DesiredCount",
            "service_namespace": "ecs"
          },
          "sensitive_attributes": [],
          "private": "bnVsbA==",
          "dependencies": [
            "module.alb_server.aws_alb.alb",
            "module.alb_server.aws_alb_listener.http_listener",
            "module.alb_server.aws_alb_listener.https_listener",
            "module.alb_server.aws_alb_target_group.target_group",
            "module.ecr_server.aws_ecr_repository.ecr_repository",
            "module.ecs_cluster.aws_ecs_cluster.ecs_cluster",
            "module.ecs_role.aws_iam_role.devops_role",
            "module.ecs_role.aws_iam_role.ecs_task_excecution_role",
            "module.ecs_role.aws_iam_role.ecs_task_role",
            "module.ecs_service_server.aws_ecs_service.ecs_service",
            "module.ecs_taks_definition_server.aws_ecs_task_definition.ecs_task_definition",
            "module.networking.aws_subnet.private_subnets_server",
            "module.networking.aws_subnet.public_subnets",
            "module.networking.aws_vpc.aws_vpc",
            "module.networking.data.aws_availability_zones.az_availables",
            "module.security_group_alb_server.aws_security_group.sg",
            "module.security_group_ecs_task_server.aws_security_group.sg",
            "module.target_group_server_blue.aws_alb_target_group.target_group"
          ]
        }
      ]
    },
    {
      "module": "module.ecs_autoscaling_server",
      "mode": "managed",
      "type": "aws_cloudwatch_metric_alarm",
      "name": "high-cpu-policy-alarm",
      "provider": "provider[\"registry.terraform.io/hashicorp/aws\"]",
      "instances": [
        {
          "schema_version": 1,
          "attributes": {
            "actions_enabled": true,
            "alarm_actions": [],
            "alarm_description": "High CPUPolicy Landing Page for ecs service-snakecode-server",
            "alarm_name": "high-cpu-ecs-service-snakecode-server",
            "arn": "arn:aws:cloudwatch:us-west-1:746731052158:alarm:high-cpu-ecs-service-snakecode-server",
            "comparison_operator": "GreaterThanOrEqualToThreshold",
            "datapoints_to_alarm": 0,
            "dimensions": {
              "ClusterName": "Cluster-snakecode",
              "ServiceName": "Service-snakecode-server"
            },
            "evaluate_low_sample_count_percentiles": "",
            "evaluation_periods": 2,
            "extended_statistic": "",
            "id": "high-cpu-ecs-service-snakecode-server",
            "insufficient_data_actions": [],
            "metric_name": "CPUUtilization",
            "metric_query": [],
            "namespace": "AWS/ECS",
            "ok_actions": [],
            "period": 60,
            "statistic": "Maximum",
            "tags": {},
            "tags_all": {},
            "threshold": 50,
            "threshold_metric_id": "",
            "treat_missing_data": "missing",
            "unit": ""
          },
          "sensitive_attributes": [],
          "private": "eyJzY2hlbWFfdmVyc2lvbiI6IjEifQ==",
          "dependencies": [
            "module.alb_server.aws_alb.alb",
            "module.alb_server.aws_alb_listener.http_listener",
            "module.alb_server.aws_alb_listener.https_listener",
            "module.alb_server.aws_alb_target_group.target_group",
            "module.ecr_server.aws_ecr_repository.ecr_repository",
            "module.ecs_cluster.aws_ecs_cluster.ecs_cluster",
            "module.ecs_role.aws_iam_role.devops_role",
            "module.ecs_role.aws_iam_role.ecs_task_excecution_role",
            "module.ecs_role.aws_iam_role.ecs_task_role",
            "module.ecs_service_server.aws_ecs_service.ecs_service",
            "module.ecs_taks_definition_server.aws_ecs_task_definition.ecs_task_definition",
            "module.networking.aws_subnet.private_subnets_server",
            "module.networking.aws_subnet.public_subnets",
            "module.networking.aws_vpc.aws_vpc",
            "module.networking.data.aws_availability_zones.az_availables",
            "module.security_group_alb_server.aws_security_group.sg",
            "module.security_group_ecs_task_server.aws_security_group.sg",
            "module.target_group_server_blue.aws_alb_target_group.target_group"
          ]
        }
      ]
    },
    {
      "module": "module.ecs_autoscaling_server",
      "mode": "managed",
      "type": "aws_cloudwatch_metric_alarm",
      "name": "high-memory-policy-alarm",
      "provider": "provider[\"registry.terraform.io/hashicorp/aws\"]",
      "instances": [
        {
          "schema_version": 1,
          "attributes": {
            "actions_enabled": true,
            "alarm_actions": [],
            "alarm_description": "High Memory for ecs service-snakecode-server",
            "alarm_name": "high-memory-ecs-service-snakecode-server",
            "arn": "arn:aws:cloudwatch:us-west-1:746731052158:alarm:high-memory-ecs-service-snakecode-server",
            "comparison_operator": "GreaterThanOrEqualToThreshold",
            "datapoints_to_alarm": 0,
            "dimensions": {
              "ClusterName": "Cluster-snakecode",
              "ServiceName": "Service-snakecode-server"
            },
            "evaluate_low_sample_count_percentiles": "",
            "evaluation_periods": 2,
            "extended_statistic": "",
            "id": "high-memory-ecs-service-snakecode-server",
            "insufficient_data_actions": [],
            "metric_name": "MemoryUtilization",
            "metric_query": [],
            "namespace": "AWS/ECS",
            "ok_actions": [],
            "period": 60,
            "statistic": "Maximum",
            "tags": {},
            "tags_all": {},
            "threshold": 50,
            "threshold_metric_id": "",
            "treat_missing_data": "missing",
            "unit": ""
          },
          "sensitive_attributes": [],
          "private": "eyJzY2hlbWFfdmVyc2lvbiI6IjEifQ==",
          "dependencies": [
            "module.alb_server.aws_alb.alb",
            "module.alb_server.aws_alb_listener.http_listener",
            "module.alb_server.aws_alb_listener.https_listener",
            "module.alb_server.aws_alb_target_group.target_group",
            "module.ecr_server.aws_ecr_repository.ecr_repository",
            "module.ecs_cluster.aws_ecs_cluster.ecs_cluster",
            "module.ecs_role.aws_iam_role.devops_role",
            "module.ecs_role.aws_iam_role.ecs_task_excecution_role",
            "module.ecs_role.aws_iam_role.ecs_task_role",
            "module.ecs_service_server.aws_ecs_service.ecs_service",
            "module.ecs_taks_definition_server.aws_ecs_task_definition.ecs_task_definition",
            "module.networking.aws_subnet.private_subnets_server",
            "module.networking.aws_subnet.public_subnets",
            "module.networking.aws_vpc.aws_vpc",
            "module.networking.data.aws_availability_zones.az_availables",
            "module.security_group_alb_server.aws_security_group.sg",
            "module.security_group_ecs_task_server.aws_security_group.sg",
            "module.target_group_server_blue.aws_alb_target_group.target_group"
          ]
        }
      ]
    },
    {
      "module": "module.ecs_cluster",
      "mode": "managed",
      "type": "aws_ecs_cluster",
      "name": "ecs_cluster",
      "provider": "provider[\"registry.terraform.io/hashicorp/aws\"]",
      "instances": [
        {
          "schema_version": 0,
          "attributes": {
            "arn": "arn:aws:ecs:us-west-1:746731052158:cluster/Cluster-snakecode",
            "capacity_providers": [],
            "configuration": [],
            "default_capacity_provider_strategy": [],
            "id": "arn:aws:ecs:us-west-1:746731052158:cluster/Cluster-snakecode",
            "name": "Cluster-snakecode",
            "setting": [
              {
                "name": "containerInsights",
                "value": "disabled"
              }
            ],
            "tags": {},
            "tags_all": {}
          },
          "sensitive_attributes": [],
          "private": "bnVsbA==",
          "create_before_destroy": true
        }
      ]
    },
    {
      "module": "module.ecs_role",
      "mode": "data",
      "type": "aws_iam_policy_document",
      "name": "role_policy_devops_role",
      "provider": "provider[\"registry.terraform.io/hashicorp/aws\"]",
      "instances": [
        {
          "schema_version": 0,
          "attributes": {
            "id": "1856747035",
            "json": "{\n  \"Version\": \"2012-10-17\",\n  \"Statement\": [\n    {\n      \"Sid\": \"AllowS3Actions\",\n      \"Effect\": \"Allow\",\n      \"Action\": [\n        \"s3:PutObject\",\n        \"s3:List*\",\n        \"s3:GetObjectVersion\",\n        \"s3:GetObject\",\n        \"s3:GetBucketAcl\"\n      ],\n      \"Resource\": \"*\"\n    },\n    {\n      \"Sid\": \"AllowCodebuildActions\",\n      \"Effect\": \"Allow\",\n      \"Action\": [\n        \"codebuild:StopBuild\",\n        \"codebuild:StartBuildBatch\",\n        \"codebuild:StartBuild\",\n        \"codebuild:BatchGetBuilds\",\n        \"codebuild:BatchGetBuildBatches\"\n      ],\n      \"Resource\": \"*\"\n    },\n    {\n      \"Sid\": \"AllowCodebuildList\",\n      \"Effect\": \"Allow\",\n      \"Action\": \"codebuild:ListBuilds\",\n      \"Resource\": \"*\"\n    },\n    {\n      \"Sid\": \"AllowCodeDeployActions\",\n      \"Effect\": \"Allow\",\n      \"Action\": [\n        \"codedeploy:RegisterApplicationRevision\",\n        \"codedeploy:GetDeploymentGroup\",\n        \"codedeploy:GetDeployment\",\n        \"codedeploy:GetApplicationRevision\",\n        \"codedeploy:GetApplication\",\n        \"codedeploy:CreateDeployment\"\n      ],\n      \"Resource\": \"*\"\n    },\n    {\n      \"Sid\": \"AllowCodeDeployConfigs\",\n      \"Effect\": \"Allow\",\n      \"Action\": [\n        \"codedeploy:StopDeployment\",\n        \"codedeploy:ListDeployments\",\n        \"codedeploy:ListDeploymentGroups\",\n        \"codedeploy:ListDeploymentConfigs\",\n        \"codedeploy:ListApplications\",\n        \"codedeploy:GetDeploymentTarget\",\n        \"codedeploy:GetDeploymentConfig\",\n        \"codedeploy:CreateDeploymentGroup\",\n        \"codedeploy:CreateDeploymentConfig\"\n      ],\n      \"Resource\": \"*\"\n    },\n    {\n      \"Sid\": \"AllowECRActions\",\n      \"Effect\": \"Allow\",\n      \"Action\": [\n        \"ecr:UploadLayerPart\",\n        \"ecr:PutImage\",\n        \"ecr:InitiateLayerUpload\",\n        \"ecr:GetDownloadUrlForLayer\",\n        \"ecr:CompleteLayerUpload\",\n        \"ecr:BatchGetImage\",\n        \"ecr:BatchCheckLayerAvailability\"\n      ],\n      \"Resource\": \"*\"\n    },\n    {\n      \"Sid\": \"AllowECRAuthorization\",\n      \"Effect\": \"Allow\",\n      \"Action\": \"ecr:GetAuthorizationToken\",\n      \"Resource\": \"*\"\n    },\n    {\n      \"Sid\": \"AllowCECSServiceActions\",\n      \"Effect\": \"Allow\",\n      \"Action\": [\n        \"ecs:UpdateTaskSet\",\n        \"ecs:UpdateServicePrimaryTaskSet\",\n        \"ecs:UpdateService\",\n        \"ecs:UpdateCluster\",\n        \"ecs:UpdateCapacityProvider\",\n        \"ecs:StopTask\",\n        \"ecs:StartTask\",\n        \"ecs:RunTask\",\n        \"ecs:RegisterTaskDefinition\",\n        \"ecs:PutClusterCapacityProviders\",\n        \"ecs:ListTasks\",\n        \"ecs:ListServices\",\n        \"ecs:DescribeTasks\",\n        \"ecs:DescribeTaskSets\",\n        \"ecs:DescribeTaskDefinition\",\n        \"ecs:DescribeServices\",\n        \"ecs:DeregisterContainerInstance\",\n        \"ecs:DeleteTaskSet\",\n        \"ecs:CreateTaskSet\"\n      ],\n      \"Resource\": \"*\"\n    },\n    {\n      \"Sid\": \"AllowIAMPassRole\",\n      \"Effect\": \"Allow\",\n      \"Action\": \"iam:PassRole\",\n      \"Resource\": \"*\"\n    },\n    {\n      \"Sid\": \"AllowCloudWatchActions\",\n      \"Effect\": \"Allow\",\n      \"Action\": [\n        \"logs:PutLogEvents\",\n        \"logs:CreateLogStream\",\n        \"logs:CreateLogGroup\"\n      ],\n      \"Resource\": \"*\"\n    }\n  ]\n}",
            "override_json": null,
            "override_policy_documents": null,
            "policy_id": null,
            "source_json": null,
            "source_policy_documents": null,
            "statement": [
              {
                "actions": [
                  "s3:GetBucketAcl",
                  "s3:GetObject",
                  "s3:GetObjectVersion",
                  "s3:List*",
                  "s3:PutObject"
                ],
                "condition": [],
                "effect": "Allow",
                "not_actions": [],
                "not_principals": [],
                "not_resources": [],
                "principals": [],
                "resources": [
                  "*"
                ],
                "sid": "AllowS3Actions"
              },
              {
                "actions": [
                  "codebuild:BatchGetBuildBatches",
                  "codebuild:BatchGetBuilds",
                  "codebuild:StartBuild",
                  "codebuild:StartBuildBatch",
                  "codebuild:StopBuild"
                ],
                "condition": [],
                "effect": "Allow",
                "not_actions": [],
                "not_principals": [],
                "not_resources": [],
                "principals": [],
                "resources": [
                  "*"
                ],
                "sid": "AllowCodebuildActions"
              },
              {
                "actions": [
                  "codebuild:ListBuilds"
                ],
                "condition": [],
                "effect": "Allow",
                "not_actions": [],
                "not_principals": [],
                "not_resources": [],
                "principals": [],
                "resources": [
                  "*"
                ],
                "sid": "AllowCodebuildList"
              },
              {
                "actions": [
                  "codedeploy:CreateDeployment",
                  "codedeploy:GetApplication",
                  "codedeploy:GetApplicationRevision",
                  "codedeploy:GetDeployment",
                  "codedeploy:GetDeploymentGroup",
                  "codedeploy:RegisterApplicationRevision"
                ],
                "condition": [],
                "effect": "Allow",
                "not_actions": [],
                "not_principals": [],
                "not_resources": [],
                "principals": [],
                "resources": [
                  "*"
                ],
                "sid": "AllowCodeDeployActions"
              },
              {
                "actions": [
                  "codedeploy:CreateDeploymentConfig",
                  "codedeploy:CreateDeploymentGroup",
                  "codedeploy:GetDeploymentConfig",
                  "codedeploy:GetDeploymentTarget",
                  "codedeploy:ListApplications",
                  "codedeploy:ListDeploymentConfigs",
                  "codedeploy:ListDeploymentGroups",
                  "codedeploy:ListDeployments",
                  "codedeploy:StopDeployment"
                ],
                "condition": [],
                "effect": "Allow",
                "not_actions": [],
                "not_principals": [],
                "not_resources": [],
                "principals": [],
                "resources": [
                  "*"
                ],
                "sid": "AllowCodeDeployConfigs"
              },
              {
                "actions": [
                  "ecr:BatchCheckLayerAvailability",
                  "ecr:BatchGetImage",
                  "ecr:CompleteLayerUpload",
                  "ecr:GetDownloadUrlForLayer",
                  "ecr:InitiateLayerUpload",
                  "ecr:PutImage",
                  "ecr:UploadLayerPart"
                ],
                "condition": [],
                "effect": "Allow",
                "not_actions": [],
                "not_principals": [],
                "not_resources": [],
                "principals": [],
                "resources": [
                  "*"
                ],
                "sid": "AllowECRActions"
              },
              {
                "actions": [
                  "ecr:GetAuthorizationToken"
                ],
                "condition": [],
                "effect": "Allow",
                "not_actions": [],
                "not_principals": [],
                "not_resources": [],
                "principals": [],
                "resources": [
                  "*"
                ],
                "sid": "AllowECRAuthorization"
              },
              {
                "actions": [
                  "ecs:CreateTaskSet",
                  "ecs:DeleteTaskSet",
                  "ecs:DeregisterContainerInstance",
                  "ecs:DescribeServices",
                  "ecs:DescribeTaskDefinition",
                  "ecs:DescribeTaskSets",
                  "ecs:DescribeTasks",
                  "ecs:ListServices",
                  "ecs:ListTasks",
                  "ecs:PutClusterCapacityProviders",
                  "ecs:RegisterTaskDefinition",
                  "ecs:RunTask",
                  "ecs:StartTask",
                  "ecs:StopTask",
                  "ecs:UpdateCapacityProvider",
                  "ecs:UpdateCluster",
                  "ecs:UpdateService",
                  "ecs:UpdateServicePrimaryTaskSet",
                  "ecs:UpdateTaskSet"
                ],
                "condition": [],
                "effect": "Allow",
                "not_actions": [],
                "not_principals": [],
                "not_resources": [],
                "principals": [],
                "resources": [
                  "*"
                ],
                "sid": "AllowCECSServiceActions"
              },
              {
                "actions": [
                  "iam:PassRole"
                ],
                "condition": [],
                "effect": "Allow",
                "not_actions": [],
                "not_principals": [],
                "not_resources": [],
                "principals": [],
                "resources": [
                  "*"
                ],
                "sid": "AllowIAMPassRole"
              },
              {
                "actions": [
                  "logs:CreateLogGroup",
                  "logs:CreateLogStream",
                  "logs:PutLogEvents"
                ],
                "condition": [],
                "effect": "Allow",
                "not_actions": [],
                "not_principals": [],
                "not_resources": [],
                "principals": [],
                "resources": [
                  "*"
                ],
                "sid": "AllowCloudWatchActions"
              }
            ],
            "version": "2012-10-17"
          },
          "sensitive_attributes": []
        }
      ]
    },
    {
      "module": "module.ecs_role",
      "mode": "data",
      "type": "aws_iam_policy_document",
      "name": "role_policy_ecs_task_role",
      "provider": "provider[\"registry.terraform.io/hashicorp/aws\"]",
      "instances": [
        {
          "schema_version": 0,
          "attributes": {
            "id": "97115446",
            "json": "{\n  \"Version\": \"2012-10-17\",\n  \"Statement\": [\n    {\n      \"Sid\": \"AllowS3Actions\",\n      \"Effect\": \"Allow\",\n      \"Action\": [\n        \"s3:ListBucket\",\n        \"s3:GetObject\"\n      ],\n      \"Resource\": \"*\"\n    },\n    {\n      \"Sid\": \"AllowIAMPassRole\",\n      \"Effect\": \"Allow\",\n      \"Action\": \"iam:PassRole\",\n      \"Resource\": \"*\"\n    },\n    {\n      \"Sid\": \"AllowDynamodbActions\",\n      \"Effect\": \"Allow\",\n      \"Action\": [\n        \"dynamodb:Scan\",\n        \"dynamodb:Query\",\n        \"dynamodb:List*\",\n        \"dynamodb:GetItem\",\n        \"dynamodb:Describe*\",\n        \"dynamodb:BatchGetItem\"\n      ],\n      \"Resource\": \"arn:aws:dynamodb:us-west-1:746731052158:table/assets-table-snakecode\"\n    }\n  ]\n}",
            "override_json": null,
            "override_policy_documents": null,
            "policy_id": null,
            "source_json": null,
            "source_policy_documents": null,
            "statement": [
              {
                "actions": [
                  "s3:GetObject",
                  "s3:ListBucket"
                ],
                "condition": [],
                "effect": "Allow",
                "not_actions": [],
                "not_principals": [],
                "not_resources": [],
                "principals": [],
                "resources": [
                  "*"
                ],
                "sid": "AllowS3Actions"
              },
              {
                "actions": [
                  "iam:PassRole"
                ],
                "condition": [],
                "effect": "Allow",
                "not_actions": [],
                "not_principals": [],
                "not_resources": [],
                "principals": [],
                "resources": [
                  "*"
                ],
                "sid": "AllowIAMPassRole"
              },
              {
                "actions": [
                  "dynamodb:BatchGetItem",
                  "dynamodb:Describe*",
                  "dynamodb:GetItem",
                  "dynamodb:List*",
                  "dynamodb:Query",
                  "dynamodb:Scan"
                ],
                "condition": [],
                "effect": "Allow",
                "not_actions": [],
                "not_principals": [],
                "not_resources": [],
                "principals": [],
                "resources": [
                  "arn:aws:dynamodb:us-west-1:746731052158:table/assets-table-snakecode"
                ],
                "sid": "AllowDynamodbActions"
              }
            ],
            "version": "2012-10-17"
          },
          "sensitive_attributes": []
        }
      ]
    },
    {
      "module": "module.ecs_role",
      "mode": "managed",
      "type": "aws_iam_policy",
      "name": "policy_for_ecs_task_role",
      "provider": "provider[\"registry.terraform.io/hashicorp/aws\"]",
      "instances": [
        {
          "index_key": 0,
          "schema_version": 0,
          "attributes": {
            "arn": "arn:aws:iam::746731052158:policy/Policy-snakecode-ecs-task-role",
            "description": "IAM Policy for Role snakecode-ecs-task-role",
            "id": "arn:aws:iam::746731052158:policy/Policy-snakecode-ecs-task-role",
            "name": "Policy-snakecode-ecs-task-role",
            "name_prefix": null,
            "path": "/",
            "policy": "{\"Statement\":[{\"Action\":[\"s3:ListBucket\",\"s3:GetObject\"],\"Effect\":\"Allow\",\"Resource\":\"*\",\"Sid\":\"AllowS3Actions\"},{\"Action\":\"iam:PassRole\",\"Effect\":\"Allow\",\"Resource\":\"*\",\"Sid\":\"AllowIAMPassRole\"},{\"Action\":[\"dynamodb:Scan\",\"dynamodb:Query\",\"dynamodb:List*\",\"dynamodb:GetItem\",\"dynamodb:Describe*\",\"dynamodb:BatchGetItem\"],\"Effect\":\"Allow\",\"Resource\":\"arn:aws:dynamodb:us-west-1:746731052158:table/assets-table-snakecode\",\"Sid\":\"AllowDynamodbActions\"}],\"Version\":\"2012-10-17\"}",
            "policy_id": "ANPA23XFDTR7OWFT5CATQ",
            "tags": {},
            "tags_all": {}
          },
          "sensitive_attributes": [],
          "private": "bnVsbA==",
          "dependencies": [
            "module.dynamodb_table.aws_dynamodb_table.dynamodb_table",
            "module.ecs_role.data.aws_iam_policy_document.role_policy_ecs_task_role"
          ],
          "create_before_destroy": true
        }
      ]
    },
    {
      "module": "module.ecs_role",
      "mode": "managed",
      "type": "aws_iam_role",
      "name": "devops_role",
      "provider": "provider[\"registry.terraform.io/hashicorp/aws\"]",
      "instances": []
    },
    {
      "module": "module.ecs_role",
      "mode": "managed",
      "type": "aws_iam_role",
      "name": "ecs_task_excecution_role",
      "provider": "provider[\"registry.terraform.io/hashicorp/aws\"]",
      "instances": [
        {
          "index_key": 0,
          "schema_version": 0,
          "attributes": {
            "arn": "arn:aws:iam::746731052158:role/snakecode-ecs-task-excecution-role",
            "assume_role_policy": "{\"Version\":\"2012-10-17\",\"Statement\":[{\"Sid\":\"\",\"Effect\":\"Allow\",\"Principal\":{\"Service\":\"ecs-tasks.amazonaws.com\"},\"Action\":\"sts:AssumeRole\"}]}",
            "create_date": "2023-05-07T10:25:21Z",
            "description": "",
            "force_detach_policies": false,
            "id": "snakecode-ecs-task-excecution-role",
            "inline_policy": [
              {
                "name": "",
                "policy": ""
              }
            ],
            "managed_policy_arns": [
              "arn:aws:iam::aws:policy/service-role/AmazonECSTaskExecutionRolePolicy"
            ],
            "max_session_duration": 3600,
            "name": "snakecode-ecs-task-excecution-role",
            "name_prefix": "",
            "path": "/",
            "permissions_boundary": null,
            "tags": {
              "Name": "snakecode-ecs-task-excecution-role"
            },
            "tags_all": {
              "Name": "snakecode-ecs-task-excecution-role"
            },
            "unique_id": "AROA23XFDTR7FXA7BNGJS"
          },
          "sensitive_attributes": [],
          "private": "bnVsbA==",
          "create_before_destroy": true
        }
      ]
    },
    {
      "module": "module.ecs_role",
      "mode": "managed",
      "type": "aws_iam_role",
      "name": "ecs_task_role",
      "provider": "provider[\"registry.terraform.io/hashicorp/aws\"]",
      "instances": [
        {
          "index_key": 0,
          "schema_version": 0,
          "attributes": {
            "arn": "arn:aws:iam::746731052158:role/snakecode-ecs-task-role",
            "assume_role_policy": "{\"Version\":\"2012-10-17\",\"Statement\":[{\"Sid\":\"\",\"Effect\":\"Allow\",\"Principal\":{\"Service\":\"ecs-tasks.amazonaws.com\"},\"Action\":\"sts:AssumeRole\"}]}",
            "create_date": "2023-05-07T10:25:19Z",
            "description": "",
            "force_detach_policies": false,
            "id": "snakecode-ecs-task-role",
            "inline_policy": [
              {
                "name": "",
                "policy": ""
              }
            ],
            "managed_policy_arns": [
              "arn:aws:iam::746731052158:policy/Policy-snakecode-ecs-task-role"
            ],
            "max_session_duration": 3600,
            "name": "snakecode-ecs-task-role",
            "name_prefix": "",
            "path": "/",
            "permissions_boundary": null,
            "tags": {
              "Name": "snakecode-ecs-task-role"
            },
            "tags_all": {
              "Name": "snakecode-ecs-task-role"
            },
            "unique_id": "AROA23XFDTR7FVK5RJZHB"
          },
          "sensitive_attributes": [],
          "private": "bnVsbA==",
          "create_before_destroy": true
        }
      ]
    },
    {
      "module": "module.ecs_role",
      "mode": "managed",
      "type": "aws_iam_role_policy_attachment",
      "name": "attachment",
      "provider": "provider[\"registry.terraform.io/hashicorp/aws\"]",
      "instances": [
        {
          "index_key": 0,
          "schema_version": 0,
          "attributes": {
            "id": "snakecode-ecs-task-excecution-role-20230507102520659200000002",
            "policy_arn": "arn:aws:iam::aws:policy/service-role/AmazonECSTaskExecutionRolePolicy",
            "role": "snakecode-ecs-task-excecution-role"
          },
          "sensitive_attributes": [],
          "private": "bnVsbA==",
          "dependencies": [
            "module.ecs_role.aws_iam_role.ecs_task_excecution_role"
          ],
          "create_before_destroy": true
        }
      ]
    },
    {
      "module": "module.ecs_role",
      "mode": "managed",
      "type": "aws_iam_role_policy_attachment",
      "name": "ecs_attachment",
      "provider": "provider[\"registry.terraform.io/hashicorp/aws\"]",
      "instances": [
        {
          "index_key": 0,
          "schema_version": 0,
          "attributes": {
            "id": "snakecode-ecs-task-role-20230507102526782400000003",
            "policy_arn": "arn:aws:iam::746731052158:policy/Policy-snakecode-ecs-task-role",
            "role": "snakecode-ecs-task-role"
          },
          "sensitive_attributes": [],
          "private": "bnVsbA==",
          "dependencies": [
            "module.dynamodb_table.aws_dynamodb_table.dynamodb_table",
            "module.ecs_role.aws_iam_policy.policy_for_ecs_task_role",
            "module.ecs_role.aws_iam_role.ecs_task_role",
            "module.ecs_role.data.aws_iam_policy_document.role_policy_ecs_task_role"
          ],
          "create_before_destroy": true
        }
      ]
    },
    {
      "module": "module.ecs_role_policy",
      "mode": "data",
      "type": "aws_iam_policy_document",
      "name": "role_policy_devops_role",
      "provider": "provider[\"registry.terraform.io/hashicorp/aws\"]",
      "instances": [
        {
          "schema_version": 0,
          "attributes": {
            "id": "1856747035",
            "json": "{\n  \"Version\": \"2012-10-17\",\n  \"Statement\": [\n    {\n      \"Sid\": \"AllowS3Actions\",\n      \"Effect\": \"Allow\",\n      \"Action\": [\n        \"s3:PutObject\",\n        \"s3:List*\",\n        \"s3:GetObjectVersion\",\n        \"s3:GetObject\",\n        \"s3:GetBucketAcl\"\n      ],\n      \"Resource\": \"*\"\n    },\n    {\n      \"Sid\": \"AllowCodebuildActions\",\n      \"Effect\": \"Allow\",\n      \"Action\": [\n        \"codebuild:StopBuild\",\n        \"codebuild:StartBuildBatch\",\n        \"codebuild:StartBuild\",\n        \"codebuild:BatchGetBuilds\",\n        \"codebuild:BatchGetBuildBatches\"\n      ],\n      \"Resource\": \"*\"\n    },\n    {\n      \"Sid\": \"AllowCodebuildList\",\n      \"Effect\": \"Allow\",\n      \"Action\": \"codebuild:ListBuilds\",\n      \"Resource\": \"*\"\n    },\n    {\n      \"Sid\": \"AllowCodeDeployActions\",\n      \"Effect\": \"Allow\",\n      \"Action\": [\n        \"codedeploy:RegisterApplicationRevision\",\n        \"codedeploy:GetDeploymentGroup\",\n        \"codedeploy:GetDeployment\",\n        \"codedeploy:GetApplicationRevision\",\n        \"codedeploy:GetApplication\",\n        \"codedeploy:CreateDeployment\"\n      ],\n      \"Resource\": \"*\"\n    },\n    {\n      \"Sid\": \"AllowCodeDeployConfigs\",\n      \"Effect\": \"Allow\",\n      \"Action\": [\n        \"codedeploy:StopDeployment\",\n        \"codedeploy:ListDeployments\",\n        \"codedeploy:ListDeploymentGroups\",\n        \"codedeploy:ListDeploymentConfigs\",\n        \"codedeploy:ListApplications\",\n        \"codedeploy:GetDeploymentTarget\",\n        \"codedeploy:GetDeploymentConfig\",\n        \"codedeploy:CreateDeploymentGroup\",\n        \"codedeploy:CreateDeploymentConfig\"\n      ],\n      \"Resource\": \"*\"\n    },\n    {\n      \"Sid\": \"AllowECRActions\",\n      \"Effect\": \"Allow\",\n      \"Action\": [\n        \"ecr:UploadLayerPart\",\n        \"ecr:PutImage\",\n        \"ecr:InitiateLayerUpload\",\n        \"ecr:GetDownloadUrlForLayer\",\n        \"ecr:CompleteLayerUpload\",\n        \"ecr:BatchGetImage\",\n        \"ecr:BatchCheckLayerAvailability\"\n      ],\n      \"Resource\": \"*\"\n    },\n    {\n      \"Sid\": \"AllowECRAuthorization\",\n      \"Effect\": \"Allow\",\n      \"Action\": \"ecr:GetAuthorizationToken\",\n      \"Resource\": \"*\"\n    },\n    {\n      \"Sid\": \"AllowCECSServiceActions\",\n      \"Effect\": \"Allow\",\n      \"Action\": [\n        \"ecs:UpdateTaskSet\",\n        \"ecs:UpdateServicePrimaryTaskSet\",\n        \"ecs:UpdateService\",\n        \"ecs:UpdateCluster\",\n        \"ecs:UpdateCapacityProvider\",\n        \"ecs:StopTask\",\n        \"ecs:StartTask\",\n        \"ecs:RunTask\",\n        \"ecs:RegisterTaskDefinition\",\n        \"ecs:PutClusterCapacityProviders\",\n        \"ecs:ListTasks\",\n        \"ecs:ListServices\",\n        \"ecs:DescribeTasks\",\n        \"ecs:DescribeTaskSets\",\n        \"ecs:DescribeTaskDefinition\",\n        \"ecs:DescribeServices\",\n        \"ecs:DeregisterContainerInstance\",\n        \"ecs:DeleteTaskSet\",\n        \"ecs:CreateTaskSet\"\n      ],\n      \"Resource\": \"*\"\n    },\n    {\n      \"Sid\": \"AllowIAMPassRole\",\n      \"Effect\": \"Allow\",\n      \"Action\": \"iam:PassRole\",\n      \"Resource\": \"*\"\n    },\n    {\n      \"Sid\": \"AllowCloudWatchActions\",\n      \"Effect\": \"Allow\",\n      \"Action\": [\n        \"logs:PutLogEvents\",\n        \"logs:CreateLogStream\",\n        \"logs:CreateLogGroup\"\n      ],\n      \"Resource\": \"*\"\n    }\n  ]\n}",
            "override_json": null,
            "override_policy_documents": null,
            "policy_id": null,
            "source_json": null,
            "source_policy_documents": null,
            "statement": [
              {
                "actions": [
                  "s3:GetBucketAcl",
                  "s3:GetObject",
                  "s3:GetObjectVersion",
                  "s3:List*",
                  "s3:PutObject"
                ],
                "condition": [],
                "effect": "Allow",
                "not_actions": [],
                "not_principals": [],
                "not_resources": [],
                "principals": [],
                "resources": [
                  "*"
                ],
                "sid": "AllowS3Actions"
              },
              {
                "actions": [
                  "codebuild:BatchGetBuildBatches",
                  "codebuild:BatchGetBuilds",
                  "codebuild:StartBuild",
                  "codebuild:StartBuildBatch",
                  "codebuild:StopBuild"
                ],
                "condition": [],
                "effect": "Allow",
                "not_actions": [],
                "not_principals": [],
                "not_resources": [],
                "principals": [],
                "resources": [
                  "*"
                ],
                "sid": "AllowCodebuildActions"
              },
              {
                "actions": [
                  "codebuild:ListBuilds"
                ],
                "condition": [],
                "effect": "Allow",
                "not_actions": [],
                "not_principals": [],
                "not_resources": [],
                "principals": [],
                "resources": [
                  "*"
                ],
                "sid": "AllowCodebuildList"
              },
              {
                "actions": [
                  "codedeploy:CreateDeployment",
                  "codedeploy:GetApplication",
                  "codedeploy:GetApplicationRevision",
                  "codedeploy:GetDeployment",
                  "codedeploy:GetDeploymentGroup",
                  "codedeploy:RegisterApplicationRevision"
                ],
                "condition": [],
                "effect": "Allow",
                "not_actions": [],
                "not_principals": [],
                "not_resources": [],
                "principals": [],
                "resources": [
                  "*"
                ],
                "sid": "AllowCodeDeployActions"
              },
              {
                "actions": [
                  "codedeploy:CreateDeploymentConfig",
                  "codedeploy:CreateDeploymentGroup",
                  "codedeploy:GetDeploymentConfig",
                  "codedeploy:GetDeploymentTarget",
                  "codedeploy:ListApplications",
                  "codedeploy:ListDeploymentConfigs",
                  "codedeploy:ListDeploymentGroups",
                  "codedeploy:ListDeployments",
                  "codedeploy:StopDeployment"
                ],
                "condition": [],
                "effect": "Allow",
                "not_actions": [],
                "not_principals": [],
                "not_resources": [],
                "principals": [],
                "resources": [
                  "*"
                ],
                "sid": "AllowCodeDeployConfigs"
              },
              {
                "actions": [
                  "ecr:BatchCheckLayerAvailability",
                  "ecr:BatchGetImage",
                  "ecr:CompleteLayerUpload",
                  "ecr:GetDownloadUrlForLayer",
                  "ecr:InitiateLayerUpload",
                  "ecr:PutImage",
                  "ecr:UploadLayerPart"
                ],
                "condition": [],
                "effect": "Allow",
                "not_actions": [],
                "not_principals": [],
                "not_resources": [],
                "principals": [],
                "resources": [
                  "*"
                ],
                "sid": "AllowECRActions"
              },
              {
                "actions": [
                  "ecr:GetAuthorizationToken"
                ],
                "condition": [],
                "effect": "Allow",
                "not_actions": [],
                "not_principals": [],
                "not_resources": [],
                "principals": [],
                "resources": [
                  "*"
                ],
                "sid": "AllowECRAuthorization"
              },
              {
                "actions": [
                  "ecs:CreateTaskSet",
                  "ecs:DeleteTaskSet",
                  "ecs:DeregisterContainerInstance",
                  "ecs:DescribeServices",
                  "ecs:DescribeTaskDefinition",
                  "ecs:DescribeTaskSets",
                  "ecs:DescribeTasks",
                  "ecs:ListServices",
                  "ecs:ListTasks",
                  "ecs:PutClusterCapacityProviders",
                  "ecs:RegisterTaskDefinition",
                  "ecs:RunTask",
                  "ecs:StartTask",
                  "ecs:StopTask",
                  "ecs:UpdateCapacityProvider",
                  "ecs:UpdateCluster",
                  "ecs:UpdateService",
                  "ecs:UpdateServicePrimaryTaskSet",
                  "ecs:UpdateTaskSet"
                ],
                "condition": [],
                "effect": "Allow",
                "not_actions": [],
                "not_principals": [],
                "not_resources": [],
                "principals": [],
                "resources": [
                  "*"
                ],
                "sid": "AllowCECSServiceActions"
              },
              {
                "actions": [
                  "iam:PassRole"
                ],
                "condition": [],
                "effect": "Allow",
                "not_actions": [],
                "not_principals": [],
                "not_resources": [],
                "principals": [],
                "resources": [
                  "*"
                ],
                "sid": "AllowIAMPassRole"
              },
              {
                "actions": [
                  "logs:CreateLogGroup",
                  "logs:CreateLogStream",
                  "logs:PutLogEvents"
                ],
                "condition": [],
                "effect": "Allow",
                "not_actions": [],
                "not_principals": [],
                "not_resources": [],
                "principals": [],
                "resources": [
                  "*"
                ],
                "sid": "AllowCloudWatchActions"
              }
            ],
            "version": "2012-10-17"
          },
          "sensitive_attributes": []
        }
      ]
    },
    {
      "module": "module.ecs_role_policy",
      "mode": "data",
      "type": "aws_iam_policy_document",
      "name": "role_policy_ecs_task_role",
      "provider": "provider[\"registry.terraform.io/hashicorp/aws\"]",
      "instances": [
        {
          "schema_version": 0,
          "attributes": {
            "id": "752101109",
            "json": "{\n  \"Version\": \"2012-10-17\",\n  \"Statement\": [\n    {\n      \"Sid\": \"AllowS3Actions\",\n      \"Effect\": \"Allow\",\n      \"Action\": [\n        \"s3:ListBucket\",\n        \"s3:GetObject\"\n      ],\n      \"Resource\": \"*\"\n    },\n    {\n      \"Sid\": \"AllowIAMPassRole\",\n      \"Effect\": \"Allow\",\n      \"Action\": \"iam:PassRole\",\n      \"Resource\": \"*\"\n    },\n    {\n      \"Sid\": \"AllowDynamodbActions\",\n      \"Effect\": \"Allow\",\n      \"Action\": [\n        \"dynamodb:Scan\",\n        \"dynamodb:Query\",\n        \"dynamodb:List*\",\n        \"dynamodb:GetItem\",\n        \"dynamodb:Describe*\",\n        \"dynamodb:BatchGetItem\"\n      ],\n      \"Resource\": \"*\"\n    }\n  ]\n}",
            "override_json": null,
            "override_policy_documents": null,
            "policy_id": null,
            "source_json": null,
            "source_policy_documents": null,
            "statement": [
              {
                "actions": [
                  "s3:GetObject",
                  "s3:ListBucket"
                ],
                "condition": [],
                "effect": "Allow",
                "not_actions": [],
                "not_principals": [],
                "not_resources": [],
                "principals": [],
                "resources": [
                  "*"
                ],
                "sid": "AllowS3Actions"
              },
              {
                "actions": [
                  "iam:PassRole"
                ],
                "condition": [],
                "effect": "Allow",
                "not_actions": [],
                "not_principals": [],
                "not_resources": [],
                "principals": [],
                "resources": [
                  "*"
                ],
                "sid": "AllowIAMPassRole"
              },
              {
                "actions": [
                  "dynamodb:BatchGetItem",
                  "dynamodb:Describe*",
                  "dynamodb:GetItem",
                  "dynamodb:List*",
                  "dynamodb:Query",
                  "dynamodb:Scan"
                ],
                "condition": [],
                "effect": "Allow",
                "not_actions": [],
                "not_principals": [],
                "not_resources": [],
                "principals": [],
                "resources": [
                  "*"
                ],
                "sid": "AllowDynamodbActions"
              }
            ],
            "version": "2012-10-17"
          },
          "sensitive_attributes": []
        }
      ]
    },
    {
      "module": "module.ecs_service_client",
      "mode": "managed",
      "type": "aws_ecs_service",
      "name": "ecs_service",
      "provider": "provider[\"registry.terraform.io/hashicorp/aws\"]",
      "instances": [
        {
          "schema_version": 0,
          "attributes": {
            "capacity_provider_strategy": [],
            "cluster": "arn:aws:ecs:us-west-1:746731052158:cluster/Cluster-snakecode",
            "deployment_circuit_breaker": [],
            "deployment_controller": [
              {
                "type": "CODE_DEPLOY"
              }
            ],
            "deployment_maximum_percent": 200,
            "deployment_minimum_healthy_percent": 100,
            "desired_count": 1,
            "enable_ecs_managed_tags": false,
            "enable_execute_command": false,
            "force_new_deployment": null,
            "health_check_grace_period_seconds": 10,
            "iam_role": "aws-service-role",
            "id": "arn:aws:ecs:us-west-1:746731052158:service/Cluster-snakecode/Service-snakecode-client",
            "launch_type": "FARGATE",
            "load_balancer": [
              {
                "container_name": "Container-client",
                "container_port": 80,
                "elb_name": "",
                "target_group_arn": "arn:aws:elasticloadbalancing:us-west-1:746731052158:targetgroup/snakecode-tg-b-client/adb05f17f5591895"
              }
            ],
            "name": "Service-snakecode-client",
            "network_configuration": [
              {
                "assign_public_ip": false,
                "security_groups": [
                  "sg-038a114f044201dc6"
                ],
                "subnets": [
                  "subnet-05aa16ebdbaefb896",
                  "subnet-0931d6159c5c00ce3"
                ]
              }
            ],
            "ordered_placement_strategy": [],
            "placement_constraints": [],
            "platform_version": "1.4.0",
            "propagate_tags": "NONE",
            "scheduling_strategy": "REPLICA",
            "service_registries": [],
            "tags": {},
            "tags_all": {},
            "task_definition": "arn:aws:ecs:us-west-1:746731052158:task-definition/task-definition-snakecode-client:4",
            "timeouts": null,
            "wait_for_steady_state": false
          },
          "sensitive_attributes": [],
          "private": "eyJlMmJmYjczMC1lY2FhLTExZTYtOGY4OC0zNDM2M2JjN2M0YzAiOnsiZGVsZXRlIjoxMjAwMDAwMDAwMDAwfX0=",
          "dependencies": [
            "module.alb_client.aws_alb.alb",
            "module.alb_client.aws_alb_listener.http_listener",
            "module.alb_client.aws_alb_listener.https_listener",
            "module.alb_client.aws_alb_target_group.target_group",
            "module.ecr_client.aws_ecr_repository.ecr_repository",
            "module.ecs_cluster.aws_ecs_cluster.ecs_cluster",
            "module.ecs_role.aws_iam_role.devops_role",
            "module.ecs_role.aws_iam_role.ecs_task_excecution_role",
            "module.ecs_role.aws_iam_role.ecs_task_role",
            "module.ecs_taks_definition_client.aws_ecs_task_definition.ecs_task_definition",
            "module.networking.aws_subnet.private_subnets_client",
            "module.networking.aws_subnet.public_subnets",
            "module.networking.aws_vpc.aws_vpc",
            "module.networking.data.aws_availability_zones.az_availables",
            "module.security_group_alb_client.aws_security_group.sg",
            "module.security_group_ecs_task_client.aws_security_group.sg",
            "module.target_group_client_blue.aws_alb_target_group.target_group"
          ],
          "create_before_destroy": true
        }
      ]
    },
    {
      "module": "module.ecs_service_server",
      "mode": "managed",
      "type": "aws_ecs_service",
      "name": "ecs_service",
      "provider": "provider[\"registry.terraform.io/hashicorp/aws\"]",
      "instances": [
        {
          "schema_version": 0,
          "attributes": {
            "capacity_provider_strategy": [],
            "cluster": "arn:aws:ecs:us-west-1:746731052158:cluster/Cluster-snakecode",
            "deployment_circuit_breaker": [],
            "deployment_controller": [
              {
                "type": "CODE_DEPLOY"
              }
            ],
            "deployment_maximum_percent": 200,
            "deployment_minimum_healthy_percent": 100,
            "desired_count": 1,
            "enable_ecs_managed_tags": false,
            "enable_execute_command": false,
            "force_new_deployment": null,
            "health_check_grace_period_seconds": 10,
            "iam_role": "aws-service-role",
            "id": "arn:aws:ecs:us-west-1:746731052158:service/Cluster-snakecode/Service-snakecode-server",
            "launch_type": "FARGATE",
            "load_balancer": [
              {
                "container_name": "Container-server",
                "container_port": 3001,
                "elb_name": "",
                "target_group_arn": "arn:aws:elasticloadbalancing:us-west-1:746731052158:targetgroup/snakecode-tg-b-server/52ca4f0cca1aef5f"
              }
            ],
            "name": "Service-snakecode-server",
            "network_configuration": [
              {
                "assign_public_ip": false,
                "security_groups": [
                  "sg-00093698379a2ef65"
                ],
                "subnets": [
                  "subnet-0bda8aa997c46c8fe",
                  "subnet-0c92228dd0f582c90"
                ]
              }
            ],
            "ordered_placement_strategy": [],
            "placement_constraints": [],
            "platform_version": "1.4.0",
            "propagate_tags": "NONE",
            "scheduling_strategy": "REPLICA",
            "service_registries": [],
            "tags": {},
            "tags_all": {},
            "task_definition": "arn:aws:ecs:us-west-1:746731052158:task-definition/task-definition-snakecode-server:4",
            "timeouts": null,
            "wait_for_steady_state": false
          },
          "sensitive_attributes": [],
          "private": "eyJlMmJmYjczMC1lY2FhLTExZTYtOGY4OC0zNDM2M2JjN2M0YzAiOnsiZGVsZXRlIjoxMjAwMDAwMDAwMDAwfX0=",
          "dependencies": [
            "module.alb_server.aws_alb.alb",
            "module.alb_server.aws_alb_listener.http_listener",
            "module.alb_server.aws_alb_listener.https_listener",
            "module.alb_server.aws_alb_target_group.target_group",
            "module.ecr_server.aws_ecr_repository.ecr_repository",
            "module.ecs_cluster.aws_ecs_cluster.ecs_cluster",
            "module.ecs_role.aws_iam_role.devops_role",
            "module.ecs_role.aws_iam_role.ecs_task_excecution_role",
            "module.ecs_role.aws_iam_role.ecs_task_role",
            "module.ecs_taks_definition_server.aws_ecs_task_definition.ecs_task_definition",
            "module.networking.aws_subnet.private_subnets_server",
            "module.networking.aws_subnet.public_subnets",
            "module.networking.aws_vpc.aws_vpc",
            "module.networking.data.aws_availability_zones.az_availables",
            "module.security_group_alb_server.aws_security_group.sg",
            "module.security_group_ecs_task_server.aws_security_group.sg",
            "module.target_group_server_blue.aws_alb_target_group.target_group"
          ],
          "create_before_destroy": true
        }
      ]
    },
    {
      "module": "module.ecs_taks_definition_client",
      "mode": "managed",
      "type": "aws_cloudwatch_log_group",
      "name": "TaskDF-Log_Group",
      "provider": "provider[\"registry.terraform.io/hashicorp/aws\"]",
      "instances": [
        {
          "schema_version": 0,
          "attributes": {
            "arn": "arn:aws:logs:us-west-1:746731052158:log-group:/ecs/task-definition-snakecode-client",
            "id": "/ecs/task-definition-snakecode-client",
            "kms_key_id": "",
            "name": "/ecs/task-definition-snakecode-client",
            "name_prefix": null,
            "retention_in_days": 30,
            "tags": {},
            "tags_all": {}
          },
          "sensitive_attributes": [],
          "private": "bnVsbA=="
        }
      ]
    },
    {
      "module": "module.ecs_taks_definition_client",
      "mode": "managed",
      "type": "aws_ecs_task_definition",
      "name": "ecs_task_definition",
      "provider": "provider[\"registry.terraform.io/hashicorp/aws\"]",
      "instances": [
        {
          "schema_version": 1,
          "attributes": {
            "arn": "arn:aws:ecs:us-west-1:746731052158:task-definition/task-definition-snakecode-client:5",
            "container_definitions": "[{\"cpu\":0,\"environment\":[],\"essential\":true,\"image\":\"746731052158.dkr.ecr.us-west-1.amazonaws.com/snakecode-client-repo\",\"logConfiguration\":{\"logDriver\":\"awslogs\",\"options\":{\"awslogs-group\":\"/ecs/task-definition-snakecode-client\",\"awslogs-region\":\"us-west-1\",\"awslogs-stream-prefix\":\"ecs\"}},\"mountPoints\":[],\"name\":\"container-client\",\"portMappings\":[{\"containerPort\":80,\"hostPort\":80,\"protocol\":\"tcp\"}],\"volumesFrom\":[]}]",
            "cpu": "256",
            "ephemeral_storage": [],
            "execution_role_arn": "arn:aws:iam::746731052158:role/snakecode-ecs-task-excecution-role",
            "family": "task-definition-snakecode-client",
            "id": "task-definition-snakecode-client",
            "inference_accelerator": [],
            "ipc_mode": "",
            "memory": "512",
            "network_mode": "awsvpc",
            "pid_mode": "",
            "placement_constraints": [],
            "proxy_configuration": [],
            "requires_compatibilities": [
              "FARGATE"
            ],
            "revision": 5,
            "runtime_platform": [],
            "skip_destroy": false,
            "tags": null,
            "tags_all": {},
            "task_role_arn": "arn:aws:iam::746731052158:role/snakecode-ecs-task-role",
            "volume": []
          },
          "sensitive_attributes": [],
          "private": "eyJzY2hlbWFfdmVyc2lvbiI6IjEifQ==",
          "dependencies": [
            "module.ecr_client.aws_ecr_repository.ecr_repository",
            "module.ecs_role.aws_iam_role.devops_role",
            "module.ecs_role.aws_iam_role.ecs_task_excecution_role",
            "module.ecs_role.aws_iam_role.ecs_task_role"
          ]
        },
        {
          "deposed": "ff7012f9",
          "schema_version": 1,
          "attributes": {
            "arn": "arn:aws:ecs:us-west-1:746731052158:task-definition/task-definition-snakecode-client:4",
            "container_definitions": "[{\"cpu\":0,\"environment\":[],\"essential\":true,\"image\":\"746731052158.dkr.ecr.us-west-1.amazonaws.com/snakecode-client-repo\",\"logConfiguration\":{\"logDriver\":\"awslogs\",\"options\":{\"awslogs-group\":\"/ecs/task-definition-snakecode-client\",\"awslogs-region\":\"us-west-1\",\"awslogs-stream-prefix\":\"ecs\"}},\"mountPoints\":[],\"name\":\"Container-client\",\"portMappings\":[{\"containerPort\":80,\"hostPort\":80,\"protocol\":\"tcp\"}],\"volumesFrom\":[]}]",
            "cpu": "256",
            "ephemeral_storage": [],
            "execution_role_arn": "arn:aws:iam::746731052158:role/snakecode-ecs-task-excecution-role",
            "family": "task-definition-snakecode-client",
            "id": "task-definition-snakecode-client",
            "inference_accelerator": [],
            "ipc_mode": "",
            "memory": "512",
            "network_mode": "awsvpc",
            "pid_mode": "",
            "placement_constraints": [],
            "proxy_configuration": [],
            "requires_compatibilities": [
              "FARGATE"
            ],
            "revision": 4,
            "runtime_platform": [],
            "skip_destroy": false,
            "tags": {},
            "tags_all": {},
            "task_role_arn": "arn:aws:iam::746731052158:role/snakecode-ecs-task-role",
            "volume": []
          },
          "sensitive_attributes": [],
          "private": "eyJzY2hlbWFfdmVyc2lvbiI6IjEifQ==",
          "dependencies": [
            "module.ecr_client.aws_ecr_repository.ecr_repository",
            "module.ecs_role.aws_iam_role.devops_role",
            "module.ecs_role.aws_iam_role.ecs_task_excecution_role",
            "module.ecs_role.aws_iam_role.ecs_task_role"
          ],
          "create_before_destroy": true
        }
      ]
    },
    {
      "module": "module.ecs_taks_definition_server",
      "mode": "managed",
      "type": "aws_cloudwatch_log_group",
      "name": "TaskDF-Log_Group",
      "provider": "provider[\"registry.terraform.io/hashicorp/aws\"]",
      "instances": [
        {
          "schema_version": 0,
          "attributes": {
            "arn": "arn:aws:logs:us-west-1:746731052158:log-group:/ecs/task-definition-snakecode-server",
            "id": "/ecs/task-definition-snakecode-server",
            "kms_key_id": "",
            "name": "/ecs/task-definition-snakecode-server",
            "name_prefix": null,
            "retention_in_days": 30,
            "tags": {},
            "tags_all": {}
          },
          "sensitive_attributes": [],
          "private": "bnVsbA=="
        }
      ]
    },
    {
      "module": "module.ecs_taks_definition_server",
      "mode": "managed",
      "type": "aws_ecs_task_definition",
      "name": "ecs_task_definition",
      "provider": "provider[\"registry.terraform.io/hashicorp/aws\"]",
      "instances": [
        {
          "schema_version": 1,
          "attributes": {
            "arn": "arn:aws:ecs:us-west-1:746731052158:task-definition/task-definition-snakecode-server:5",
            "container_definitions": "[{\"cpu\":0,\"environment\":[],\"essential\":true,\"image\":\"746731052158.dkr.ecr.us-west-1.amazonaws.com/snakecode-server-repo\",\"logConfiguration\":{\"logDriver\":\"awslogs\",\"options\":{\"awslogs-group\":\"/ecs/task-definition-snakecode-server\",\"awslogs-region\":\"us-west-1\",\"awslogs-stream-prefix\":\"ecs\"}},\"mountPoints\":[],\"name\":\"container-server\",\"portMappings\":[{\"containerPort\":3001,\"hostPort\":3001,\"protocol\":\"tcp\"}],\"volumesFrom\":[]}]",
            "cpu": "256",
            "ephemeral_storage": [],
            "execution_role_arn": "arn:aws:iam::746731052158:role/snakecode-ecs-task-excecution-role",
            "family": "task-definition-snakecode-server",
            "id": "task-definition-snakecode-server",
            "inference_accelerator": [],
            "ipc_mode": "",
            "memory": "512",
            "network_mode": "awsvpc",
            "pid_mode": "",
            "placement_constraints": [],
            "proxy_configuration": [],
            "requires_compatibilities": [
              "FARGATE"
            ],
            "revision": 5,
            "runtime_platform": [],
            "skip_destroy": false,
            "tags": null,
            "tags_all": {},
            "task_role_arn": "arn:aws:iam::746731052158:role/snakecode-ecs-task-role",
            "volume": []
          },
          "sensitive_attributes": [],
          "private": "eyJzY2hlbWFfdmVyc2lvbiI6IjEifQ==",
          "dependencies": [
            "module.ecr_server.aws_ecr_repository.ecr_repository",
            "module.ecs_role.aws_iam_role.devops_role",
            "module.ecs_role.aws_iam_role.ecs_task_excecution_role",
            "module.ecs_role.aws_iam_role.ecs_task_role"
          ]
        },
        {
          "deposed": "85f2c8de",
          "schema_version": 1,
          "attributes": {
            "arn": "arn:aws:ecs:us-west-1:746731052158:task-definition/task-definition-snakecode-server:4",
            "container_definitions": "[{\"cpu\":0,\"environment\":[],\"essential\":true,\"image\":\"746731052158.dkr.ecr.us-west-1.amazonaws.com/snakecode-server-repo\",\"logConfiguration\":{\"logDriver\":\"awslogs\",\"options\":{\"awslogs-group\":\"/ecs/task-definition-snakecode-server\",\"awslogs-region\":\"us-west-1\",\"awslogs-stream-prefix\":\"ecs\"}},\"mountPoints\":[],\"name\":\"Container-server\",\"portMappings\":[{\"containerPort\":3001,\"hostPort\":3001,\"protocol\":\"tcp\"}],\"volumesFrom\":[]}]",
            "cpu": "256",
            "ephemeral_storage": [],
            "execution_role_arn": "arn:aws:iam::746731052158:role/snakecode-ecs-task-excecution-role",
            "family": "task-definition-snakecode-server",
            "id": "task-definition-snakecode-server",
            "inference_accelerator": [],
            "ipc_mode": "",
            "memory": "512",
            "network_mode": "awsvpc",
            "pid_mode": "",
            "placement_constraints": [],
            "proxy_configuration": [],
            "requires_compatibilities": [
              "FARGATE"
            ],
            "revision": 4,
            "runtime_platform": [],
            "skip_destroy": false,
            "tags": {},
            "tags_all": {},
            "task_role_arn": "arn:aws:iam::746731052158:role/snakecode-ecs-task-role",
            "volume": []
          },
          "sensitive_attributes": [],
          "private": "eyJzY2hlbWFfdmVyc2lvbiI6IjEifQ==",
          "dependencies": [
            "module.ecr_server.aws_ecr_repository.ecr_repository",
            "module.ecs_role.aws_iam_role.devops_role",
            "module.ecs_role.aws_iam_role.ecs_task_excecution_role",
            "module.ecs_role.aws_iam_role.ecs_task_role"
          ],
          "create_before_destroy": true
        }
      ]
    },
    {
      "module": "module.networking",
      "mode": "data",
      "type": "aws_availability_zones",
      "name": "az_availables",
      "provider": "provider[\"registry.terraform.io/hashicorp/aws\"]",
      "instances": [
        {
          "schema_version": 0,
          "attributes": {
            "all_availability_zones": null,
            "exclude_names": null,
            "exclude_zone_ids": null,
            "filter": null,
            "group_names": [
              "us-west-1"
            ],
            "id": "us-west-1",
            "names": [
              "us-west-1a",
              "us-west-1b"
            ],
            "state": "available",
            "zone_ids": [
              "usw1-az3",
              "usw1-az1"
            ]
          },
          "sensitive_attributes": []
        }
      ]
    },
    {
      "module": "module.networking",
      "mode": "managed",
      "type": "aws_default_route_table",
      "name": "rt_public",
      "provider": "provider[\"registry.terraform.io/hashicorp/aws\"]",
      "instances": [
        {
          "schema_version": 0,
          "attributes": {
            "arn": "arn:aws:ec2:us-west-1:746731052158:route-table/rtb-077c047c37ce8ef55",
            "default_route_table_id": "rtb-077c047c37ce8ef55",
            "id": "rtb-077c047c37ce8ef55",
            "owner_id": "746731052158",
            "propagating_vgws": [],
            "route": [
              {
                "cidr_block": "0.0.0.0/0",
                "destination_prefix_list_id": "",
                "egress_only_gateway_id": "",
                "gateway_id": "igw-0a26e444143b87cd6",
                "instance_id": "",
                "ipv6_cidr_block": "",
                "nat_gateway_id": "",
                "network_interface_id": "",
                "transit_gateway_id": "",
                "vpc_endpoint_id": "",
                "vpc_peering_connection_id": ""
              }
            ],
            "tags": {
              "Name": "public_rt_snakecode"
            },
            "tags_all": {
              "Name": "public_rt_snakecode"
            },
            "timeouts": null,
            "vpc_id": "vpc-03552189ecc43536a"
          },
          "sensitive_attributes": [],
          "private": "eyJlMmJmYjczMC1lY2FhLTExZTYtOGY4OC0zNDM2M2JjN2M0YzAiOnsiY3JlYXRlIjoxMjAwMDAwMDAwMDAsInVwZGF0ZSI6MTIwMDAwMDAwMDAwfX0=",
          "dependencies": [
            "module.networking.aws_internet_gateway.igw",
            "module.networking.aws_vpc.aws_vpc"
          ]
        }
      ]
    },
    {
      "module": "module.networking",
      "mode": "managed",
      "type": "aws_eip",
      "name": "eip",
      "provider": "provider[\"registry.terraform.io/hashicorp/aws\"]",
      "instances": [
        {
          "schema_version": 0,
          "attributes": {
            "address": null,
            "allocation_id": "eipalloc-04228aa85b437bbc6",
            "associate_with_private_ip": null,
            "association_id": "eipassoc-06f6a17dab3f26f2c",
            "carrier_ip": "",
            "customer_owned_ip": "",
            "customer_owned_ipv4_pool": "",
            "domain": "vpc",
            "id": "eipalloc-04228aa85b437bbc6",
            "instance": "",
            "network_border_group": "us-west-1",
            "network_interface": "eni-08abf10a934d656df",
            "private_dns": "ip-10-120-2-240.us-west-1.compute.internal",
            "private_ip": "10.120.2.240",
            "public_dns": "ec2-18-144-111-141.us-west-1.compute.amazonaws.com",
            "public_ip": "18.144.111.141",
            "public_ipv4_pool": "amazon",
            "tags": {
              "Name": "eip-snakecode"
            },
            "tags_all": {
              "Name": "eip-snakecode"
            },
            "timeouts": null,
            "vpc": true
          },
          "sensitive_attributes": [],
          "private": "eyJlMmJmYjczMC1lY2FhLTExZTYtOGY4OC0zNDM2M2JjN2M0YzAiOnsiZGVsZXRlIjoxODAwMDAwMDAwMDAsInJlYWQiOjkwMDAwMDAwMDAwMCwidXBkYXRlIjozMDAwMDAwMDAwMDB9fQ=="
        }
      ]
    },
    {
      "module": "module.networking",
      "mode": "managed",
      "type": "aws_internet_gateway",
      "name": "igw",
      "provider": "provider[\"registry.terraform.io/hashicorp/aws\"]",
      "instances": [
        {
          "schema_version": 0,
          "attributes": {
            "arn": "arn:aws:ec2:us-west-1:746731052158:internet-gateway/igw-0a26e444143b87cd6",
            "id": "igw-0a26e444143b87cd6",
            "owner_id": "746731052158",
            "tags": {
              "Name": "igw_snakecode"
            },
            "tags_all": {
              "Name": "igw_snakecode"
            },
            "vpc_id": "vpc-03552189ecc43536a"
          },
          "sensitive_attributes": [],
          "private": "bnVsbA==",
          "dependencies": [
            "module.networking.aws_vpc.aws_vpc"
          ]
        }
      ]
    },
    {
      "module": "module.networking",
      "mode": "managed",
      "type": "aws_nat_gateway",
      "name": "natgw",
      "provider": "provider[\"registry.terraform.io/hashicorp/aws\"]",
      "instances": [
        {
          "schema_version": 0,
          "attributes": {
            "allocation_id": "eipalloc-04228aa85b437bbc6",
            "connectivity_type": "public",
            "id": "nat-071f68465e8211b2d",
            "network_interface_id": "eni-08abf10a934d656df",
            "private_ip": "10.120.2.240",
            "public_ip": "18.144.111.141",
            "subnet_id": "subnet-0e672fbe043788602",
            "tags": {
              "Name": "nat_snakecode"
            },
            "tags_all": {
              "Name": "nat_snakecode"
            }
          },
          "sensitive_attributes": [],
          "private": "bnVsbA==",
          "dependencies": [
            "module.networking.aws_eip.eip",
            "module.networking.aws_subnet.public_subnets",
            "module.networking.aws_vpc.aws_vpc",
            "module.networking.data.aws_availability_zones.az_availables"
          ]
        }
      ]
    },
    {
      "module": "module.networking",
      "mode": "managed",
      "type": "aws_route_table",
      "name": "rt_private",
      "provider": "provider[\"registry.terraform.io/hashicorp/aws\"]",
      "instances": [
        {
          "schema_version": 0,
          "attributes": {
            "arn": "arn:aws:ec2:us-west-1:746731052158:route-table/rtb-0c47360c763b432c3",
            "id": "rtb-0c47360c763b432c3",
            "owner_id": "746731052158",
            "propagating_vgws": [],
            "route": [
              {
                "carrier_gateway_id": "",
                "cidr_block": "0.0.0.0/0",
                "destination_prefix_list_id": "",
                "egress_only_gateway_id": "",
                "gateway_id": "nat-071f68465e8211b2d",
                "instance_id": "",
                "ipv6_cidr_block": "",
                "local_gateway_id": "",
                "nat_gateway_id": "",
                "network_interface_id": "",
                "transit_gateway_id": "",
                "vpc_endpoint_id": "",
                "vpc_peering_connection_id": ""
              }
            ],
            "tags": {
              "Name": "private_rt_snakecode"
            },
            "tags_all": {
              "Name": "private_rt_snakecode"
            },
            "timeouts": null,
            "vpc_id": "vpc-03552189ecc43536a"
          },
          "sensitive_attributes": [],
          "private": "eyJlMmJmYjczMC1lY2FhLTExZTYtOGY4OC0zNDM2M2JjN2M0YzAiOnsiY3JlYXRlIjozMDAwMDAwMDAwMDAsImRlbGV0ZSI6MzAwMDAwMDAwMDAwLCJ1cGRhdGUiOjEyMDAwMDAwMDAwMH19",
          "dependencies": [
            "module.networking.aws_nat_gateway.natgw",
            "module.networking.aws_vpc.aws_vpc"
          ]
        }
      ]
    },
    {
      "module": "module.networking",
      "mode": "managed",
      "type": "aws_route_table_association",
      "name": "rt_assoc_priv_subnets_client",
      "provider": "provider[\"registry.terraform.io/hashicorp/aws\"]",
      "instances": [
        {
          "index_key": 0,
          "schema_version": 0,
          "attributes": {
            "gateway_id": "",
            "id": "rtbassoc-02e0ce39611025bdb",
            "route_table_id": "rtb-0c47360c763b432c3",
            "subnet_id": "subnet-0931d6159c5c00ce3"
          },
          "sensitive_attributes": [],
          "private": "bnVsbA==",
          "dependencies": [
            "module.networking.aws_eip.eip",
            "module.networking.aws_nat_gateway.natgw",
            "module.networking.aws_route_table.rt_private",
            "module.networking.aws_subnet.private_subnets_client",
            "module.networking.aws_subnet.public_subnets",
            "module.networking.aws_vpc.aws_vpc",
            "module.networking.data.aws_availability_zones.az_availables"
          ]
        },
        {
          "index_key": 1,
          "schema_version": 0,
          "attributes": {
            "gateway_id": "",
            "id": "rtbassoc-03a56052f731b4bd3",
            "route_table_id": "rtb-0c47360c763b432c3",
            "subnet_id": "subnet-05aa16ebdbaefb896"
          },
          "sensitive_attributes": [],
          "private": "bnVsbA==",
          "dependencies": [
            "module.networking.aws_eip.eip",
            "module.networking.aws_nat_gateway.natgw",
            "module.networking.aws_route_table.rt_private",
            "module.networking.aws_subnet.private_subnets_client",
            "module.networking.aws_subnet.public_subnets",
            "module.networking.aws_vpc.aws_vpc",
            "module.networking.data.aws_availability_zones.az_availables"
          ]
        }
      ]
    },
    {
      "module": "module.networking",
      "mode": "managed",
      "type": "aws_route_table_association",
      "name": "rt_assoc_priv_subnets_server",
      "provider": "provider[\"registry.terraform.io/hashicorp/aws\"]",
      "instances": [
        {
          "index_key": 0,
          "schema_version": 0,
          "attributes": {
            "gateway_id": "",
            "id": "rtbassoc-06975d6d0e49703ec",
            "route_table_id": "rtb-0c47360c763b432c3",
            "subnet_id": "subnet-0c92228dd0f582c90"
          },
          "sensitive_attributes": [],
          "private": "bnVsbA==",
          "dependencies": [
            "module.networking.aws_eip.eip",
            "module.networking.aws_nat_gateway.natgw",
            "module.networking.aws_route_table.rt_private",
            "module.networking.aws_subnet.private_subnets_server",
            "module.networking.aws_subnet.public_subnets",
            "module.networking.aws_vpc.aws_vpc",
            "module.networking.data.aws_availability_zones.az_availables"
          ]
        },
        {
          "index_key": 1,
          "schema_version": 0,
          "attributes": {
            "gateway_id": "",
            "id": "rtbassoc-052d0332555ac9e75",
            "route_table_id": "rtb-0c47360c763b432c3",
            "subnet_id": "subnet-0bda8aa997c46c8fe"
          },
          "sensitive_attributes": [],
          "private": "bnVsbA==",
          "dependencies": [
            "module.networking.aws_eip.eip",
            "module.networking.aws_nat_gateway.natgw",
            "module.networking.aws_route_table.rt_private",
            "module.networking.aws_subnet.private_subnets_server",
            "module.networking.aws_subnet.public_subnets",
            "module.networking.aws_vpc.aws_vpc",
            "module.networking.data.aws_availability_zones.az_availables"
          ]
        }
      ]
    },
    {
      "module": "module.networking",
      "mode": "managed",
      "type": "aws_route_table_association",
      "name": "rt_assoc_pub_subnets",
      "provider": "provider[\"registry.terraform.io/hashicorp/aws\"]",
      "instances": [
        {
          "index_key": 0,
          "schema_version": 0,
          "attributes": {
            "gateway_id": "",
            "id": "rtbassoc-0feba3d0618f0b120",
            "route_table_id": "rtb-077c047c37ce8ef55",
            "subnet_id": "subnet-0e672fbe043788602"
          },
          "sensitive_attributes": [],
          "private": "bnVsbA==",
          "dependencies": [
            "module.networking.aws_subnet.public_subnets",
            "module.networking.aws_vpc.aws_vpc",
            "module.networking.data.aws_availability_zones.az_availables"
          ]
        },
        {
          "index_key": 1,
          "schema_version": 0,
          "attributes": {
            "gateway_id": "",
            "id": "rtbassoc-0fd5aba0abbb3679b",
            "route_table_id": "rtb-077c047c37ce8ef55",
            "subnet_id": "subnet-0d53d5d2b5c4778b1"
          },
          "sensitive_attributes": [],
          "private": "bnVsbA==",
          "dependencies": [
            "module.networking.aws_subnet.public_subnets",
            "module.networking.aws_vpc.aws_vpc",
            "module.networking.data.aws_availability_zones.az_availables"
          ]
        }
      ]
    },
    {
      "module": "module.networking",
      "mode": "managed",
      "type": "aws_subnet",
      "name": "private_subnets_client",
      "provider": "provider[\"registry.terraform.io/hashicorp/aws\"]",
      "instances": [
        {
          "index_key": 0,
          "schema_version": 1,
          "attributes": {
            "arn": "arn:aws:ec2:us-west-1:746731052158:subnet/subnet-0931d6159c5c00ce3",
            "assign_ipv6_address_on_creation": false,
            "availability_zone": "us-west-1a",
            "availability_zone_id": "usw1-az3",
            "cidr_block": "10.120.6.0/23",
            "customer_owned_ipv4_pool": "",
            "enable_dns64": false,
            "enable_resource_name_dns_a_record_on_launch": false,
            "enable_resource_name_dns_aaaa_record_on_launch": false,
            "id": "subnet-0931d6159c5c00ce3",
            "ipv6_cidr_block": "",
            "ipv6_cidr_block_association_id": "",
            "ipv6_native": false,
            "map_customer_owned_ip_on_launch": false,
            "map_public_ip_on_launch": false,
            "outpost_arn": "",
            "owner_id": "746731052158",
            "private_dns_hostname_type_on_launch": "ip-name",
            "tags": {
              "Name": "private_subnet_client_0_snakecode"
            },
            "tags_all": {
              "Name": "private_subnet_client_0_snakecode"
            },
            "timeouts": null,
            "vpc_id": "vpc-03552189ecc43536a"
          },
          "sensitive_attributes": [],
          "private": "eyJlMmJmYjczMC1lY2FhLTExZTYtOGY4OC0zNDM2M2JjN2M0YzAiOnsiY3JlYXRlIjo2MDAwMDAwMDAwMDAsImRlbGV0ZSI6MTIwMDAwMDAwMDAwMH0sInNjaGVtYV92ZXJzaW9uIjoiMSJ9",
          "dependencies": [
            "module.networking.aws_vpc.aws_vpc",
            "module.networking.data.aws_availability_zones.az_availables"
          ],
          "create_before_destroy": true
        },
        {
          "index_key": 1,
          "schema_version": 1,
          "attributes": {
            "arn": "arn:aws:ec2:us-west-1:746731052158:subnet/subnet-05aa16ebdbaefb896",
            "assign_ipv6_address_on_creation": false,
            "availability_zone": "us-west-1b",
            "availability_zone_id": "usw1-az1",
            "cidr_block": "10.120.8.0/23",
            "customer_owned_ipv4_pool": "",
            "enable_dns64": false,
            "enable_resource_name_dns_a_record_on_launch": false,
            "enable_resource_name_dns_aaaa_record_on_launch": false,
            "id": "subnet-05aa16ebdbaefb896",
            "ipv6_cidr_block": "",
            "ipv6_cidr_block_association_id": "",
            "ipv6_native": false,
            "map_customer_owned_ip_on_launch": false,
            "map_public_ip_on_launch": false,
            "outpost_arn": "",
            "owner_id": "746731052158",
            "private_dns_hostname_type_on_launch": "ip-name",
            "tags": {
              "Name": "private_subnet_client_1_snakecode"
            },
            "tags_all": {
              "Name": "private_subnet_client_1_snakecode"
            },
            "timeouts": null,
            "vpc_id": "vpc-03552189ecc43536a"
          },
          "sensitive_attributes": [],
          "private": "eyJlMmJmYjczMC1lY2FhLTExZTYtOGY4OC0zNDM2M2JjN2M0YzAiOnsiY3JlYXRlIjo2MDAwMDAwMDAwMDAsImRlbGV0ZSI6MTIwMDAwMDAwMDAwMH0sInNjaGVtYV92ZXJzaW9uIjoiMSJ9",
          "dependencies": [
            "module.networking.aws_vpc.aws_vpc",
            "module.networking.data.aws_availability_zones.az_availables"
          ],
          "create_before_destroy": true
        }
      ]
    },
    {
      "module": "module.networking",
      "mode": "managed",
      "type": "aws_subnet",
      "name": "private_subnets_server",
      "provider": "provider[\"registry.terraform.io/hashicorp/aws\"]",
      "instances": [
        {
          "index_key": 0,
          "schema_version": 1,
          "attributes": {
            "arn": "arn:aws:ec2:us-west-1:746731052158:subnet/subnet-0c92228dd0f582c90",
            "assign_ipv6_address_on_creation": false,
            "availability_zone": "us-west-1a",
            "availability_zone_id": "usw1-az3",
            "cidr_block": "10.120.10.0/23",
            "customer_owned_ipv4_pool": "",
            "enable_dns64": false,
            "enable_resource_name_dns_a_record_on_launch": false,
            "enable_resource_name_dns_aaaa_record_on_launch": false,
            "id": "subnet-0c92228dd0f582c90",
            "ipv6_cidr_block": "",
            "ipv6_cidr_block_association_id": "",
            "ipv6_native": false,
            "map_customer_owned_ip_on_launch": false,
            "map_public_ip_on_launch": false,
            "outpost_arn": "",
            "owner_id": "746731052158",
            "private_dns_hostname_type_on_launch": "ip-name",
            "tags": {
              "Name": "private_subnet_server_0_snakecode"
            },
            "tags_all": {
              "Name": "private_subnet_server_0_snakecode"
            },
            "timeouts": null,
            "vpc_id": "vpc-03552189ecc43536a"
          },
          "sensitive_attributes": [],
          "private": "eyJlMmJmYjczMC1lY2FhLTExZTYtOGY4OC0zNDM2M2JjN2M0YzAiOnsiY3JlYXRlIjo2MDAwMDAwMDAwMDAsImRlbGV0ZSI6MTIwMDAwMDAwMDAwMH0sInNjaGVtYV92ZXJzaW9uIjoiMSJ9",
          "dependencies": [
            "module.networking.aws_vpc.aws_vpc",
            "module.networking.data.aws_availability_zones.az_availables"
          ],
          "create_before_destroy": true
        },
        {
          "index_key": 1,
          "schema_version": 1,
          "attributes": {
            "arn": "arn:aws:ec2:us-west-1:746731052158:subnet/subnet-0bda8aa997c46c8fe",
            "assign_ipv6_address_on_creation": false,
            "availability_zone": "us-west-1b",
            "availability_zone_id": "usw1-az1",
            "cidr_block": "10.120.12.0/23",
            "customer_owned_ipv4_pool": "",
            "enable_dns64": false,
            "enable_resource_name_dns_a_record_on_launch": false,
            "enable_resource_name_dns_aaaa_record_on_launch": false,
            "id": "subnet-0bda8aa997c46c8fe",
            "ipv6_cidr_block": "",
            "ipv6_cidr_block_association_id": "",
            "ipv6_native": false,
            "map_customer_owned_ip_on_launch": false,
            "map_public_ip_on_launch": false,
            "outpost_arn": "",
            "owner_id": "746731052158",
            "private_dns_hostname_type_on_launch": "ip-name",
            "tags": {
              "Name": "private_subnet_server_1_snakecode"
            },
            "tags_all": {
              "Name": "private_subnet_server_1_snakecode"
            },
            "timeouts": null,
            "vpc_id": "vpc-03552189ecc43536a"
          },
          "sensitive_attributes": [],
          "private": "eyJlMmJmYjczMC1lY2FhLTExZTYtOGY4OC0zNDM2M2JjN2M0YzAiOnsiY3JlYXRlIjo2MDAwMDAwMDAwMDAsImRlbGV0ZSI6MTIwMDAwMDAwMDAwMH0sInNjaGVtYV92ZXJzaW9uIjoiMSJ9",
          "dependencies": [
            "module.networking.aws_vpc.aws_vpc",
            "module.networking.data.aws_availability_zones.az_availables"
          ],
          "create_before_destroy": true
        }
      ]
    },
    {
      "module": "module.networking",
      "mode": "managed",
      "type": "aws_subnet",
      "name": "public_subnets",
      "provider": "provider[\"registry.terraform.io/hashicorp/aws\"]",
      "instances": [
        {
          "index_key": 0,
          "schema_version": 1,
          "attributes": {
            "arn": "arn:aws:ec2:us-west-1:746731052158:subnet/subnet-0e672fbe043788602",
            "assign_ipv6_address_on_creation": false,
            "availability_zone": "us-west-1a",
            "availability_zone_id": "usw1-az3",
            "cidr_block": "10.120.2.0/23",
            "customer_owned_ipv4_pool": "",
            "enable_dns64": false,
            "enable_resource_name_dns_a_record_on_launch": false,
            "enable_resource_name_dns_aaaa_record_on_launch": false,
            "id": "subnet-0e672fbe043788602",
            "ipv6_cidr_block": "",
            "ipv6_cidr_block_association_id": "",
            "ipv6_native": false,
            "map_customer_owned_ip_on_launch": false,
            "map_public_ip_on_launch": true,
            "outpost_arn": "",
            "owner_id": "746731052158",
            "private_dns_hostname_type_on_launch": "ip-name",
            "tags": {
              "Name": "public_subnet_0_snakecode"
            },
            "tags_all": {
              "Name": "public_subnet_0_snakecode"
            },
            "timeouts": null,
            "vpc_id": "vpc-03552189ecc43536a"
          },
          "sensitive_attributes": [],
          "private": "eyJlMmJmYjczMC1lY2FhLTExZTYtOGY4OC0zNDM2M2JjN2M0YzAiOnsiY3JlYXRlIjo2MDAwMDAwMDAwMDAsImRlbGV0ZSI6MTIwMDAwMDAwMDAwMH0sInNjaGVtYV92ZXJzaW9uIjoiMSJ9",
          "dependencies": [
            "module.networking.aws_vpc.aws_vpc",
            "module.networking.data.aws_availability_zones.az_availables"
          ],
          "create_before_destroy": true
        },
        {
          "index_key": 1,
          "schema_version": 1,
          "attributes": {
            "arn": "arn:aws:ec2:us-west-1:746731052158:subnet/subnet-0d53d5d2b5c4778b1",
            "assign_ipv6_address_on_creation": false,
            "availability_zone": "us-west-1b",
            "availability_zone_id": "usw1-az1",
            "cidr_block": "10.120.4.0/23",
            "customer_owned_ipv4_pool": "",
            "enable_dns64": false,
            "enable_resource_name_dns_a_record_on_launch": false,
            "enable_resource_name_dns_aaaa_record_on_launch": false,
            "id": "subnet-0d53d5d2b5c4778b1",
            "ipv6_cidr_block": "",
            "ipv6_cidr_block_association_id": "",
            "ipv6_native": false,
            "map_customer_owned_ip_on_launch": false,
            "map_public_ip_on_launch": true,
            "outpost_arn": "",
            "owner_id": "746731052158",
            "private_dns_hostname_type_on_launch": "ip-name",
            "tags": {
              "Name": "public_subnet_1_snakecode"
            },
            "tags_all": {
              "Name": "public_subnet_1_snakecode"
            },
            "timeouts": null,
            "vpc_id": "vpc-03552189ecc43536a"
          },
          "sensitive_attributes": [],
          "private": "eyJlMmJmYjczMC1lY2FhLTExZTYtOGY4OC0zNDM2M2JjN2M0YzAiOnsiY3JlYXRlIjo2MDAwMDAwMDAwMDAsImRlbGV0ZSI6MTIwMDAwMDAwMDAwMH0sInNjaGVtYV92ZXJzaW9uIjoiMSJ9",
          "dependencies": [
            "module.networking.aws_vpc.aws_vpc",
            "module.networking.data.aws_availability_zones.az_availables"
          ],
          "create_before_destroy": true
        }
      ]
    },
    {
      "module": "module.networking",
      "mode": "managed",
      "type": "aws_vpc",
      "name": "aws_vpc",
      "provider": "provider[\"registry.terraform.io/hashicorp/aws\"]",
      "instances": [
        {
          "schema_version": 1,
          "attributes": {
            "arn": "arn:aws:ec2:us-west-1:746731052158:vpc/vpc-03552189ecc43536a",
            "assign_generated_ipv6_cidr_block": false,
            "cidr_block": "10.120.0.0/16",
            "default_network_acl_id": "acl-0899433dd15cd14d8",
            "default_route_table_id": "rtb-077c047c37ce8ef55",
            "default_security_group_id": "sg-071610ba04be85802",
            "dhcp_options_id": "dopt-7a07d51c",
            "enable_classiclink": false,
            "enable_classiclink_dns_support": false,
            "enable_dns_hostnames": true,
            "enable_dns_support": true,
            "id": "vpc-03552189ecc43536a",
            "instance_tenancy": "default",
            "ipv4_ipam_pool_id": null,
            "ipv4_netmask_length": null,
            "ipv6_association_id": "",
            "ipv6_cidr_block": "",
            "ipv6_cidr_block_network_border_group": "",
            "ipv6_ipam_pool_id": "",
            "ipv6_netmask_length": 0,
            "main_route_table_id": "rtb-077c047c37ce8ef55",
            "owner_id": "746731052158",
            "tags": {
              "Name": "vpc_snakecode"
            },
            "tags_all": {
              "Name": "vpc_snakecode"
            }
          },
          "sensitive_attributes": [],
          "private": "eyJzY2hlbWFfdmVyc2lvbiI6IjEifQ==",
          "create_before_destroy": true
        }
      ]
    },
    {
      "module": "module.policy_devops_role",
      "mode": "data",
      "type": "aws_iam_policy_document",
      "name": "role_policy_devops_role",
      "provider": "provider[\"registry.terraform.io/hashicorp/aws\"]",
      "instances": [
        {
          "schema_version": 0,
          "attributes": {
            "id": "1523364855",
            "json": "{\n  \"Version\": \"2012-10-17\",\n  \"Statement\": [\n    {\n      \"Sid\": \"AllowS3Actions\",\n      \"Effect\": \"Allow\",\n      \"Action\": [\n        \"s3:PutObject\",\n        \"s3:List*\",\n        \"s3:GetObjectVersion\",\n        \"s3:GetObject\",\n        \"s3:GetBucketAcl\"\n      ],\n      \"Resource\": \"*\"\n    },\n    {\n      \"Sid\": \"AllowCodebuildActions\",\n      \"Effect\": \"Allow\",\n      \"Action\": [\n        \"codebuild:StopBuild\",\n        \"codebuild:StartBuildBatch\",\n        \"codebuild:StartBuild\",\n        \"codebuild:BatchGetBuilds\",\n        \"codebuild:BatchGetBuildBatches\"\n      ],\n      \"Resource\": [\n        \"arn:aws:codebuild:us-west-1:746731052158:project/snakecode-codebuild-server\",\n        \"arn:aws:codebuild:us-west-1:746731052158:project/codebuild-snakecode-client\"\n      ]\n    },\n    {\n      \"Sid\": \"AllowCodebuildList\",\n      \"Effect\": \"Allow\",\n      \"Action\": \"codebuild:ListBuilds\",\n      \"Resource\": \"*\"\n    },\n    {\n      \"Sid\": \"AllowCodeDeployActions\",\n      \"Effect\": \"Allow\",\n      \"Action\": [\n        \"codedeploy:RegisterApplicationRevision\",\n        \"codedeploy:GetDeploymentGroup\",\n        \"codedeploy:GetDeployment\",\n        \"codedeploy:GetApplicationRevision\",\n        \"codedeploy:GetApplication\",\n        \"codedeploy:CreateDeployment\"\n      ],\n      \"Resource\": [\n        \"arn:aws:codedeploy:us-west-1:746731052158:deploymentgroup:snakecode-deploy-server/deployment-group-snakecode-deploy-server\",\n        \"arn:aws:codedeploy:us-west-1:746731052158:deploymentgroup:snakecode-deploy-client/deployment-group-snakecode-deploy-client\",\n        \"arn:aws:codedeploy:us-west-1:746731052158:application:snakecode-deploy-server\",\n        \"arn:aws:codedeploy:us-west-1:746731052158:application:snakecode-deploy-client\"\n      ]\n    },\n    {\n      \"Sid\": \"AllowCodeDeployConfigs\",\n      \"Effect\": \"Allow\",\n      \"Action\": [\n        \"codedeploy:StopDeployment\",\n        \"codedeploy:ListDeployments\",\n        \"codedeploy:ListDeploymentGroups\",\n        \"codedeploy:ListDeploymentConfigs\",\n        \"codedeploy:ListApplications\",\n        \"codedeploy:GetDeploymentTarget\",\n        \"codedeploy:GetDeploymentConfig\",\n        \"codedeploy:CreateDeploymentGroup\",\n        \"codedeploy:CreateDeploymentConfig\"\n      ],\n      \"Resource\": \"*\"\n    },\n    {\n      \"Sid\": \"AllowECRActions\",\n      \"Effect\": \"Allow\",\n      \"Action\": [\n        \"ecr:UploadLayerPart\",\n        \"ecr:PutImage\",\n        \"ecr:InitiateLayerUpload\",\n        \"ecr:GetDownloadUrlForLayer\",\n        \"ecr:CompleteLayerUpload\",\n        \"ecr:BatchGetImage\",\n        \"ecr:BatchCheckLayerAvailability\"\n      ],\n      \"Resource\": [\n        \"arn:aws:ecr:us-west-1:746731052158:repository/snakecode-server-repo\",\n        \"arn:aws:ecr:us-west-1:746731052158:repository/snakecode-client-repo\"\n      ]\n    },\n    {\n      \"Sid\": \"AllowECRAuthorization\",\n      \"Effect\": \"Allow\",\n      \"Action\": \"ecr:GetAuthorizationToken\",\n      \"Resource\": \"*\"\n    },\n    {\n      \"Sid\": \"AllowCECSServiceActions\",\n      \"Effect\": \"Allow\",\n      \"Action\": [\n        \"ecs:UpdateTaskSet\",\n        \"ecs:UpdateServicePrimaryTaskSet\",\n        \"ecs:UpdateService\",\n        \"ecs:UpdateCluster\",\n        \"ecs:UpdateCapacityProvider\",\n        \"ecs:StopTask\",\n        \"ecs:StartTask\",\n        \"ecs:RunTask\",\n        \"ecs:RegisterTaskDefinition\",\n        \"ecs:PutClusterCapacityProviders\",\n        \"ecs:ListTasks\",\n        \"ecs:ListServices\",\n        \"ecs:DescribeTasks\",\n        \"ecs:DescribeTaskSets\",\n        \"ecs:DescribeTaskDefinition\",\n        \"ecs:DescribeServices\",\n        \"ecs:DeregisterContainerInstance\",\n        \"ecs:DeleteTaskSet\",\n        \"ecs:CreateTaskSet\"\n      ],\n      \"Resource\": \"*\"\n    },\n    {\n      \"Sid\": \"AllowIAMPassRole\",\n      \"Effect\": \"Allow\",\n      \"Action\": \"iam:PassRole\",\n      \"Resource\": \"*\"\n    },\n    {\n      \"Sid\": \"AllowCloudWatchActions\",\n      \"Effect\": \"Allow\",\n      \"Action\": [\n        \"logs:PutLogEvents\",\n        \"logs:CreateLogStream\",\n        \"logs:CreateLogGroup\"\n      ],\n      \"Resource\": \"*\"\n    }\n  ]\n}",
            "override_json": null,
            "override_policy_documents": null,
            "policy_id": null,
            "source_json": null,
            "source_policy_documents": null,
            "statement": [
              {
                "actions": [
                  "s3:GetBucketAcl",
                  "s3:GetObject",
                  "s3:GetObjectVersion",
                  "s3:List*",
                  "s3:PutObject"
                ],
                "condition": [],
                "effect": "Allow",
                "not_actions": [],
                "not_principals": [],
                "not_resources": [],
                "principals": [],
                "resources": [
                  "*"
                ],
                "sid": "AllowS3Actions"
              },
              {
                "actions": [
                  "codebuild:BatchGetBuildBatches",
                  "codebuild:BatchGetBuilds",
                  "codebuild:StartBuild",
                  "codebuild:StartBuildBatch",
                  "codebuild:StopBuild"
                ],
                "condition": [],
                "effect": "Allow",
                "not_actions": [],
                "not_principals": [],
                "not_resources": [],
                "principals": [],
                "resources": [
                  "arn:aws:codebuild:us-west-1:746731052158:project/codebuild-snakecode-client",
                  "arn:aws:codebuild:us-west-1:746731052158:project/snakecode-codebuild-server"
                ],
                "sid": "AllowCodebuildActions"
              },
              {
                "actions": [
                  "codebuild:ListBuilds"
                ],
                "condition": [],
                "effect": "Allow",
                "not_actions": [],
                "not_principals": [],
                "not_resources": [],
                "principals": [],
                "resources": [
                  "*"
                ],
                "sid": "AllowCodebuildList"
              },
              {
                "actions": [
                  "codedeploy:CreateDeployment",
                  "codedeploy:GetApplication",
                  "codedeploy:GetApplicationRevision",
                  "codedeploy:GetDeployment",
                  "codedeploy:GetDeploymentGroup",
                  "codedeploy:RegisterApplicationRevision"
                ],
                "condition": [],
                "effect": "Allow",
                "not_actions": [],
                "not_principals": [],
                "not_resources": [],
                "principals": [],
                "resources": [
                  "arn:aws:codedeploy:us-west-1:746731052158:application:snakecode-deploy-client",
                  "arn:aws:codedeploy:us-west-1:746731052158:application:snakecode-deploy-server",
                  "arn:aws:codedeploy:us-west-1:746731052158:deploymentgroup:snakecode-deploy-client/deployment-group-snakecode-deploy-client",
                  "arn:aws:codedeploy:us-west-1:746731052158:deploymentgroup:snakecode-deploy-server/deployment-group-snakecode-deploy-server"
                ],
                "sid": "AllowCodeDeployActions"
              },
              {
                "actions": [
                  "codedeploy:CreateDeploymentConfig",
                  "codedeploy:CreateDeploymentGroup",
                  "codedeploy:GetDeploymentConfig",
                  "codedeploy:GetDeploymentTarget",
                  "codedeploy:ListApplications",
                  "codedeploy:ListDeploymentConfigs",
                  "codedeploy:ListDeploymentGroups",
                  "codedeploy:ListDeployments",
                  "codedeploy:StopDeployment"
                ],
                "condition": [],
                "effect": "Allow",
                "not_actions": [],
                "not_principals": [],
                "not_resources": [],
                "principals": [],
                "resources": [
                  "*"
                ],
                "sid": "AllowCodeDeployConfigs"
              },
              {
                "actions": [
                  "ecr:BatchCheckLayerAvailability",
                  "ecr:BatchGetImage",
                  "ecr:CompleteLayerUpload",
                  "ecr:GetDownloadUrlForLayer",
                  "ecr:InitiateLayerUpload",
                  "ecr:PutImage",
                  "ecr:UploadLayerPart"
                ],
                "condition": [],
                "effect": "Allow",
                "not_actions": [],
                "not_principals": [],
                "not_resources": [],
                "principals": [],
                "resources": [
                  "arn:aws:ecr:us-west-1:746731052158:repository/snakecode-client-repo",
                  "arn:aws:ecr:us-west-1:746731052158:repository/snakecode-server-repo"
                ],
                "sid": "AllowECRActions"
              },
              {
                "actions": [
                  "ecr:GetAuthorizationToken"
                ],
                "condition": [],
                "effect": "Allow",
                "not_actions": [],
                "not_principals": [],
                "not_resources": [],
                "principals": [],
                "resources": [
                  "*"
                ],
                "sid": "AllowECRAuthorization"
              },
              {
                "actions": [
                  "ecs:CreateTaskSet",
                  "ecs:DeleteTaskSet",
                  "ecs:DeregisterContainerInstance",
                  "ecs:DescribeServices",
                  "ecs:DescribeTaskDefinition",
                  "ecs:DescribeTaskSets",
                  "ecs:DescribeTasks",
                  "ecs:ListServices",
                  "ecs:ListTasks",
                  "ecs:PutClusterCapacityProviders",
                  "ecs:RegisterTaskDefinition",
                  "ecs:RunTask",
                  "ecs:StartTask",
                  "ecs:StopTask",
                  "ecs:UpdateCapacityProvider",
                  "ecs:UpdateCluster",
                  "ecs:UpdateService",
                  "ecs:UpdateServicePrimaryTaskSet",
                  "ecs:UpdateTaskSet"
                ],
                "condition": [],
                "effect": "Allow",
                "not_actions": [],
                "not_principals": [],
                "not_resources": [],
                "principals": [],
                "resources": [
                  "*"
                ],
                "sid": "AllowCECSServiceActions"
              },
              {
                "actions": [
                  "iam:PassRole"
                ],
                "condition": [],
                "effect": "Allow",
                "not_actions": [],
                "not_principals": [],
                "not_resources": [],
                "principals": [],
                "resources": [
                  "*"
                ],
                "sid": "AllowIAMPassRole"
              },
              {
                "actions": [
                  "logs:CreateLogGroup",
                  "logs:CreateLogStream",
                  "logs:PutLogEvents"
                ],
                "condition": [],
                "effect": "Allow",
                "not_actions": [],
                "not_principals": [],
                "not_resources": [],
                "principals": [],
                "resources": [
                  "*"
                ],
                "sid": "AllowCloudWatchActions"
              }
            ],
            "version": "2012-10-17"
          },
          "sensitive_attributes": []
        }
      ]
    },
    {
      "module": "module.policy_devops_role",
      "mode": "data",
      "type": "aws_iam_policy_document",
      "name": "role_policy_ecs_task_role",
      "provider": "provider[\"registry.terraform.io/hashicorp/aws\"]",
      "instances": [
        {
          "schema_version": 0,
          "attributes": {
            "id": "752101109",
            "json": "{\n  \"Version\": \"2012-10-17\",\n  \"Statement\": [\n    {\n      \"Sid\": \"AllowS3Actions\",\n      \"Effect\": \"Allow\",\n      \"Action\": [\n        \"s3:ListBucket\",\n        \"s3:GetObject\"\n      ],\n      \"Resource\": \"*\"\n    },\n    {\n      \"Sid\": \"AllowIAMPassRole\",\n      \"Effect\": \"Allow\",\n      \"Action\": \"iam:PassRole\",\n      \"Resource\": \"*\"\n    },\n    {\n      \"Sid\": \"AllowDynamodbActions\",\n      \"Effect\": \"Allow\",\n      \"Action\": [\n        \"dynamodb:Scan\",\n        \"dynamodb:Query\",\n        \"dynamodb:List*\",\n        \"dynamodb:GetItem\",\n        \"dynamodb:Describe*\",\n        \"dynamodb:BatchGetItem\"\n      ],\n      \"Resource\": \"*\"\n    }\n  ]\n}",
            "override_json": null,
            "override_policy_documents": null,
            "policy_id": null,
            "source_json": null,
            "source_policy_documents": null,
            "statement": [
              {
                "actions": [
                  "s3:GetObject",
                  "s3:ListBucket"
                ],
                "condition": [],
                "effect": "Allow",
                "not_actions": [],
                "not_principals": [],
                "not_resources": [],
                "principals": [],
                "resources": [
                  "*"
                ],
                "sid": "AllowS3Actions"
              },
              {
                "actions": [
                  "iam:PassRole"
                ],
                "condition": [],
                "effect": "Allow",
                "not_actions": [],
                "not_principals": [],
                "not_resources": [],
                "principals": [],
                "resources": [
                  "*"
                ],
                "sid": "AllowIAMPassRole"
              },
              {
                "actions": [
                  "dynamodb:BatchGetItem",
                  "dynamodb:Describe*",
                  "dynamodb:GetItem",
                  "dynamodb:List*",
                  "dynamodb:Query",
                  "dynamodb:Scan"
                ],
                "condition": [],
                "effect": "Allow",
                "not_actions": [],
                "not_principals": [],
                "not_resources": [],
                "principals": [],
                "resources": [
                  "*"
                ],
                "sid": "AllowDynamodbActions"
              }
            ],
            "version": "2012-10-17"
          },
          "sensitive_attributes": []
        }
      ]
    },
    {
      "module": "module.policy_devops_role",
      "mode": "managed",
      "type": "aws_iam_policy",
      "name": "policy_for_role",
      "provider": "provider[\"registry.terraform.io/hashicorp/aws\"]",
      "instances": [
        {
          "index_key": 0,
          "schema_version": 0,
          "attributes": {
            "arn": "arn:aws:iam::746731052158:policy/Policy-snakecode-devops-role",
            "description": "IAM Policy for Role snakecode-devops-role",
            "id": "arn:aws:iam::746731052158:policy/Policy-snakecode-devops-role",
            "name": "Policy-snakecode-devops-role",
            "name_prefix": null,
            "path": "/",
            "policy": "{\"Statement\":[{\"Action\":[\"s3:PutObject\",\"s3:List*\",\"s3:GetObjectVersion\",\"s3:GetObject\",\"s3:GetBucketAcl\"],\"Effect\":\"Allow\",\"Resource\":\"*\",\"Sid\":\"AllowS3Actions\"},{\"Action\":[\"codebuild:StopBuild\",\"codebuild:StartBuildBatch\",\"codebuild:StartBuild\",\"codebuild:BatchGetBuilds\",\"codebuild:BatchGetBuildBatches\"],\"Effect\":\"Allow\",\"Resource\":[\"arn:aws:codebuild:us-west-1:746731052158:project/snakecode-codebuild-server\",\"arn:aws:codebuild:us-west-1:746731052158:project/codebuild-snakecode-client\"],\"Sid\":\"AllowCodebuildActions\"},{\"Action\":\"codebuild:ListBuilds\",\"Effect\":\"Allow\",\"Resource\":\"*\",\"Sid\":\"AllowCodebuildList\"},{\"Action\":[\"codedeploy:RegisterApplicationRevision\",\"codedeploy:GetDeploymentGroup\",\"codedeploy:GetDeployment\",\"codedeploy:GetApplicationRevision\",\"codedeploy:GetApplication\",\"codedeploy:CreateDeployment\"],\"Effect\":\"Allow\",\"Resource\":[\"arn:aws:codedeploy:us-west-1:746731052158:deploymentgroup:snakecode-deploy-server/deployment-group-snakecode-deploy-server\",\"arn:aws:codedeploy:us-west-1:746731052158:deploymentgroup:snakecode-deploy-client/deployment-group-snakecode-deploy-client\",\"arn:aws:codedeploy:us-west-1:746731052158:application:snakecode-deploy-server\",\"arn:aws:codedeploy:us-west-1:746731052158:application:snakecode-deploy-client\"],\"Sid\":\"AllowCodeDeployActions\"},{\"Action\":[\"codedeploy:StopDeployment\",\"codedeploy:ListDeployments\",\"codedeploy:ListDeploymentGroups\",\"codedeploy:ListDeploymentConfigs\",\"codedeploy:ListApplications\",\"codedeploy:GetDeploymentTarget\",\"codedeploy:GetDeploymentConfig\",\"codedeploy:CreateDeploymentGroup\",\"codedeploy:CreateDeploymentConfig\"],\"Effect\":\"Allow\",\"Resource\":\"*\",\"Sid\":\"AllowCodeDeployConfigs\"},{\"Action\":[\"ecr:UploadLayerPart\",\"ecr:PutImage\",\"ecr:InitiateLayerUpload\",\"ecr:GetDownloadUrlForLayer\",\"ecr:CompleteLayerUpload\",\"ecr:BatchGetImage\",\"ecr:BatchCheckLayerAvailability\"],\"Effect\":\"Allow\",\"Resource\":[\"arn:aws:ecr:us-west-1:746731052158:repository/snakecode-server-repo\",\"arn:aws:ecr:us-west-1:746731052158:repository/snakecode-client-repo\"],\"Sid\":\"AllowECRActions\"},{\"Action\":\"ecr:GetAuthorizationToken\",\"Effect\":\"Allow\",\"Resource\":\"*\",\"Sid\":\"AllowECRAuthorization\"},{\"Action\":[\"ecs:UpdateTaskSet\",\"ecs:UpdateServicePrimaryTaskSet\",\"ecs:UpdateService\",\"ecs:UpdateCluster\",\"ecs:UpdateCapacityProvider\",\"ecs:StopTask\",\"ecs:StartTask\",\"ecs:RunTask\",\"ecs:RegisterTaskDefinition\",\"ecs:PutClusterCapacityProviders\",\"ecs:ListTasks\",\"ecs:ListServices\",\"ecs:DescribeTasks\",\"ecs:DescribeTaskSets\",\"ecs:DescribeTaskDefinition\",\"ecs:DescribeServices\",\"ecs:DeregisterContainerInstance\",\"ecs:DeleteTaskSet\",\"ecs:CreateTaskSet\"],\"Effect\":\"Allow\",\"Resource\":\"*\",\"Sid\":\"AllowCECSServiceActions\"},{\"Action\":\"iam:PassRole\",\"Effect\":\"Allow\",\"Resource\":\"*\",\"Sid\":\"AllowIAMPassRole\"},{\"Action\":[\"logs:PutLogEvents\",\"logs:CreateLogStream\",\"logs:CreateLogGroup\"],\"Effect\":\"Allow\",\"Resource\":\"*\",\"Sid\":\"AllowCloudWatchActions\"}],\"Version\":\"2012-10-17\"}",
            "policy_id": "ANPA23XFDTR7EKMMR4USK",
            "tags": {},
            "tags_all": {}
          },
          "sensitive_attributes": [],
          "private": "bnVsbA==",
          "dependencies": [
            "data.aws_caller_identity.id_current_account",
            "module.alb_client.aws_alb.alb",
            "module.alb_client.aws_alb_listener.http_listener",
            "module.alb_client.aws_alb_listener.https_listener",
            "module.alb_client.aws_alb_target_group.target_group",
            "module.alb_server.aws_alb.alb",
            "module.alb_server.aws_alb_listener.http_listener",
            "module.alb_server.aws_alb_listener.https_listener",
            "module.alb_server.aws_alb_target_group.target_group",
            "module.codebuild_client.aws_codebuild_project.aws_codebuild",
            "module.codebuild_server.aws_codebuild_project.aws_codebuild",
            "module.codedeploy_client.aws_codedeploy_app.main",
            "module.codedeploy_client.aws_codedeploy_deployment_group.main",
            "module.codedeploy_role.aws_iam_role.codedeploy_role",
            "module.codedeploy_server.aws_codedeploy_app.main",
            "module.codedeploy_server.aws_codedeploy_deployment_group.main",
            "module.devops_role.aws_iam_role.devops_role",
            "module.devops_role.aws_iam_role.ecs_task_excecution_role",
            "module.dynamodb_table.aws_dynamodb_table.dynamodb_table",
            "module.ecr_client.aws_ecr_repository.ecr_repository",
            "module.ecr_server.aws_ecr_repository.ecr_repository",
            "module.ecs_cluster.aws_ecs_cluster.ecs_cluster",
            "module.ecs_role.aws_iam_role.devops_role",
            "module.ecs_role.aws_iam_role.ecs_task_excecution_role",
            "module.ecs_role.aws_iam_role.ecs_task_role",
            "module.ecs_service_client.aws_ecs_service.ecs_service",
            "module.ecs_service_server.aws_ecs_service.ecs_service",
            "module.ecs_taks_definition_client.aws_ecs_task_definition.ecs_task_definition",
            "module.ecs_taks_definition_server.aws_ecs_task_definition.ecs_task_definition",
            "module.networking.aws_subnet.private_subnets_client",
            "module.networking.aws_subnet.private_subnets_server",
            "module.networking.aws_subnet.public_subnets",
            "module.networking.aws_vpc.aws_vpc",
            "module.networking.data.aws_availability_zones.az_availables",
            "module.policy_devops_role.data.aws_iam_policy_document.role_policy_devops_role",
            "module.security_group_alb_client.aws_security_group.sg",
            "module.security_group_alb_server.aws_security_group.sg",
            "module.security_group_ecs_task_client.aws_security_group.sg",
            "module.security_group_ecs_task_server.aws_security_group.sg",
            "module.sns.aws_sns_topic.sns_notifications",
            "module.target_group_client_blue.aws_alb_target_group.target_group",
            "module.target_group_client_green.aws_alb_target_group.target_group",
            "module.target_group_server_blue.aws_alb_target_group.target_group",
            "module.target_group_server_green.aws_alb_target_group.target_group"
          ],
          "create_before_destroy": true
        }
      ]
    },
    {
      "module": "module.policy_devops_role",
      "mode": "managed",
      "type": "aws_iam_role_policy_attachment",
      "name": "attachment2",
      "provider": "provider[\"registry.terraform.io/hashicorp/aws\"]",
      "instances": [
        {
          "index_key": 0,
          "schema_version": 0,
          "attributes": {
            "id": "snakecode-devops-role-20230507102748447600000006",
            "policy_arn": "arn:aws:iam::746731052158:policy/Policy-snakecode-devops-role",
            "role": "snakecode-devops-role"
          },
          "sensitive_attributes": [],
          "private": "bnVsbA==",
          "dependencies": [
            "data.aws_caller_identity.id_current_account",
            "module.alb_client.aws_alb.alb",
            "module.alb_client.aws_alb_listener.http_listener",
            "module.alb_client.aws_alb_listener.https_listener",
            "module.alb_client.aws_alb_target_group.target_group",
            "module.alb_server.aws_alb.alb",
            "module.alb_server.aws_alb_listener.http_listener",
            "module.alb_server.aws_alb_listener.https_listener",
            "module.alb_server.aws_alb_target_group.target_group",
            "module.codebuild_client.aws_codebuild_project.aws_codebuild",
            "module.codebuild_server.aws_codebuild_project.aws_codebuild",
            "module.codedeploy_client.aws_codedeploy_app.main",
            "module.codedeploy_client.aws_codedeploy_deployment_group.main",
            "module.codedeploy_role.aws_iam_role.codedeploy_role",
            "module.codedeploy_server.aws_codedeploy_app.main",
            "module.codedeploy_server.aws_codedeploy_deployment_group.main",
            "module.devops_role.aws_iam_role.devops_role",
            "module.devops_role.aws_iam_role.ecs_task_excecution_role",
            "module.dynamodb_table.aws_dynamodb_table.dynamodb_table",
            "module.ecr_client.aws_ecr_repository.ecr_repository",
            "module.ecr_server.aws_ecr_repository.ecr_repository",
            "module.ecs_cluster.aws_ecs_cluster.ecs_cluster",
            "module.ecs_role.aws_iam_role.devops_role",
            "module.ecs_role.aws_iam_role.ecs_task_excecution_role",
            "module.ecs_role.aws_iam_role.ecs_task_role",
            "module.ecs_service_client.aws_ecs_service.ecs_service",
            "module.ecs_service_server.aws_ecs_service.ecs_service",
            "module.ecs_taks_definition_client.aws_ecs_task_definition.ecs_task_definition",
            "module.ecs_taks_definition_server.aws_ecs_task_definition.ecs_task_definition",
            "module.networking.aws_subnet.private_subnets_client",
            "module.networking.aws_subnet.private_subnets_server",
            "module.networking.aws_subnet.public_subnets",
            "module.networking.aws_vpc.aws_vpc",
            "module.networking.data.aws_availability_zones.az_availables",
            "module.policy_devops_role.aws_iam_policy.policy_for_role",
            "module.policy_devops_role.data.aws_iam_policy_document.role_policy_devops_role",
            "module.security_group_alb_client.aws_security_group.sg",
            "module.security_group_alb_server.aws_security_group.sg",
            "module.security_group_ecs_task_client.aws_security_group.sg",
            "module.security_group_ecs_task_server.aws_security_group.sg",
            "module.sns.aws_sns_topic.sns_notifications",
            "module.target_group_client_blue.aws_alb_target_group.target_group",
            "module.target_group_client_green.aws_alb_target_group.target_group",
            "module.target_group_server_blue.aws_alb_target_group.target_group",
            "module.target_group_server_green.aws_alb_target_group.target_group"
          ],
          "create_before_destroy": true
        }
      ]
    },
    {
      "module": "module.s3_assets",
      "mode": "managed",
      "type": "aws_s3_bucket",
      "name": "s3_bucket",
      "provider": "provider[\"registry.terraform.io/hashicorp/aws\"]",
      "instances": [
        {
          "schema_version": 0,
          "attributes": {
            "acceleration_status": "",
            "acl": "private",
            "arn": "arn:aws:s3:::assets-us-west-1-b878",
            "bucket": "assets-us-west-1-b878",
            "bucket_domain_name": "assets-us-west-1-b878.s3.amazonaws.com",
            "bucket_prefix": null,
            "bucket_regional_domain_name": "assets-us-west-1-b878.s3.us-west-1.amazonaws.com",
            "cors_rule": [],
            "force_destroy": true,
            "grant": [],
            "hosted_zone_id": "Z2F56UZL2M1ACD",
            "id": "assets-us-west-1-b878",
            "lifecycle_rule": [],
            "logging": [],
            "object_lock_configuration": [],
            "object_lock_enabled": false,
            "policy": null,
            "region": "us-west-1",
            "replication_configuration": [],
            "request_payer": "BucketOwner",
            "server_side_encryption_configuration": [
              {
                "rule": [
                  {
                    "apply_server_side_encryption_by_default": [
                      {
                        "kms_master_key_id": "",
                        "sse_algorithm": "AES256"
                      }
                    ],
                    "bucket_key_enabled": false
                  }
                ]
              }
            ],
            "tags": {
              "Name": "assets-us-west-1-b878"
            },
            "tags_all": {
              "Name": "assets-us-west-1-b878"
            },
            "versioning": [
              {
                "enabled": false,
                "mfa_delete": false
              }
            ],
            "website": [],
            "website_domain": null,
            "website_endpoint": null
          },
          "sensitive_attributes": [],
          "private": "bnVsbA==",
          "dependencies": [
            "random_id.RANDOM_ID"
          ]
        }
      ]
    },
    {
      "module": "module.s3_codepipeline",
      "mode": "managed",
      "type": "aws_s3_bucket",
      "name": "s3_bucket",
      "provider": "provider[\"registry.terraform.io/hashicorp/aws\"]",
      "instances": [
        {
          "schema_version": 0,
          "attributes": {
            "acceleration_status": "",
            "acl": "private",
            "arn": "arn:aws:s3:::codepipeline-us-west-1-b878",
            "bucket": "codepipeline-us-west-1-b878",
            "bucket_domain_name": "codepipeline-us-west-1-b878.s3.amazonaws.com",
            "bucket_prefix": null,
            "bucket_regional_domain_name": "codepipeline-us-west-1-b878.s3.us-west-1.amazonaws.com",
            "cors_rule": [],
            "force_destroy": true,
            "grant": [],
            "hosted_zone_id": "Z2F56UZL2M1ACD",
            "id": "codepipeline-us-west-1-b878",
            "lifecycle_rule": [],
            "logging": [],
            "object_lock_configuration": [],
            "object_lock_enabled": false,
            "policy": null,
            "region": "us-west-1",
            "replication_configuration": [],
            "request_payer": "BucketOwner",
            "server_side_encryption_configuration": [
              {
                "rule": [
                  {
                    "apply_server_side_encryption_by_default": [
                      {
                        "kms_master_key_id": "",
                        "sse_algorithm": "AES256"
                      }
                    ],
                    "bucket_key_enabled": false
                  }
                ]
              }
            ],
            "tags": {
              "Name": "codepipeline-us-west-1-b878"
            },
            "tags_all": {
              "Name": "codepipeline-us-west-1-b878"
            },
            "versioning": [
              {
                "enabled": false,
                "mfa_delete": false
              }
            ],
            "website": [],
            "website_domain": null,
            "website_endpoint": null
          },
          "sensitive_attributes": [],
          "private": "bnVsbA==",
          "dependencies": [
            "random_id.RANDOM_ID"
          ]
        }
      ]
    },
    {
      "module": "module.security_group_alb_client",
      "mode": "managed",
      "type": "aws_security_group",
      "name": "sg",
      "provider": "provider[\"registry.terraform.io/hashicorp/aws\"]",
      "instances": [
        {
          "schema_version": 1,
          "attributes": {
            "arn": "arn:aws:ec2:us-west-1:746731052158:security-group/sg-0e5870affcb70b1b0",
            "description": "Controls access to the client ALB",
            "egress": [
              {
                "cidr_blocks": [
                  "0.0.0.0/0"
                ],
                "description": "",
                "from_port": 0,
                "ipv6_cidr_blocks": [],
                "prefix_list_ids": [],
                "protocol": "-1",
                "security_groups": [],
                "self": false,
                "to_port": 0
              }
            ],
            "id": "sg-0e5870affcb70b1b0",
            "ingress": [
              {
                "cidr_blocks": [
                  "0.0.0.0/0"
                ],
                "description": "",
                "from_port": 80,
                "ipv6_cidr_blocks": [],
                "prefix_list_ids": [],
                "protocol": "tcp",
                "security_groups": [],
                "self": false,
                "to_port": 80
              }
            ],
            "name": "snakecode-client-alb",
            "name_prefix": "",
            "owner_id": "746731052158",
            "revoke_rules_on_delete": false,
            "tags": {
              "Name": "snakecode-client-alb"
            },
            "tags_all": {
              "Name": "snakecode-client-alb"
            },
            "timeouts": null,
            "vpc_id": "vpc-03552189ecc43536a"
          },
          "sensitive_attributes": [],
          "private": "eyJlMmJmYjczMC1lY2FhLTExZTYtOGY4OC0zNDM2M2JjN2M0YzAiOnsiY3JlYXRlIjo2MDAwMDAwMDAwMDAsImRlbGV0ZSI6OTAwMDAwMDAwMDAwfSwic2NoZW1hX3ZlcnNpb24iOiIxIn0=",
          "dependencies": [
            "module.networking.aws_vpc.aws_vpc"
          ],
          "create_before_destroy": true
        }
      ]
    },
    {
      "module": "module.security_group_alb_server",
      "mode": "managed",
      "type": "aws_security_group",
      "name": "sg",
      "provider": "provider[\"registry.terraform.io/hashicorp/aws\"]",
      "instances": [
        {
          "schema_version": 1,
          "attributes": {
            "arn": "arn:aws:ec2:us-west-1:746731052158:security-group/sg-02a8831c8b9eee44d",
            "description": "Controls access to the server ALB",
            "egress": [
              {
                "cidr_blocks": [
                  "0.0.0.0/0"
                ],
                "description": "",
                "from_port": 0,
                "ipv6_cidr_blocks": [],
                "prefix_list_ids": [],
                "protocol": "-1",
                "security_groups": [],
                "self": false,
                "to_port": 0
              }
            ],
            "id": "sg-02a8831c8b9eee44d",
            "ingress": [
              {
                "cidr_blocks": [
                  "0.0.0.0/0"
                ],
                "description": "",
                "from_port": 80,
                "ipv6_cidr_blocks": [],
                "prefix_list_ids": [],
                "protocol": "tcp",
                "security_groups": [],
                "self": false,
                "to_port": 80
              }
            ],
            "name": "snakecode-server-alb",
            "name_prefix": "",
            "owner_id": "746731052158",
            "revoke_rules_on_delete": false,
            "tags": {
              "Name": "snakecode-server-alb"
            },
            "tags_all": {
              "Name": "snakecode-server-alb"
            },
            "timeouts": null,
            "vpc_id": "vpc-03552189ecc43536a"
          },
          "sensitive_attributes": [],
          "private": "eyJlMmJmYjczMC1lY2FhLTExZTYtOGY4OC0zNDM2M2JjN2M0YzAiOnsiY3JlYXRlIjo2MDAwMDAwMDAwMDAsImRlbGV0ZSI6OTAwMDAwMDAwMDAwfSwic2NoZW1hX3ZlcnNpb24iOiIxIn0=",
          "dependencies": [
            "module.networking.aws_vpc.aws_vpc"
          ],
          "create_before_destroy": true
        }
      ]
    },
    {
      "module": "module.security_group_ecs_task_client",
      "mode": "managed",
      "type": "aws_security_group",
      "name": "sg",
      "provider": "provider[\"registry.terraform.io/hashicorp/aws\"]",
      "instances": [
        {
          "schema_version": 1,
          "attributes": {
            "arn": "arn:aws:ec2:us-west-1:746731052158:security-group/sg-038a114f044201dc6",
            "description": "Controls access to the client ECS task",
            "egress": [
              {
                "cidr_blocks": [
                  "0.0.0.0/0"
                ],
                "description": "",
                "from_port": 0,
                "ipv6_cidr_blocks": [],
                "prefix_list_ids": [],
                "protocol": "-1",
                "security_groups": [],
                "self": false,
                "to_port": 0
              }
            ],
            "id": "sg-038a114f044201dc6",
            "ingress": [
              {
                "cidr_blocks": [],
                "description": "",
                "from_port": 80,
                "ipv6_cidr_blocks": [],
                "prefix_list_ids": [],
                "protocol": "tcp",
                "security_groups": [
                  "sg-0e5870affcb70b1b0"
                ],
                "self": false,
                "to_port": 80
              }
            ],
            "name": "snakecode-ecs-task-client",
            "name_prefix": "",
            "owner_id": "746731052158",
            "revoke_rules_on_delete": false,
            "tags": {
              "Name": "snakecode-ecs-task-client"
            },
            "tags_all": {
              "Name": "snakecode-ecs-task-client"
            },
            "timeouts": null,
            "vpc_id": "vpc-03552189ecc43536a"
          },
          "sensitive_attributes": [],
          "private": "eyJlMmJmYjczMC1lY2FhLTExZTYtOGY4OC0zNDM2M2JjN2M0YzAiOnsiY3JlYXRlIjo2MDAwMDAwMDAwMDAsImRlbGV0ZSI6OTAwMDAwMDAwMDAwfSwic2NoZW1hX3ZlcnNpb24iOiIxIn0=",
          "dependencies": [
            "module.networking.aws_vpc.aws_vpc",
            "module.security_group_alb_client.aws_security_group.sg"
          ],
          "create_before_destroy": true
        }
      ]
    },
    {
      "module": "module.security_group_ecs_task_server",
      "mode": "managed",
      "type": "aws_security_group",
      "name": "sg",
      "provider": "provider[\"registry.terraform.io/hashicorp/aws\"]",
      "instances": [
        {
          "schema_version": 1,
          "attributes": {
            "arn": "arn:aws:ec2:us-west-1:746731052158:security-group/sg-00093698379a2ef65",
            "description": "Controls access to the server ECS task",
            "egress": [
              {
                "cidr_blocks": [
                  "0.0.0.0/0"
                ],
                "description": "",
                "from_port": 0,
                "ipv6_cidr_blocks": [],
                "prefix_list_ids": [],
                "protocol": "-1",
                "security_groups": [],
                "self": false,
                "to_port": 0
              }
            ],
            "id": "sg-00093698379a2ef65",
            "ingress": [
              {
                "cidr_blocks": [],
                "description": "",
                "from_port": 3001,
                "ipv6_cidr_blocks": [],
                "prefix_list_ids": [],
                "protocol": "tcp",
                "security_groups": [
                  "sg-02a8831c8b9eee44d"
                ],
                "self": false,
                "to_port": 3001
              }
            ],
            "name": "snakecode-ecs-task-server",
            "name_prefix": "",
            "owner_id": "746731052158",
            "revoke_rules_on_delete": false,
            "tags": {
              "Name": "snakecode-ecs-task-server"
            },
            "tags_all": {
              "Name": "snakecode-ecs-task-server"
            },
            "timeouts": null,
            "vpc_id": "vpc-03552189ecc43536a"
          },
          "sensitive_attributes": [],
          "private": "eyJlMmJmYjczMC1lY2FhLTExZTYtOGY4OC0zNDM2M2JjN2M0YzAiOnsiY3JlYXRlIjo2MDAwMDAwMDAwMDAsImRlbGV0ZSI6OTAwMDAwMDAwMDAwfSwic2NoZW1hX3ZlcnNpb24iOiIxIn0=",
          "dependencies": [
            "module.networking.aws_vpc.aws_vpc",
            "module.security_group_alb_server.aws_security_group.sg"
          ],
          "create_before_destroy": true
        }
      ]
    },
    {
      "module": "module.sns",
      "mode": "managed",
      "type": "aws_sns_topic",
      "name": "sns_notifications",
      "provider": "provider[\"registry.terraform.io/hashicorp/aws\"]",
      "instances": [
        {
          "schema_version": 0,
          "attributes": {
            "application_failure_feedback_role_arn": "",
            "application_success_feedback_role_arn": "",
            "application_success_feedback_sample_rate": 0,
            "arn": "arn:aws:sns:us-west-1:746731052158:sns-snakecode",
            "content_based_deduplication": false,
            "delivery_policy": "",
            "display_name": "",
            "fifo_topic": false,
            "firehose_failure_feedback_role_arn": "",
            "firehose_success_feedback_role_arn": "",
            "firehose_success_feedback_sample_rate": 0,
            "http_failure_feedback_role_arn": "",
            "http_success_feedback_role_arn": "",
            "http_success_feedback_sample_rate": 0,
            "id": "arn:aws:sns:us-west-1:746731052158:sns-snakecode",
            "kms_master_key_id": "",
            "lambda_failure_feedback_role_arn": "",
            "lambda_success_feedback_role_arn": "",
            "lambda_success_feedback_sample_rate": 0,
            "name": "sns-snakecode",
            "name_prefix": "",
            "owner": "746731052158",
            "policy": "{\"Version\":\"2008-10-17\",\"Id\":\"__default_policy_ID\",\"Statement\":[{\"Sid\":\"__default_statement_ID\",\"Effect\":\"Allow\",\"Principal\":{\"AWS\":\"*\"},\"Action\":[\"SNS:GetTopicAttributes\",\"SNS:SetTopicAttributes\",\"SNS:AddPermission\",\"SNS:RemovePermission\",\"SNS:DeleteTopic\",\"SNS:Subscribe\",\"SNS:ListSubscriptionsByTopic\",\"SNS:Publish\"],\"Resource\":\"arn:aws:sns:us-west-1:746731052158:sns-snakecode\",\"Condition\":{\"StringEquals\":{\"AWS:SourceOwner\":\"746731052158\"}}}]}",
            "sqs_failure_feedback_role_arn": "",
            "sqs_success_feedback_role_arn": "",
            "sqs_success_feedback_sample_rate": 0,
            "tags": {},
            "tags_all": {}
          },
          "sensitive_attributes": [],
          "private": "bnVsbA==",
          "create_before_destroy": true
        }
      ]
    },
    {
      "module": "module.target_group_client_blue",
      "mode": "managed",
      "type": "aws_alb_target_group",
      "name": "target_group",
      "provider": "provider[\"registry.terraform.io/hashicorp/aws\"]",
      "instances": [
        {
          "index_key": 0,
          "schema_version": 0,
          "attributes": {
            "arn": "arn:aws:elasticloadbalancing:us-west-1:746731052158:targetgroup/snakecode-tg-b-client/adb05f17f5591895",
            "arn_suffix": "targetgroup/snakecode-tg-b-client/adb05f17f5591895",
            "connection_termination": false,
            "deregistration_delay": "5",
            "health_check": [
              {
                "enabled": true,
                "healthy_threshold": 2,
                "interval": 15,
                "matcher": "200",
                "path": "/",
                "port": "80",
                "protocol": "HTTP",
                "timeout": 10,
                "unhealthy_threshold": 3
              }
            ],
            "id": "arn:aws:elasticloadbalancing:us-west-1:746731052158:targetgroup/snakecode-tg-b-client/adb05f17f5591895",
            "lambda_multi_value_headers_enabled": false,
            "load_balancing_algorithm_type": "round_robin",
            "name": "snakecode-tg-b-client",
            "name_prefix": null,
            "port": 80,
            "preserve_client_ip": null,
            "protocol": "HTTP",
            "protocol_version": "HTTP1",
            "proxy_protocol_v2": false,
            "slow_start": 0,
            "stickiness": [
              {
                "cookie_duration": 86400,
                "cookie_name": "",
                "enabled": false,
                "type": "lb_cookie"
              }
            ],
            "tags": {},
            "tags_all": {},
            "target_type": "ip",
            "vpc_id": "vpc-03552189ecc43536a"
          },
          "sensitive_attributes": [],
          "private": "bnVsbA==",
          "dependencies": [
            "module.networking.aws_vpc.aws_vpc"
          ],
          "create_before_destroy": true
        }
      ]
    },
    {
      "module": "module.target_group_client_green",
      "mode": "managed",
      "type": "aws_alb_target_group",
      "name": "target_group",
      "provider": "provider[\"registry.terraform.io/hashicorp/aws\"]",
      "instances": [
        {
          "index_key": 0,
          "schema_version": 0,
          "attributes": {
            "arn": "arn:aws:elasticloadbalancing:us-west-1:746731052158:targetgroup/snakecode-tg-g-client/7c098b579f2cf2d1",
            "arn_suffix": "targetgroup/snakecode-tg-g-client/7c098b579f2cf2d1",
            "connection_termination": false,
            "deregistration_delay": "5",
            "health_check": [
              {
                "enabled": true,
                "healthy_threshold": 2,
                "interval": 15,
                "matcher": "200",
                "path": "/",
                "port": "80",
                "protocol": "HTTP",
                "timeout": 10,
                "unhealthy_threshold": 3
              }
            ],
            "id": "arn:aws:elasticloadbalancing:us-west-1:746731052158:targetgroup/snakecode-tg-g-client/7c098b579f2cf2d1",
            "lambda_multi_value_headers_enabled": false,
            "load_balancing_algorithm_type": "round_robin",
            "name": "snakecode-tg-g-client",
            "name_prefix": null,
            "port": 80,
            "preserve_client_ip": null,
            "protocol": "HTTP",
            "protocol_version": "HTTP1",
            "proxy_protocol_v2": false,
            "slow_start": 0,
            "stickiness": [
              {
                "cookie_duration": 86400,
                "cookie_name": "",
                "enabled": false,
                "type": "lb_cookie"
              }
            ],
            "tags": {},
            "tags_all": {},
            "target_type": "ip",
            "vpc_id": "vpc-03552189ecc43536a"
          },
          "sensitive_attributes": [],
          "private": "bnVsbA==",
          "dependencies": [
            "module.networking.aws_vpc.aws_vpc"
          ],
          "create_before_destroy": true
        }
      ]
    },
    {
      "module": "module.target_group_server_blue",
      "mode": "managed",
      "type": "aws_alb_target_group",
      "name": "target_group",
      "provider": "provider[\"registry.terraform.io/hashicorp/aws\"]",
      "instances": [
        {
          "index_key": 0,
          "schema_version": 0,
          "attributes": {
            "arn": "arn:aws:elasticloadbalancing:us-west-1:746731052158:targetgroup/snakecode-tg-b-server/52ca4f0cca1aef5f",
            "arn_suffix": "targetgroup/snakecode-tg-b-server/52ca4f0cca1aef5f",
            "connection_termination": false,
            "deregistration_delay": "5",
            "health_check": [
              {
                "enabled": true,
                "healthy_threshold": 2,
                "interval": 15,
                "matcher": "200",
                "path": "/status",
                "port": "3001",
                "protocol": "HTTP",
                "timeout": 10,
                "unhealthy_threshold": 3
              }
            ],
            "id": "arn:aws:elasticloadbalancing:us-west-1:746731052158:targetgroup/snakecode-tg-b-server/52ca4f0cca1aef5f",
            "lambda_multi_value_headers_enabled": false,
            "load_balancing_algorithm_type": "round_robin",
            "name": "snakecode-tg-b-server",
            "name_prefix": null,
            "port": 80,
            "preserve_client_ip": null,
            "protocol": "HTTP",
            "protocol_version": "HTTP1",
            "proxy_protocol_v2": false,
            "slow_start": 0,
            "stickiness": [
              {
                "cookie_duration": 86400,
                "cookie_name": "",
                "enabled": false,
                "type": "lb_cookie"
              }
            ],
            "tags": {},
            "tags_all": {},
            "target_type": "ip",
            "vpc_id": "vpc-03552189ecc43536a"
          },
          "sensitive_attributes": [],
          "private": "bnVsbA==",
          "dependencies": [
            "module.networking.aws_vpc.aws_vpc"
          ],
          "create_before_destroy": true
        }
      ]
    },
    {
      "module": "module.target_group_server_green",
      "mode": "managed",
      "type": "aws_alb_target_group",
      "name": "target_group",
      "provider": "provider[\"registry.terraform.io/hashicorp/aws\"]",
      "instances": [
        {
          "index_key": 0,
          "schema_version": 0,
          "attributes": {
            "arn": "arn:aws:elasticloadbalancing:us-west-1:746731052158:targetgroup/snakecode-tg-g-server/12476fe931726971",
            "arn_suffix": "targetgroup/snakecode-tg-g-server/12476fe931726971",
            "connection_termination": false,
            "deregistration_delay": "5",
            "health_check": [
              {
                "enabled": true,
                "healthy_threshold": 2,
                "interval": 15,
                "matcher": "200",
                "path": "/status",
                "port": "3001",
                "protocol": "HTTP",
                "timeout": 10,
                "unhealthy_threshold": 3
              }
            ],
            "id": "arn:aws:elasticloadbalancing:us-west-1:746731052158:targetgroup/snakecode-tg-g-server/12476fe931726971",
            "lambda_multi_value_headers_enabled": false,
            "load_balancing_algorithm_type": "round_robin",
            "name": "snakecode-tg-g-server",
            "name_prefix": null,
            "port": 80,
            "preserve_client_ip": null,
            "protocol": "HTTP",
            "protocol_version": "HTTP1",
            "proxy_protocol_v2": false,
            "slow_start": 0,
            "stickiness": [
              {
                "cookie_duration": 86400,
                "cookie_name": "",
                "enabled": false,
                "type": "lb_cookie"
              }
            ],
            "tags": {},
            "tags_all": {},
            "target_type": "ip",
            "vpc_id": "vpc-03552189ecc43536a"
          },
          "sensitive_attributes": [],
          "private": "bnVsbA==",
          "dependencies": [
            "module.networking.aws_vpc.aws_vpc"
          ],
          "create_before_destroy": true
        }
      ]
    }
  ],
  "check_results": null
}
